{
  "version": 4,
  "terraform_version": "1.10.5",
  "serial": 94,
  "lineage": "6994aa76-33c0-dece-9442-82134ad78ab3",
  "outputs": {
    "alb_dns_name": {
      "value": "ymontagnier-nextcloud-alb-1921250208.eu-north-1.elb.amazonaws.com",
      "type": "string"
    },
    "ami_id": {
      "value": "ami-0e0cff5e1a001a9a2",
      "type": "string"
    },
    "ami_name": {
      "value": "ymontagnier-ami-nextcloud",
      "type": "string"
    },
    "asg_instances_nextcloud_private_ips": {
      "value": [
        "10.0.6.147"
      ],
      "type": [
        "list",
        "string"
      ]
    },
    "bastion_public_ip": {
      "value": "51.20.89.188",
      "type": "string"
    },
    "efs_dns_name": {
      "value": "fs-0286da6d254ca933b.efs.eu-north-1.amazonaws.com",
      "type": "string"
    },
    "nat_eip": {
      "value": "16.170.10.96",
      "type": "string"
    },
    "nat_eip_id": {
      "value": "eipalloc-0bb78550e57b38a39",
      "type": "string"
    },
    "nextcloud_bucket": {
      "value": "ymontagnier-tp09-ex01-nextcloud-bucket",
      "type": "string"
    },
    "nextcloud_fqdn": {
      "value": "nextcloud-ymontagnier.training.akiros.it",
      "type": "string"
    },
    "random_password": {
      "value": "kHG9szR8fxmSPU3Z",
      "type": "string",
      "sensitive": true
    },
    "rds_address": {
      "value": "ymontagnier-nextcloud-rds-instance.c2oopr9eothp.eu-north-1.rds.amazonaws.com",
      "type": "string"
    },
    "rds_db_name": {
      "value": "nextcloud",
      "type": "string"
    },
    "rds_port": {
      "value": 3306,
      "type": "number"
    }
  },
  "resources": [
    {
      "mode": "data",
      "type": "aws_ami",
      "name": "nextcloud",
      "provider": "provider[\"registry.terraform.io/hashicorp/aws\"]",
      "instances": [
        {
          "schema_version": 0,
          "attributes": {
            "architecture": "x86_64",
            "arn": "arn:aws:ec2:eu-north-1::image/ami-0e0cff5e1a001a9a2",
            "block_device_mappings": [
              {
                "device_name": "/dev/sda1",
                "ebs": {
                  "delete_on_termination": "true",
                  "encrypted": "false",
                  "iops": "3000",
                  "snapshot_id": "snap-09a46b2a490babea3",
                  "throughput": "125",
                  "volume_size": "8",
                  "volume_type": "gp3"
                },
                "no_device": "",
                "virtual_name": ""
              },
              {
                "device_name": "/dev/sdb",
                "ebs": {},
                "no_device": "",
                "virtual_name": "ephemeral0"
              },
              {
                "device_name": "/dev/sdc",
                "ebs": {},
                "no_device": "",
                "virtual_name": "ephemeral1"
              }
            ],
            "boot_mode": "uefi-preferred",
            "creation_date": "2025-03-17T13:22:05.000Z",
            "deprecation_time": "",
            "description": "",
            "ena_support": true,
            "executable_users": null,
            "filter": [
              {
                "name": "name",
                "values": [
                  "ymontagnier-ami-nextcloud*"
                ]
              },
              {
                "name": "state",
                "values": [
                  "available"
                ]
              }
            ],
            "hypervisor": "xen",
            "id": "ami-0e0cff5e1a001a9a2",
            "image_id": "ami-0e0cff5e1a001a9a2",
            "image_location": "134400125759/ymontagnier-ami-nextcloud",
            "image_owner_alias": "",
            "image_type": "machine",
            "imds_support": "v2.0",
            "include_deprecated": false,
            "kernel_id": "",
            "most_recent": true,
            "name": "ymontagnier-ami-nextcloud",
            "name_regex": null,
            "owner_id": "134400125759",
            "owners": [
              "self"
            ],
            "platform": "",
            "platform_details": "Linux/UNIX",
            "product_codes": [],
            "public": false,
            "ramdisk_id": "",
            "root_device_name": "/dev/sda1",
            "root_device_type": "ebs",
            "root_snapshot_id": "snap-09a46b2a490babea3",
            "sriov_net_support": "simple",
            "state": "available",
            "state_reason": {
              "code": "UNSET",
              "message": "UNSET"
            },
            "tags": {
              "Name": "ymontagnier-ami-nextcloud",
              "Owner": "ymontagnier"
            },
            "timeouts": null,
            "tpm_support": "",
            "uefi_data": null,
            "usage_operation": "RunInstances",
            "virtualization_type": "hvm"
          },
          "sensitive_attributes": []
        }
      ]
    },
    {
      "mode": "data",
      "type": "aws_caller_identity",
      "name": "current",
      "provider": "provider[\"registry.terraform.io/hashicorp/aws\"]",
      "instances": [
        {
          "schema_version": 0,
          "attributes": {
            "account_id": "134400125759",
            "arn": "arn:aws:iam::134400125759:user/users/ynov/ymontagnier",
            "id": "134400125759",
            "user_id": "AIDAR6SW7FM7UFZOXU6IM"
          },
          "sensitive_attributes": []
        }
      ]
    },
    {
      "mode": "data",
      "type": "aws_instances",
      "name": "nextcloud_asg",
      "provider": "provider[\"registry.terraform.io/hashicorp/aws\"]",
      "instances": [
        {
          "schema_version": 0,
          "attributes": {
            "filter": [
              {
                "name": "tag:aws:autoscaling:groupName",
                "values": [
                  "ymontagnier-TP09-EX01-nextcloud-asg"
                ]
              }
            ],
            "id": "eu-north-1",
            "ids": [
              "i-0da8c350d6c41b540"
            ],
            "instance_state_names": null,
            "instance_tags": null,
            "ipv6_addresses": [],
            "private_ips": [
              "10.0.6.147"
            ],
            "public_ips": [],
            "timeouts": null
          },
          "sensitive_attributes": []
        }
      ]
    },
    {
      "mode": "data",
      "type": "aws_route53_zone",
      "name": "training",
      "provider": "provider[\"registry.terraform.io/hashicorp/aws\"]",
      "instances": [
        {
          "schema_version": 0,
          "attributes": {
            "arn": "arn:aws:route53:::hostedzone/Z0058052BHHE8HQH0GLZ",
            "caller_reference": "terraform-20200605064501884600000001",
            "comment": "Public Zone for training.akiros.it",
            "id": "Z0058052BHHE8HQH0GLZ",
            "linked_service_description": null,
            "linked_service_principal": null,
            "name": "training.akiros.it",
            "name_servers": [
              "ns-14.awsdns-01.com",
              "ns-2004.awsdns-58.co.uk",
              "ns-1476.awsdns-56.org",
              "ns-559.awsdns-05.net"
            ],
            "primary_name_server": "ns-14.awsdns-01.com",
            "private_zone": false,
            "resource_record_set_count": 10,
            "tags": {
              "Name": "training.akiros.it",
              "Terraform": "aws-akiros-corporate-training/account"
            },
            "vpc_id": null,
            "zone_id": "Z0058052BHHE8HQH0GLZ"
          },
          "sensitive_attributes": []
        }
      ]
    },
    {
      "mode": "managed",
      "type": "aws_autoscaling_group",
      "name": "nextcloud",
      "provider": "provider[\"registry.terraform.io/hashicorp/aws\"]",
      "instances": [
        {
          "schema_version": 1,
          "attributes": {
            "arn": "arn:aws:autoscaling:eu-north-1:134400125759:autoScalingGroup:fd5eafec-2665-476d-9edf-535a1a98b981:autoScalingGroupName/ymontagnier-TP09-EX01-nextcloud-asg",
            "availability_zone_distribution": [
              {
                "capacity_distribution_strategy": "balanced-best-effort"
              }
            ],
            "availability_zones": [
              "eu-north-1a",
              "eu-north-1b",
              "eu-north-1c"
            ],
            "capacity_rebalance": false,
            "context": "",
            "default_cooldown": 300,
            "default_instance_warmup": 0,
            "desired_capacity": 1,
            "desired_capacity_type": "",
            "enabled_metrics": [],
            "force_delete": false,
            "force_delete_warm_pool": false,
            "health_check_grace_period": 300,
            "health_check_type": "ELB",
            "id": "ymontagnier-TP09-EX01-nextcloud-asg",
            "ignore_failed_scaling_activities": false,
            "initial_lifecycle_hook": [],
            "instance_maintenance_policy": [],
            "instance_refresh": [],
            "launch_configuration": "",
            "launch_template": [
              {
                "id": "lt-0f1198bcfb56c9cad",
                "name": "ymontagnier-TP09-EX01-nextcloud-lt20250318132619239800000008",
                "version": "$Latest"
              }
            ],
            "load_balancers": [],
            "max_instance_lifetime": 0,
            "max_size": 2,
            "metrics_granularity": "1Minute",
            "min_elb_capacity": null,
            "min_size": 1,
            "mixed_instances_policy": [],
            "name": "ymontagnier-TP09-EX01-nextcloud-asg",
            "name_prefix": "",
            "placement_group": "",
            "predicted_capacity": 0,
            "protect_from_scale_in": false,
            "service_linked_role_arn": "arn:aws:iam::134400125759:role/aws-service-role/autoscaling.amazonaws.com/AWSServiceRoleForAutoScaling",
            "suspended_processes": [],
            "tag": [
              {
                "key": "Name",
                "propagate_at_launch": false,
                "value": "ymontagnier-TP09-EX01-nextcloud-asg"
              },
              {
                "key": "Owner",
                "propagate_at_launch": false,
                "value": "ymontagnier"
              }
            ],
            "target_group_arns": [
              "arn:aws:elasticloadbalancing:eu-north-1:134400125759:targetgroup/ymontagnier-nextcloud-alb-tg/330a64341497cf11"
            ],
            "termination_policies": [],
            "timeouts": null,
            "traffic_source": [
              {
                "identifier": "arn:aws:elasticloadbalancing:eu-north-1:134400125759:targetgroup/ymontagnier-nextcloud-alb-tg/330a64341497cf11",
                "type": "elbv2"
              }
            ],
            "vpc_zone_identifier": [
              "subnet-0352ffb16e6efa69d",
              "subnet-0355c5279ddd5ae6a",
              "subnet-07c8fe444a8b880ed"
            ],
            "wait_for_capacity_timeout": "10m",
            "wait_for_elb_capacity": null,
            "warm_pool": [],
            "warm_pool_size": 0
          },
          "sensitive_attributes": [],
          "private": "eyJlMmJmYjczMC1lY2FhLTExZTYtOGY4OC0zNDM2M2JjN2M0YzAiOnsiZGVsZXRlIjo2MDAwMDAwMDAwMDAsInVwZGF0ZSI6NjAwMDAwMDAwMDAwfSwic2NoZW1hX3ZlcnNpb24iOiIxIn0=",
          "dependencies": [
            "aws_db_instance.nextcloud_db",
            "aws_db_subnet_group.nextcloud_rds_subnet",
            "aws_efs_file_system.nextcloud_efs",
            "aws_iam_instance_profile.nextcloud_instance_profile",
            "aws_iam_role.nextcloud_role",
            "aws_key_pair.nextcloud",
            "aws_launch_template.nextcloud",
            "aws_lb.nextcloud",
            "aws_lb_target_group.nextcloud",
            "aws_route53_record.nextcloud",
            "aws_security_group.nextcloud-alb-sg",
            "aws_security_group.nextcloud_db_sg",
            "aws_security_group.nextcloud_sg",
            "aws_subnet.private",
            "aws_subnet.public",
            "aws_vpc.main",
            "data.aws_ami.nextcloud",
            "data.aws_route53_zone.training",
            "random_password.rds_nextcloud"
          ]
        }
      ]
    },
    {
      "mode": "managed",
      "type": "aws_autoscaling_policy",
      "name": "scale_in",
      "provider": "provider[\"registry.terraform.io/hashicorp/aws\"]",
      "instances": [
        {
          "schema_version": 0,
          "attributes": {
            "adjustment_type": "ChangeInCapacity",
            "arn": "arn:aws:autoscaling:eu-north-1:134400125759:scalingPolicy:301422e5-9551-4628-a1e3-ab2b91ceb6a8:autoScalingGroupName/ymontagnier-TP09-EX01-nextcloud-asg:policyName/ymontagnier-TP09-EX01-nextcloud-scalein",
            "autoscaling_group_name": "ymontagnier-TP09-EX01-nextcloud-asg",
            "cooldown": 60,
            "enabled": true,
            "estimated_instance_warmup": 0,
            "id": "ymontagnier-TP09-EX01-nextcloud-scalein",
            "metric_aggregation_type": "",
            "min_adjustment_magnitude": 0,
            "name": "ymontagnier-TP09-EX01-nextcloud-scalein",
            "policy_type": "SimpleScaling",
            "predictive_scaling_configuration": [],
            "scaling_adjustment": -1,
            "step_adjustment": [],
            "target_tracking_configuration": []
          },
          "sensitive_attributes": [],
          "private": "bnVsbA==",
          "dependencies": [
            "aws_autoscaling_group.nextcloud",
            "aws_db_instance.nextcloud_db",
            "aws_db_subnet_group.nextcloud_rds_subnet",
            "aws_efs_file_system.nextcloud_efs",
            "aws_iam_instance_profile.nextcloud_instance_profile",
            "aws_iam_role.nextcloud_role",
            "aws_key_pair.nextcloud",
            "aws_launch_template.nextcloud",
            "aws_lb.nextcloud",
            "aws_lb_target_group.nextcloud",
            "aws_route53_record.nextcloud",
            "aws_security_group.nextcloud-alb-sg",
            "aws_security_group.nextcloud_db_sg",
            "aws_security_group.nextcloud_sg",
            "aws_subnet.private",
            "aws_subnet.public",
            "aws_vpc.main",
            "data.aws_ami.nextcloud",
            "data.aws_route53_zone.training",
            "random_password.rds_nextcloud"
          ]
        }
      ]
    },
    {
      "mode": "managed",
      "type": "aws_autoscaling_policy",
      "name": "scale_out",
      "provider": "provider[\"registry.terraform.io/hashicorp/aws\"]",
      "instances": [
        {
          "schema_version": 0,
          "attributes": {
            "adjustment_type": "ChangeInCapacity",
            "arn": "arn:aws:autoscaling:eu-north-1:134400125759:scalingPolicy:612fbe22-eded-4e3e-bfed-946b45a72ee8:autoScalingGroupName/ymontagnier-TP09-EX01-nextcloud-asg:policyName/ymontagnier-TP09-EX01-nextcloud-scaleout",
            "autoscaling_group_name": "ymontagnier-TP09-EX01-nextcloud-asg",
            "cooldown": 60,
            "enabled": true,
            "estimated_instance_warmup": 0,
            "id": "ymontagnier-TP09-EX01-nextcloud-scaleout",
            "metric_aggregation_type": "",
            "min_adjustment_magnitude": 0,
            "name": "ymontagnier-TP09-EX01-nextcloud-scaleout",
            "policy_type": "SimpleScaling",
            "predictive_scaling_configuration": [],
            "scaling_adjustment": 1,
            "step_adjustment": [],
            "target_tracking_configuration": []
          },
          "sensitive_attributes": [],
          "private": "bnVsbA==",
          "dependencies": [
            "aws_autoscaling_group.nextcloud",
            "aws_db_instance.nextcloud_db",
            "aws_db_subnet_group.nextcloud_rds_subnet",
            "aws_efs_file_system.nextcloud_efs",
            "aws_iam_instance_profile.nextcloud_instance_profile",
            "aws_iam_role.nextcloud_role",
            "aws_key_pair.nextcloud",
            "aws_launch_template.nextcloud",
            "aws_lb.nextcloud",
            "aws_lb_target_group.nextcloud",
            "aws_route53_record.nextcloud",
            "aws_security_group.nextcloud-alb-sg",
            "aws_security_group.nextcloud_db_sg",
            "aws_security_group.nextcloud_sg",
            "aws_subnet.private",
            "aws_subnet.public",
            "aws_vpc.main",
            "data.aws_ami.nextcloud",
            "data.aws_route53_zone.training",
            "random_password.rds_nextcloud"
          ]
        }
      ]
    },
    {
      "mode": "managed",
      "type": "aws_cloudwatch_dashboard",
      "name": "nextcloud",
      "provider": "provider[\"registry.terraform.io/hashicorp/aws\"]",
      "instances": [
        {
          "schema_version": 0,
          "attributes": {
            "dashboard_arn": "arn:aws:cloudwatch::134400125759:dashboard/ymontagnier-TP09-EX01-nextcloud-asg-dashboard",
            "dashboard_body": "{\"periodOverride\":\"inherit\",\"start\":\"-PT30M\",\"widgets\":[{\"height\":6,\"properties\":{\"legend\":{\"position\":\"bottom\"},\"liveData\":true,\"metrics\":[[\"AWS/AutoScaling\",\"GroupInServiceInstances\",\"AutoScalingGroupName\",\"ymontagnier-TP09-EX01-nextcloud-asg\",{\"color\":\"#2ca02c\",\"label\":\"InServiceInstances\"}],[\".\",\"GroupTerminatingInstances\",\".\",\".\",{\"color\":\"#d62728\",\"label\":\"TerminatingInstances\"}]],\"period\":60,\"region\":\"eu-north-1\",\"stat\":\"Average\",\"title\":\"ASG - In Service/Terminating Instances\"},\"type\":\"metric\",\"width\":24,\"x\":0,\"y\":0},{\"height\":6,\"properties\":{\"annotations\":{\"horizontal\":[{\"color\":\"#2ca02c\",\"label\":\"Add Instance\",\"value\":1000},{\"color\":\"#d62728\",\"label\":\"Remove Instance\",\"value\":400}]},\"legend\":{\"position\":\"bottom\"},\"metrics\":[[\"AWS/ApplicationELB\",\"RequestCountPerTarget\",\"TargetGroup\",\"targetgroup/ymontagnier-nextcloud-alb-tg/330a64341497cf11\"]],\"period\":60,\"region\":\"eu-north-1\",\"stat\":\"Sum\",\"title\":\"ALB - Request Count Per Target\"},\"type\":\"metric\",\"width\":24,\"x\":0,\"y\":6}]}",
            "dashboard_name": "ymontagnier-TP09-EX01-nextcloud-asg-dashboard",
            "id": "ymontagnier-TP09-EX01-nextcloud-asg-dashboard"
          },
          "sensitive_attributes": [],
          "private": "bnVsbA==",
          "dependencies": [
            "aws_autoscaling_group.nextcloud",
            "aws_db_instance.nextcloud_db",
            "aws_db_subnet_group.nextcloud_rds_subnet",
            "aws_efs_file_system.nextcloud_efs",
            "aws_iam_instance_profile.nextcloud_instance_profile",
            "aws_iam_role.nextcloud_role",
            "aws_key_pair.nextcloud",
            "aws_launch_template.nextcloud",
            "aws_lb.nextcloud",
            "aws_lb_target_group.nextcloud",
            "aws_route53_record.nextcloud",
            "aws_security_group.nextcloud-alb-sg",
            "aws_security_group.nextcloud_db_sg",
            "aws_security_group.nextcloud_sg",
            "aws_subnet.private",
            "aws_subnet.public",
            "aws_vpc.main",
            "data.aws_ami.nextcloud",
            "data.aws_route53_zone.training",
            "random_password.rds_nextcloud"
          ]
        }
      ]
    },
    {
      "mode": "managed",
      "type": "aws_cloudwatch_metric_alarm",
      "name": "scale_in",
      "provider": "provider[\"registry.terraform.io/hashicorp/aws\"]",
      "instances": [
        {
          "schema_version": 1,
          "attributes": {
            "actions_enabled": true,
            "alarm_actions": [
              "arn:aws:autoscaling:eu-north-1:134400125759:scalingPolicy:301422e5-9551-4628-a1e3-ab2b91ceb6a8:autoScalingGroupName/ymontagnier-TP09-EX01-nextcloud-asg:policyName/ymontagnier-TP09-EX01-nextcloud-scalein"
            ],
            "alarm_description": "",
            "alarm_name": "ymontagnier-TP09-EX01-nextcloud-asg-scalein",
            "arn": "arn:aws:cloudwatch:eu-north-1:134400125759:alarm:ymontagnier-TP09-EX01-nextcloud-asg-scalein",
            "comparison_operator": "LessThanOrEqualToThreshold",
            "datapoints_to_alarm": 0,
            "dimensions": {
              "TargetGroup": "targetgroup/ymontagnier-nextcloud-alb-tg/330a64341497cf11"
            },
            "evaluate_low_sample_count_percentiles": "",
            "evaluation_periods": 1,
            "extended_statistic": "",
            "id": "ymontagnier-TP09-EX01-nextcloud-asg-scalein",
            "insufficient_data_actions": [],
            "metric_name": "RequestCountPerTarget",
            "metric_query": [],
            "namespace": "AWS/ApplicationELB",
            "ok_actions": [],
            "period": 60,
            "statistic": "Sum",
            "tags": {},
            "tags_all": {
              "Name": "ymontagnier-TP09-EX01",
              "Owner": "ymontagnier"
            },
            "threshold": 400,
            "threshold_metric_id": "",
            "treat_missing_data": "missing",
            "unit": ""
          },
          "sensitive_attributes": [],
          "private": "eyJzY2hlbWFfdmVyc2lvbiI6IjEifQ==",
          "dependencies": [
            "aws_autoscaling_group.nextcloud",
            "aws_autoscaling_policy.scale_in",
            "aws_db_instance.nextcloud_db",
            "aws_db_subnet_group.nextcloud_rds_subnet",
            "aws_efs_file_system.nextcloud_efs",
            "aws_iam_instance_profile.nextcloud_instance_profile",
            "aws_iam_role.nextcloud_role",
            "aws_key_pair.nextcloud",
            "aws_launch_template.nextcloud",
            "aws_lb.nextcloud",
            "aws_lb_target_group.nextcloud",
            "aws_route53_record.nextcloud",
            "aws_security_group.nextcloud-alb-sg",
            "aws_security_group.nextcloud_db_sg",
            "aws_security_group.nextcloud_sg",
            "aws_subnet.private",
            "aws_subnet.public",
            "aws_vpc.main",
            "data.aws_ami.nextcloud",
            "data.aws_route53_zone.training",
            "random_password.rds_nextcloud"
          ]
        }
      ]
    },
    {
      "mode": "managed",
      "type": "aws_cloudwatch_metric_alarm",
      "name": "scale_out",
      "provider": "provider[\"registry.terraform.io/hashicorp/aws\"]",
      "instances": [
        {
          "schema_version": 1,
          "attributes": {
            "actions_enabled": true,
            "alarm_actions": [
              "arn:aws:autoscaling:eu-north-1:134400125759:scalingPolicy:612fbe22-eded-4e3e-bfed-946b45a72ee8:autoScalingGroupName/ymontagnier-TP09-EX01-nextcloud-asg:policyName/ymontagnier-TP09-EX01-nextcloud-scaleout"
            ],
            "alarm_description": "",
            "alarm_name": "ymontagnier-TP09-EX01-nextcloud-asg-scaleout",
            "arn": "arn:aws:cloudwatch:eu-north-1:134400125759:alarm:ymontagnier-TP09-EX01-nextcloud-asg-scaleout",
            "comparison_operator": "GreaterThanOrEqualToThreshold",
            "datapoints_to_alarm": 0,
            "dimensions": {
              "TargetGroup": "targetgroup/ymontagnier-nextcloud-alb-tg/330a64341497cf11"
            },
            "evaluate_low_sample_count_percentiles": "",
            "evaluation_periods": 1,
            "extended_statistic": "",
            "id": "ymontagnier-TP09-EX01-nextcloud-asg-scaleout",
            "insufficient_data_actions": [],
            "metric_name": "RequestCountPerTarget",
            "metric_query": [],
            "namespace": "AWS/ApplicationELB",
            "ok_actions": [],
            "period": 60,
            "statistic": "Sum",
            "tags": {},
            "tags_all": {
              "Name": "ymontagnier-TP09-EX01",
              "Owner": "ymontagnier"
            },
            "threshold": 1000,
            "threshold_metric_id": "",
            "treat_missing_data": "missing",
            "unit": ""
          },
          "sensitive_attributes": [],
          "private": "eyJzY2hlbWFfdmVyc2lvbiI6IjEifQ==",
          "dependencies": [
            "aws_autoscaling_group.nextcloud",
            "aws_autoscaling_policy.scale_out",
            "aws_db_instance.nextcloud_db",
            "aws_db_subnet_group.nextcloud_rds_subnet",
            "aws_efs_file_system.nextcloud_efs",
            "aws_iam_instance_profile.nextcloud_instance_profile",
            "aws_iam_role.nextcloud_role",
            "aws_key_pair.nextcloud",
            "aws_launch_template.nextcloud",
            "aws_lb.nextcloud",
            "aws_lb_target_group.nextcloud",
            "aws_route53_record.nextcloud",
            "aws_security_group.nextcloud-alb-sg",
            "aws_security_group.nextcloud_db_sg",
            "aws_security_group.nextcloud_sg",
            "aws_subnet.private",
            "aws_subnet.public",
            "aws_vpc.main",
            "data.aws_ami.nextcloud",
            "data.aws_route53_zone.training",
            "random_password.rds_nextcloud"
          ]
        }
      ]
    },
    {
      "mode": "managed",
      "type": "aws_db_instance",
      "name": "nextcloud_db",
      "provider": "provider[\"registry.terraform.io/hashicorp/aws\"]",
      "instances": [
        {
          "schema_version": 2,
          "attributes": {
            "address": "ymontagnier-nextcloud-rds-instance.c2oopr9eothp.eu-north-1.rds.amazonaws.com",
            "allocated_storage": 10,
            "allow_major_version_upgrade": null,
            "apply_immediately": false,
            "arn": "arn:aws:rds:eu-north-1:134400125759:db:ymontagnier-nextcloud-rds-instance",
            "auto_minor_version_upgrade": true,
            "availability_zone": "eu-north-1b",
            "backup_retention_period": 0,
            "backup_target": "region",
            "backup_window": "06:13-06:43",
            "blue_green_update": [],
            "ca_cert_identifier": "rds-ca-rsa2048-g1",
            "character_set_name": "",
            "copy_tags_to_snapshot": false,
            "custom_iam_instance_profile": "",
            "customer_owned_ip_enabled": false,
            "db_name": "nextcloud",
            "db_subnet_group_name": "ymontagnier-nextcloud-rds-subnet",
            "dedicated_log_volume": false,
            "delete_automated_backups": true,
            "deletion_protection": false,
            "domain": "",
            "domain_auth_secret_arn": "",
            "domain_dns_ips": [],
            "domain_fqdn": "",
            "domain_iam_role_name": "",
            "domain_ou": "",
            "enabled_cloudwatch_logs_exports": [],
            "endpoint": "ymontagnier-nextcloud-rds-instance.c2oopr9eothp.eu-north-1.rds.amazonaws.com:3306",
            "engine": "mysql",
            "engine_lifecycle_support": "open-source-rds-extended-support",
            "engine_version": "8.0",
            "engine_version_actual": "8.0.40",
            "final_snapshot_identifier": null,
            "hosted_zone_id": "Z3MPDEQW7KHUGY",
            "iam_database_authentication_enabled": false,
            "id": "db-V4HLMEMZ4SXCYYX7HNYVV65BCM",
            "identifier": "ymontagnier-nextcloud-rds-instance",
            "identifier_prefix": "",
            "instance_class": "db.t4g.micro",
            "iops": 0,
            "kms_key_id": "",
            "latest_restorable_time": "",
            "license_model": "general-public-license",
            "listener_endpoint": [],
            "maintenance_window": "tue:04:23-tue:04:53",
            "manage_master_user_password": null,
            "master_user_secret": [],
            "master_user_secret_kms_key_id": null,
            "max_allocated_storage": 0,
            "monitoring_interval": 0,
            "monitoring_role_arn": "",
            "multi_az": false,
            "nchar_character_set_name": "",
            "network_type": "IPV4",
            "option_group_name": "default:mysql-8-0",
            "parameter_group_name": "default.mysql8.0",
            "password": "kHG9szR8fxmSPU3Z",
            "password_wo": null,
            "password_wo_version": null,
            "performance_insights_enabled": false,
            "performance_insights_kms_key_id": "",
            "performance_insights_retention_period": 0,
            "port": 3306,
            "publicly_accessible": false,
            "replica_mode": "",
            "replicas": [],
            "replicate_source_db": "",
            "resource_id": "db-V4HLMEMZ4SXCYYX7HNYVV65BCM",
            "restore_to_point_in_time": [],
            "s3_import": [],
            "skip_final_snapshot": true,
            "snapshot_identifier": null,
            "status": "available",
            "storage_encrypted": false,
            "storage_throughput": 0,
            "storage_type": "gp2",
            "tags": {
              "Name": "ymontagnier-TP09-EX01-nextcloud-rds-instance"
            },
            "tags_all": {
              "Name": "ymontagnier-TP09-EX01-nextcloud-rds-instance",
              "Owner": "ymontagnier"
            },
            "timeouts": null,
            "timezone": "",
            "upgrade_storage_config": null,
            "username": "admin",
            "vpc_security_group_ids": [
              "sg-0c46050b19f8c0467"
            ]
          },
          "sensitive_attributes": [
            [
              {
                "type": "get_attr",
                "value": "password_wo"
              }
            ],
            [
              {
                "type": "get_attr",
                "value": "password"
              }
            ]
          ],
          "private": "eyJlMmJmYjczMC1lY2FhLTExZTYtOGY4OC0zNDM2M2JjN2M0YzAiOnsiY3JlYXRlIjozMDAwMDAwMDAwMDAwLCJkZWxldGUiOjM2MDAwMDAwMDAwMDAsInVwZGF0ZSI6NDgwMDAwMDAwMDAwMH0sInNjaGVtYV92ZXJzaW9uIjoiMiJ9",
          "dependencies": [
            "aws_db_subnet_group.nextcloud_rds_subnet",
            "aws_security_group.nextcloud_db_sg",
            "aws_subnet.private",
            "aws_vpc.main",
            "random_password.rds_nextcloud"
          ]
        }
      ]
    },
    {
      "mode": "managed",
      "type": "aws_db_subnet_group",
      "name": "nextcloud_rds_subnet",
      "provider": "provider[\"registry.terraform.io/hashicorp/aws\"]",
      "instances": [
        {
          "schema_version": 0,
          "attributes": {
            "arn": "arn:aws:rds:eu-north-1:134400125759:subgrp:ymontagnier-nextcloud-rds-subnet",
            "description": "Managed by Terraform",
            "id": "ymontagnier-nextcloud-rds-subnet",
            "name": "ymontagnier-nextcloud-rds-subnet",
            "name_prefix": "",
            "subnet_ids": [
              "subnet-0352ffb16e6efa69d",
              "subnet-0355c5279ddd5ae6a",
              "subnet-07c8fe444a8b880ed"
            ],
            "supported_network_types": [
              "IPV4"
            ],
            "tags": {
              "Name": "ymontagnier-TP09-EX01-nextcloud-rds-subnet"
            },
            "tags_all": {
              "Name": "ymontagnier-TP09-EX01-nextcloud-rds-subnet",
              "Owner": "ymontagnier"
            },
            "vpc_id": "vpc-07a2089710a434a08"
          },
          "sensitive_attributes": [],
          "private": "bnVsbA==",
          "dependencies": [
            "aws_subnet.private",
            "aws_vpc.main"
          ]
        }
      ]
    },
    {
      "mode": "managed",
      "type": "aws_efs_file_system",
      "name": "nextcloud_efs",
      "provider": "provider[\"registry.terraform.io/hashicorp/aws\"]",
      "instances": [
        {
          "schema_version": 0,
          "attributes": {
            "arn": "arn:aws:elasticfilesystem:eu-north-1:134400125759:file-system/fs-0286da6d254ca933b",
            "availability_zone_id": "",
            "availability_zone_name": "",
            "creation_token": "nextcloud-efs-token",
            "dns_name": "fs-0286da6d254ca933b.efs.eu-north-1.amazonaws.com",
            "encrypted": true,
            "id": "fs-0286da6d254ca933b",
            "kms_key_id": "arn:aws:kms:eu-north-1:134400125759:key/84613d34-511c-4141-a9a2-b7a3817aee75",
            "lifecycle_policy": [],
            "name": "ymontagnier-TP09-EX01-nextcloud-efs",
            "number_of_mount_targets": 3,
            "owner_id": "134400125759",
            "performance_mode": "generalPurpose",
            "protection": [
              {
                "replication_overwrite": "ENABLED"
              }
            ],
            "provisioned_throughput_in_mibps": 0,
            "size_in_bytes": [
              {
                "value": 6144,
                "value_in_ia": 0,
                "value_in_standard": 6144
              }
            ],
            "tags": {
              "Name": "ymontagnier-TP09-EX01-nextcloud-efs"
            },
            "tags_all": {
              "Name": "ymontagnier-TP09-EX01-nextcloud-efs",
              "Owner": "ymontagnier"
            },
            "throughput_mode": "bursting"
          },
          "sensitive_attributes": [],
          "private": "bnVsbA=="
        }
      ]
    },
    {
      "mode": "managed",
      "type": "aws_efs_mount_target",
      "name": "nextcloud_efs_targets",
      "provider": "provider[\"registry.terraform.io/hashicorp/aws\"]",
      "instances": [
        {
          "index_key": "a",
          "schema_version": 0,
          "attributes": {
            "availability_zone_id": "eun1-az1",
            "availability_zone_name": "eu-north-1a",
            "dns_name": "fs-0286da6d254ca933b.efs.eu-north-1.amazonaws.com",
            "file_system_arn": "arn:aws:elasticfilesystem:eu-north-1:134400125759:file-system/fs-0286da6d254ca933b",
            "file_system_id": "fs-0286da6d254ca933b",
            "id": "fsmt-0b52f3baa713fd1e9",
            "ip_address": "10.0.4.176",
            "mount_target_dns_name": "eu-north-1a.fs-0286da6d254ca933b.efs.eu-north-1.amazonaws.com",
            "network_interface_id": "eni-0f4f741d278c6f4b1",
            "owner_id": "134400125759",
            "security_groups": [
              "sg-0bb0f2e7c1cd6c430"
            ],
            "subnet_id": "subnet-07c8fe444a8b880ed",
            "timeouts": null
          },
          "sensitive_attributes": [],
          "private": "eyJlMmJmYjczMC1lY2FhLTExZTYtOGY4OC0zNDM2M2JjN2M0YzAiOnsiY3JlYXRlIjoxODAwMDAwMDAwMDAwLCJkZWxldGUiOjYwMDAwMDAwMDAwMH19",
          "dependencies": [
            "aws_efs_file_system.nextcloud_efs",
            "aws_security_group.efs_sg",
            "aws_subnet.private",
            "aws_vpc.main"
          ]
        },
        {
          "index_key": "b",
          "schema_version": 0,
          "attributes": {
            "availability_zone_id": "eun1-az2",
            "availability_zone_name": "eu-north-1b",
            "dns_name": "fs-0286da6d254ca933b.efs.eu-north-1.amazonaws.com",
            "file_system_arn": "arn:aws:elasticfilesystem:eu-north-1:134400125759:file-system/fs-0286da6d254ca933b",
            "file_system_id": "fs-0286da6d254ca933b",
            "id": "fsmt-07d2fe07988b1d728",
            "ip_address": "10.0.5.139",
            "mount_target_dns_name": "eu-north-1b.fs-0286da6d254ca933b.efs.eu-north-1.amazonaws.com",
            "network_interface_id": "eni-03ed111973837e92f",
            "owner_id": "134400125759",
            "security_groups": [
              "sg-0bb0f2e7c1cd6c430"
            ],
            "subnet_id": "subnet-0352ffb16e6efa69d",
            "timeouts": null
          },
          "sensitive_attributes": [],
          "private": "eyJlMmJmYjczMC1lY2FhLTExZTYtOGY4OC0zNDM2M2JjN2M0YzAiOnsiY3JlYXRlIjoxODAwMDAwMDAwMDAwLCJkZWxldGUiOjYwMDAwMDAwMDAwMH19",
          "dependencies": [
            "aws_efs_file_system.nextcloud_efs",
            "aws_security_group.efs_sg",
            "aws_subnet.private",
            "aws_vpc.main"
          ]
        },
        {
          "index_key": "c",
          "schema_version": 0,
          "attributes": {
            "availability_zone_id": "eun1-az3",
            "availability_zone_name": "eu-north-1c",
            "dns_name": "fs-0286da6d254ca933b.efs.eu-north-1.amazonaws.com",
            "file_system_arn": "arn:aws:elasticfilesystem:eu-north-1:134400125759:file-system/fs-0286da6d254ca933b",
            "file_system_id": "fs-0286da6d254ca933b",
            "id": "fsmt-0441451576ce67da2",
            "ip_address": "10.0.6.227",
            "mount_target_dns_name": "eu-north-1c.fs-0286da6d254ca933b.efs.eu-north-1.amazonaws.com",
            "network_interface_id": "eni-081b6d874e235ebed",
            "owner_id": "134400125759",
            "security_groups": [
              "sg-0bb0f2e7c1cd6c430"
            ],
            "subnet_id": "subnet-0355c5279ddd5ae6a",
            "timeouts": null
          },
          "sensitive_attributes": [],
          "private": "eyJlMmJmYjczMC1lY2FhLTExZTYtOGY4OC0zNDM2M2JjN2M0YzAiOnsiY3JlYXRlIjoxODAwMDAwMDAwMDAwLCJkZWxldGUiOjYwMDAwMDAwMDAwMH19",
          "dependencies": [
            "aws_efs_file_system.nextcloud_efs",
            "aws_security_group.efs_sg",
            "aws_subnet.private",
            "aws_vpc.main"
          ]
        }
      ]
    },
    {
      "mode": "managed",
      "type": "aws_eip",
      "name": "nat_eip",
      "provider": "provider[\"registry.terraform.io/hashicorp/aws\"]",
      "instances": [
        {
          "schema_version": 0,
          "attributes": {
            "address": null,
            "allocation_id": "eipalloc-0bb78550e57b38a39",
            "arn": "arn:aws:ec2:eu-north-1:134400125759:elastic-ip/eipalloc-0bb78550e57b38a39",
            "associate_with_private_ip": null,
            "association_id": "eipassoc-0bfe945949a34fb86",
            "carrier_ip": "",
            "customer_owned_ip": "",
            "customer_owned_ipv4_pool": "",
            "domain": "vpc",
            "id": "eipalloc-0bb78550e57b38a39",
            "instance": "",
            "ipam_pool_id": null,
            "network_border_group": "eu-north-1",
            "network_interface": "eni-01e48e548aef2f89a",
            "private_dns": "ip-10-0-1-71.eu-north-1.compute.internal",
            "private_ip": "10.0.1.71",
            "ptr_record": "",
            "public_dns": "ec2-16-170-10-96.eu-north-1.compute.amazonaws.com",
            "public_ip": "16.170.10.96",
            "public_ipv4_pool": "amazon",
            "tags": {
              "Name": "Public NAT EIP"
            },
            "tags_all": {
              "Name": "Public NAT EIP",
              "Owner": "ymontagnier"
            },
            "timeouts": null,
            "vpc": true
          },
          "sensitive_attributes": [],
          "private": "eyJlMmJmYjczMC1lY2FhLTExZTYtOGY4OC0zNDM2M2JjN2M0YzAiOnsiZGVsZXRlIjoxODAwMDAwMDAwMDAsInJlYWQiOjkwMDAwMDAwMDAwMCwidXBkYXRlIjozMDAwMDAwMDAwMDB9fQ=="
        }
      ]
    },
    {
      "mode": "managed",
      "type": "aws_iam_instance_profile",
      "name": "nextcloud_instance_profile",
      "provider": "provider[\"registry.terraform.io/hashicorp/aws\"]",
      "instances": [
        {
          "schema_version": 0,
          "attributes": {
            "arn": "arn:aws:iam::134400125759:instance-profile/ymontagnier-TP09-EX01-nextcloud",
            "create_date": "2025-03-18T13:22:15Z",
            "id": "ymontagnier-TP09-EX01-nextcloud",
            "name": "ymontagnier-TP09-EX01-nextcloud",
            "name_prefix": "",
            "path": "/",
            "role": "ymontagnier-TP09-EX01-nextcloud",
            "tags": {},
            "tags_all": {
              "Name": "ymontagnier-TP09-EX01",
              "Owner": "ymontagnier"
            },
            "unique_id": "AIPAR6SW7FM7RYDOKYHVJ"
          },
          "sensitive_attributes": [],
          "private": "bnVsbA==",
          "dependencies": [
            "aws_iam_role.nextcloud_role"
          ]
        }
      ]
    },
    {
      "mode": "managed",
      "type": "aws_iam_role",
      "name": "nextcloud_role",
      "provider": "provider[\"registry.terraform.io/hashicorp/aws\"]",
      "instances": [
        {
          "schema_version": 0,
          "attributes": {
            "arn": "arn:aws:iam::134400125759:role/ymontagnier-TP09-EX01-nextcloud",
            "assume_role_policy": "{\"Statement\":[{\"Action\":\"sts:AssumeRole\",\"Effect\":\"Allow\",\"Principal\":{\"Service\":\"ec2.amazonaws.com\"}}],\"Version\":\"2012-10-17\"}",
            "create_date": "2025-03-18T13:22:15Z",
            "description": "",
            "force_detach_policies": false,
            "id": "ymontagnier-TP09-EX01-nextcloud",
            "inline_policy": [
              {
                "name": "NextcloudS3AccessPolicy",
                "policy": "{\"Version\":\"2012-10-17\",\"Statement\":[{\"Action\":[\"s3:ListBucket\",\"s3:ListBucketMultipartUploads\"],\"Effect\":\"Allow\",\"Resource\":\"arn:aws:s3:::ymontagnier-tp09-ex01-nextcloud-bucket\"},{\"Action\":[\"s3:GetObject\",\"s3:PutObject\",\"s3:DeleteObject\",\"s3:AbortMultipartUpload\",\"s3:ListMultipartUploadParts\"],\"Effect\":\"Allow\",\"Resource\":\"arn:aws:s3:::ymontagnier-tp09-ex01-nextcloud-bucket/*\"}]}"
              }
            ],
            "managed_policy_arns": [],
            "max_session_duration": 3600,
            "name": "ymontagnier-TP09-EX01-nextcloud",
            "name_prefix": "",
            "path": "/",
            "permissions_boundary": "",
            "tags": {},
            "tags_all": {
              "Name": "ymontagnier-TP09-EX01",
              "Owner": "ymontagnier"
            },
            "unique_id": "AROAR6SW7FM774ZC3BNFB"
          },
          "sensitive_attributes": [],
          "private": "bnVsbA=="
        }
      ]
    },
    {
      "mode": "managed",
      "type": "aws_iam_role_policy",
      "name": "nextcloud_role_policy",
      "provider": "provider[\"registry.terraform.io/hashicorp/aws\"]",
      "instances": [
        {
          "schema_version": 0,
          "attributes": {
            "id": "ymontagnier-TP09-EX01-nextcloud:NextcloudS3AccessPolicy",
            "name": "NextcloudS3AccessPolicy",
            "name_prefix": "",
            "policy": "{\"Version\":\"2012-10-17\",\"Statement\":[{\"Action\":[\"s3:ListBucket\",\"s3:ListBucketMultipartUploads\"],\"Effect\":\"Allow\",\"Resource\":\"arn:aws:s3:::ymontagnier-tp09-ex01-nextcloud-bucket\"},{\"Action\":[\"s3:GetObject\",\"s3:PutObject\",\"s3:DeleteObject\",\"s3:AbortMultipartUpload\",\"s3:ListMultipartUploadParts\"],\"Effect\":\"Allow\",\"Resource\":\"arn:aws:s3:::ymontagnier-tp09-ex01-nextcloud-bucket/*\"}]}",
            "role": "ymontagnier-TP09-EX01-nextcloud"
          },
          "sensitive_attributes": [],
          "private": "bnVsbA==",
          "dependencies": [
            "aws_iam_role.nextcloud_role",
            "aws_s3_bucket.nextcloud_bucket"
          ]
        }
      ]
    },
    {
      "mode": "managed",
      "type": "aws_instance",
      "name": "bastion",
      "provider": "provider[\"registry.terraform.io/hashicorp/aws\"]",
      "instances": [
        {
          "schema_version": 1,
          "attributes": {
            "ami": "ami-09a9858973b288bdd",
            "arn": "arn:aws:ec2:eu-north-1:134400125759:instance/i-01eb186e895f0aa5f",
            "associate_public_ip_address": true,
            "availability_zone": "eu-north-1a",
            "capacity_reservation_specification": [
              {
                "capacity_reservation_preference": "open",
                "capacity_reservation_target": []
              }
            ],
            "cpu_core_count": 1,
            "cpu_options": [
              {
                "amd_sev_snp": "",
                "core_count": 1,
                "threads_per_core": 2
              }
            ],
            "cpu_threads_per_core": 2,
            "credit_specification": [
              {
                "cpu_credits": "unlimited"
              }
            ],
            "disable_api_stop": false,
            "disable_api_termination": false,
            "ebs_block_device": [],
            "ebs_optimized": false,
            "enable_primary_ipv6": null,
            "enclave_options": [
              {
                "enabled": false
              }
            ],
            "ephemeral_block_device": [],
            "get_password_data": false,
            "hibernation": false,
            "host_id": "",
            "host_resource_group_arn": null,
            "iam_instance_profile": "",
            "id": "i-01eb186e895f0aa5f",
            "instance_initiated_shutdown_behavior": "stop",
            "instance_lifecycle": "",
            "instance_market_options": [],
            "instance_state": "running",
            "instance_type": "t3.micro",
            "ipv6_address_count": 0,
            "ipv6_addresses": [],
            "key_name": "ymontagnier-TP09-EX01-bastion-key",
            "launch_template": [],
            "maintenance_options": [
              {
                "auto_recovery": "default"
              }
            ],
            "metadata_options": [
              {
                "http_endpoint": "enabled",
                "http_protocol_ipv6": "disabled",
                "http_put_response_hop_limit": 2,
                "http_tokens": "required",
                "instance_metadata_tags": "disabled"
              }
            ],
            "monitoring": false,
            "network_interface": [],
            "outpost_arn": "",
            "password_data": "",
            "placement_group": "",
            "placement_partition_number": 0,
            "primary_network_interface_id": "eni-09f77b0e67685a29e",
            "private_dns": "ip-10-0-1-127.eu-north-1.compute.internal",
            "private_dns_name_options": [
              {
                "enable_resource_name_dns_a_record": false,
                "enable_resource_name_dns_aaaa_record": false,
                "hostname_type": "ip-name"
              }
            ],
            "private_ip": "10.0.1.127",
            "public_dns": "ec2-51-20-89-188.eu-north-1.compute.amazonaws.com",
            "public_ip": "51.20.89.188",
            "root_block_device": [
              {
                "delete_on_termination": true,
                "device_name": "/dev/sda1",
                "encrypted": false,
                "iops": 3000,
                "kms_key_id": "",
                "tags": {
                  "Name": "ymontagnier-TP09-EX01",
                  "Owner": "ymontagnier"
                },
                "tags_all": {
                  "Name": "ymontagnier-TP09-EX01",
                  "Owner": "ymontagnier"
                },
                "throughput": 125,
                "volume_id": "vol-0f7df60e374142c69",
                "volume_size": 8,
                "volume_type": "gp3"
              }
            ],
            "secondary_private_ips": [],
            "security_groups": [],
            "source_dest_check": true,
            "spot_instance_request_id": "",
            "subnet_id": "subnet-051f8d7f3fa4f9004",
            "tags": {
              "Name": "ymontagnier-TP09-EX01-bastion"
            },
            "tags_all": {
              "Name": "ymontagnier-TP09-EX01-bastion",
              "Owner": "ymontagnier"
            },
            "tenancy": "default",
            "timeouts": null,
            "user_data": null,
            "user_data_base64": null,
            "user_data_replace_on_change": false,
            "volume_tags": null,
            "vpc_security_group_ids": [
              "sg-053094b79c3b73975"
            ]
          },
          "sensitive_attributes": [],
          "private": "eyJlMmJmYjczMC1lY2FhLTExZTYtOGY4OC0zNDM2M2JjN2M0YzAiOnsiY3JlYXRlIjo2MDAwMDAwMDAwMDAsImRlbGV0ZSI6MTIwMDAwMDAwMDAwMCwicmVhZCI6OTAwMDAwMDAwMDAwLCJ1cGRhdGUiOjYwMDAwMDAwMDAwMH0sInNjaGVtYV92ZXJzaW9uIjoiMSJ9",
          "dependencies": [
            "aws_key_pair.bastion",
            "aws_security_group.bastion_sg",
            "aws_subnet.public",
            "aws_vpc.main"
          ]
        }
      ]
    },
    {
      "mode": "managed",
      "type": "aws_internet_gateway",
      "name": "igw",
      "provider": "provider[\"registry.terraform.io/hashicorp/aws\"]",
      "instances": [
        {
          "schema_version": 0,
          "attributes": {
            "arn": "arn:aws:ec2:eu-north-1:134400125759:internet-gateway/igw-0f2f6fe59249f6e92",
            "id": "igw-0f2f6fe59249f6e92",
            "owner_id": "134400125759",
            "tags": {
              "Name": "ymontagnier-TP09-EX01-InternetGateway"
            },
            "tags_all": {
              "Name": "ymontagnier-TP09-EX01-InternetGateway",
              "Owner": "ymontagnier"
            },
            "timeouts": null,
            "vpc_id": "vpc-07a2089710a434a08"
          },
          "sensitive_attributes": [],
          "private": "eyJlMmJmYjczMC1lY2FhLTExZTYtOGY4OC0zNDM2M2JjN2M0YzAiOnsiY3JlYXRlIjoxMjAwMDAwMDAwMDAwLCJkZWxldGUiOjEyMDAwMDAwMDAwMDAsInVwZGF0ZSI6MTIwMDAwMDAwMDAwMH19",
          "dependencies": [
            "aws_vpc.main"
          ]
        }
      ]
    },
    {
      "mode": "managed",
      "type": "aws_key_pair",
      "name": "bastion",
      "provider": "provider[\"registry.terraform.io/hashicorp/aws\"]",
      "instances": [
        {
          "schema_version": 1,
          "attributes": {
            "arn": "arn:aws:ec2:eu-north-1:134400125759:key-pair/ymontagnier-TP09-EX01-bastion-key",
            "fingerprint": "b3:1c:1d:5e:75:ed:66:b0:5b:c0:7e:6f:a0:10:ec:d4",
            "id": "ymontagnier-TP09-EX01-bastion-key",
            "key_name": "ymontagnier-TP09-EX01-bastion-key",
            "key_name_prefix": "",
            "key_pair_id": "key-0b1ddf7793b91afd5",
            "key_type": "rsa",
            "public_key": "ssh-rsa AAAAB3NzaC1yc2EAAAADAQABAAABAQCzWCoZNy2Xy9oCLMR4ovk4JWD6vcJT3QtJ2ZJWggtoEwf7ybagNV4K8hz8IE4Gtdx0Gn9L2a+VfdxhSEICXYVtWdxurKgTzeXBNmFiKUk08fDmT4PSl1bvXKLhEj9mz6NCtOk0iP+PA4LeZotPqb8FhWpOyBFNROUpkpXNzQBSpb3Q4oEHtKj/+869sLhn9mmyacmx8v4t+2Xai5FKPk2tGs2bbgolb1K55yOi1IZ71a1SfCBrnkGX2w9nnyFv7QMnCGDhn2BlQJqCPSdp2+mGvm/+OJC1a4LXI/3HjNzsvLlFljl+GuDmKpNfCHzQL1LMDE9a0m8pSr5AC0yHcVHf tp04-ex02-bastion",
            "tags": {
              "Name": "ymontagnier-TP09-EX01-bastion-key"
            },
            "tags_all": {
              "Name": "ymontagnier-TP09-EX01-bastion-key",
              "Owner": "ymontagnier"
            }
          },
          "sensitive_attributes": [],
          "private": "eyJzY2hlbWFfdmVyc2lvbiI6IjEifQ=="
        }
      ]
    },
    {
      "mode": "managed",
      "type": "aws_key_pair",
      "name": "nextcloud",
      "provider": "provider[\"registry.terraform.io/hashicorp/aws\"]",
      "instances": [
        {
          "schema_version": 1,
          "attributes": {
            "arn": "arn:aws:ec2:eu-north-1:134400125759:key-pair/ymontagnier-TP09-EX01-nextcloud-key",
            "fingerprint": "38:77:a5:15:1c:cd:75:15:58:9c:58:e0:fd:4c:37:47",
            "id": "ymontagnier-TP09-EX01-nextcloud-key",
            "key_name": "ymontagnier-TP09-EX01-nextcloud-key",
            "key_name_prefix": "",
            "key_pair_id": "key-07f40033ead634f1e",
            "key_type": "rsa",
            "public_key": "ssh-rsa AAAAB3NzaC1yc2EAAAADAQABAAABAQC//VlIHLdKIZ5KCbH+5bINXvFdNtOsNKSFUrbgrCmqBzlMquwC3P20i/Z9pyRPR2jKvuHDaH6sLA9vywwSiT6uq09SazDy749VDsET0TZQo9fkjyEMASkvrtvM3k4dR0XLF+5T1evg0xtYJ+whsl9rvId7Zbcx0RJdFarrZPuBwD2U2ZlzbkwckCz/W6hyivFDA8m9Y0KBp/niETC3ZuJSO43cX9tVMv27zDxHS/1V1vK0Pu8Xav6h0XW9FTZrt9SfoVTS5B+UiBnNQH/0R+DVXRfVcqJihusGSQDQi1s5Ni6Kn89N6sGd2kw70bttpTBeDO/RKk+T+WLzBehnhqaf tp04-ex02-nextcloud",
            "tags": {
              "Name": "ymontagnier-TP09-EX01-nextcloud-key"
            },
            "tags_all": {
              "Name": "ymontagnier-TP09-EX01-nextcloud-key",
              "Owner": "ymontagnier"
            }
          },
          "sensitive_attributes": [],
          "private": "eyJzY2hlbWFfdmVyc2lvbiI6IjEifQ=="
        }
      ]
    },
    {
      "mode": "managed",
      "type": "aws_launch_template",
      "name": "nextcloud",
      "provider": "provider[\"registry.terraform.io/hashicorp/aws\"]",
      "instances": [
        {
          "schema_version": 0,
          "attributes": {
            "arn": "arn:aws:ec2:eu-north-1:134400125759:launch-template/lt-0f1198bcfb56c9cad",
            "block_device_mappings": [],
            "capacity_reservation_specification": [],
            "cpu_options": [],
            "credit_specification": [],
            "default_version": 1,
            "description": "",
            "disable_api_stop": false,
            "disable_api_termination": false,
            "ebs_optimized": "",
            "elastic_gpu_specifications": [],
            "elastic_inference_accelerator": [],
            "enclave_options": [],
            "hibernation_options": [],
            "iam_instance_profile": [
              {
                "arn": "",
                "name": "ymontagnier-TP09-EX01-nextcloud"
              }
            ],
            "id": "lt-0f1198bcfb56c9cad",
            "image_id": "ami-0e0cff5e1a001a9a2",
            "instance_initiated_shutdown_behavior": "",
            "instance_market_options": [],
            "instance_requirements": [],
            "instance_type": "t3.micro",
            "kernel_id": "",
            "key_name": "ymontagnier-TP09-EX01-nextcloud-key",
            "latest_version": 1,
            "license_specification": [],
            "maintenance_options": [],
            "metadata_options": [],
            "monitoring": [],
            "name": "ymontagnier-TP09-EX01-nextcloud-lt20250318132619239800000008",
            "name_prefix": "ymontagnier-TP09-EX01-nextcloud-lt",
            "network_interfaces": [],
            "placement": [],
            "private_dns_name_options": [],
            "ram_disk_id": "",
            "security_group_names": [],
            "tag_specifications": [
              {
                "resource_type": "instance",
                "tags": {
                  "Name": "ymontagnier-TP09-EX01-nextcloud-instance",
                  "Owner": "ymontagnier"
                }
              },
              {
                "resource_type": "volume",
                "tags": {
                  "Name": "ymontagnier-TP09-EX01-nextcloud-volume",
                  "Owner": "ymontagnier"
                }
              }
            ],
            "tags": {},
            "tags_all": {
              "Name": "ymontagnier-TP09-EX01",
              "Owner": "ymontagnier"
            },
            "update_default_version": null,
            "user_data": "IyEvYmluL2Jhc2ggLXgNCmV4cG9ydCBERUJJQU5fRlJPTlRFTkQ9bm9uaW50ZXJhY3RpdmUNCg0KIyBVcGRhdGUgdGhlIHBhY2thZ2UgcmVwb3NpdG9yeQ0Kc3VkbyBhcHQtZ2V0IHVwZGF0ZQ0KDQojIEluc3RhbGwgdGhlIEFXUyBDTEkgdjINCiMgY3VybCAiaHR0cHM6Ly9hd3NjbGkuYW1hem9uYXdzLmNvbS9hd3NjbGktZXhlLWxpbnV4LXg4Nl82NC56aXAiIC1vICJhd3NjbGl2Mi56aXAiDQojIHVuemlwIGF3c2NsaXYyLnppcA0KIyBzdWRvIC4vYXdzL2luc3RhbGwNCg0KIyBJbnN0YWxsIG5lY2Vzc2FyeSBwYWNrYWdlcw0Kc3VkbyBhcHQtZ2V0IGluc3RhbGwgLXkgXA0KICAgIGFwYWNoZTIgXA0KICAgIGxpYmFwYWNoZTItbW9kLXBocCBcDQogICAgbXlzcWwtY2xpZW50IFwNCiAgICBuZnMtY29tbW9uIFwNCiAgICBwaHAgXA0KICAgIHBocC1jbGkgXA0KICAgIHBocC1jb21tb24gXA0KICAgIHBocC1jdXJsIFwNCiAgICBwaHAtZnBtIFwNCiAgICBwaHAtZ2QgXA0KICAgIHBocC1pbWFwIFwNCiAgICBwaHAtbWJzdHJpbmcgXA0KICAgIHBocC1teXNxbCBcDQogICAgcGhwLXJlZGlzIFwNCiAgICBwaHAteG1sIFwNCiAgICBwaHAtemlwIFwNCiAgICB1bnppcA0KDQojIENyZWF0ZSB0aGUgbW91bnQgcG9pbnQgZm9yIHRoZSBFRlMgZmlsZSBzeXN0ZW0NCnN1ZG8gbWtkaXIgLXAgL21udC9lZnMNCg0KIyBNb3VudCB0aGUgRUZTIGZpbGUgc3lzdGVtDQpzdWRvIG1vdW50IC10IG5mczQgLW8gbmZzdmVycz00LjEscnNpemU9MTA0ODU3Nix3c2l6ZT0xMDQ4NTc2LGhhcmQsdGltZW89NjAwLHJldHJhbnM9Mixub3Jlc3Zwb3J0IGZzLTAyODZkYTZkMjU0Y2E5MzNiLmVmcy5ldS1ub3J0aC0xLmFtYXpvbmF3cy5jb206LyAvbW50L2Vmcw0KDQojIEFkZCB0aGUgRUZTIG1vdW50IHRvIC9ldGMvZnN0YWIgdG8gbW91bnQgaXQgYXV0b21hdGljYWxseSBhdCBib290DQplY2hvICdmcy0wMjg2ZGE2ZDI1NGNhOTMzYi5lZnMuZXUtbm9ydGgtMS5hbWF6b25hd3MuY29tOi8gL21udC9lZnMgbmZzNCBuZnN2ZXJzPTQuMSxyc2l6ZT0xMDQ4NTc2LHdzaXplPTEwNDg1NzYsaGFyZCx0aW1lbz02MDAscmV0cmFucz0yLG5vcmVzdnBvcnQsX25ldGRldiAwIDAnIHwgc3VkbyB0ZWUgLWEgL2V0Yy9mc3RhYg0KDQojIENyZWF0ZSB0aGUgZGlyZWN0b3J5IGZvciB0aGUgTmV4dGNsb3VkIGluc3RhbGxhdGlvbg0Kc3VkbyBta2RpciAtcCAvZGF0YS93d3cvDQoNCiMgRG93bmxvYWQgYW5kIGV4dHJhY3QgdGhlIGxhdGVzdCBOZXh0Y2xvdWQgcmVsZWFzZQ0KY2QgL3RtcCAmJg0KICAgIHN1ZG8gd2dldCAtcSBodHRwczovL2Rvd25sb2FkLm5leHRjbG91ZC5jb20vc2VydmVyL3JlbGVhc2VzL2xhdGVzdC56aXAgJiYNCiAgICBzdWRvIHVuemlwIC1xIC1kIC9kYXRhL3d3dy8gbGF0ZXN0LnppcA0KDQojIENyZWF0ZSB0aGUgZGF0YSBkaXJlY3RvcnkgZm9yIE5leHRjbG91ZA0Kc3VkbyBta2RpciAtcCAvZGF0YS93d3cvbmV4dGNsb3VkL2RhdGENCg0KIyBTZXQgdGhlIGNvcnJlY3QgcGVybWlzc2lvbnMNCnN1ZG8gY2hvd24gLVIgd3d3LWRhdGE6d3d3LWRhdGEgL2RhdGEvd3d3Lw0KY2QgL2RhdGEvd3d3L25leHRjbG91ZC8NCg0KIyBDaGVjayBpZiB0aGUgbmV4dGNsb3VkIGRpcmVjdG9yeSBleGlzdHMgb24gdGhlIEVGUw0KaWYgWyAhIC1kIC9tbnQvZWZzL25leHRjbG91ZCBdOyB0aGVuDQogICAgIyBDcmVhdGUgdGhlIGRpcmVjdG9yeSBzdHJ1Y3R1cmUgb24gdGhlIEVGUw0KICAgIHN1ZG8gbWtkaXIgLXAgL21udC9lZnMvbmV4dGNsb3VkL2RhdGENCiAgICBzdWRvIG1rZGlyIC1wIC9tbnQvZWZzL25leHRjbG91ZC9jb25maWcNCg0KICAgIHN1ZG8gY2hvd24gLVIgd3d3LWRhdGE6d3d3LWRhdGEgL21udC9lZnMvbmV4dGNsb3VkDQoNCiAgICAjIE1vdmUgdGhlIGNvbmZpZyBkaXJlY3RvcnkgdG8gdGhlIEVGUw0KICAgIHN1ZG8gcnN5bmMgLWF6ciAvZGF0YS93d3cvbmV4dGNsb3VkL2NvbmZpZy8gL21udC9lZnMvbmV4dGNsb3VkL2NvbmZpZy8gLS1yZW1vdmUtc291cmNlLWZpbGVzDQoNCiAgICAjIE1vdW50IHRoZSBFRlMgZGlyZWN0b3JpZXMgdG8gdGhlIGNvcnJlY3QgbG9jYXRpb25zDQogICAgc3VkbyBtb3VudCAtLWJpbmQgL21udC9lZnMvbmV4dGNsb3VkL2NvbmZpZyAvZGF0YS93d3cvbmV4dGNsb3VkL2NvbmZpZw0KICAgIHN1ZG8gbW91bnQgLS1iaW5kIC9tbnQvZWZzL25leHRjbG91ZC9kYXRhIC9kYXRhL3d3dy9uZXh0Y2xvdWQvZGF0YQ0KDQogICAgIyBzZXQgK3ggIyBBdm9pZCBwcmludGluZyBwYXNzd29yZCBpbiBsb2dzDQoNCiAgICAjIEluc3RhbGwgTmV4dGNsb3VkDQogICAgc3VkbyAtdSB3d3ctZGF0YSBwaHAgb2NjIG1haW50ZW5hbmNlOmluc3RhbGwgXA0KICAgICAgICAtLWRhdGFiYXNlPSdteXNxbCcgXA0KICAgICAgICAtLWRhdGFiYXNlLW5hbWU9J25leHRjbG91ZCcgXA0KICAgICAgICAtLWRhdGFiYXNlLWhvc3Q9J3ltb250YWduaWVyLW5leHRjbG91ZC1yZHMtaW5zdGFuY2UuYzJvb3ByOWVvdGhwLmV1LW5vcnRoLTEucmRzLmFtYXpvbmF3cy5jb20nIFwNCiAgICAgICAgLS1kYXRhYmFzZS11c2VyPSdhZG1pbicgXA0KICAgICAgICAtLWRhdGFiYXNlLXBhc3M9J2tIRzlzelI4ZnhtU1BVM1onIFwNCiAgICAgICAgLS1hZG1pbi1wYXNzPSdOM3h0Y2wwdWQhJw0KDQogICAgIyBzZXQgLXggIyBTZXQgeHRyYWNlIGJhY2sNCg0KICAgICMgU2V0IHRoZSB0cnVzdGVkIGRvbWFpbnMNCiAgICBzdWRvIC11IHd3dy1kYXRhIHBocCBvY2MgY29uZmlnOnN5c3RlbTpzZXQgdHJ1c3RlZF9kb21haW5zIDEgXA0KICAgICAgICAtLXZhbHVlPSJuZXh0Y2xvdWQteW1vbnRhZ25pZXIudHJhaW5pbmcuYWtpcm9zLml0Ig0KDQogICAgIyBFbmFibGUgRmlsZXMgRXh0ZXJuYWwgYXBwDQogICAgc3VkbyAtdSB3d3ctZGF0YSBwaHAgb2NjIGFwcDplbmFibGUgZmlsZXNfZXh0ZXJuYWwNCg0KZWxzZQ0KICAgIG1vdW50IC0tYmluZCAvbW50L2Vmcy9uZXh0Y2xvdWQvY29uZmlnIC9kYXRhL3d3dy9uZXh0Y2xvdWQvY29uZmlnDQogICAgbW91bnQgLS1iaW5kIC9tbnQvZWZzL25leHRjbG91ZC9kYXRhIC9kYXRhL3d3dy9uZXh0Y2xvdWQvZGF0YQ0KZmkNCg0KIyBBZGQgdGhlIEVGUyBtb3VudCB0byAvZXRjL2ZzdGFiIHRvIG1vdW50IGl0IGF1dG9tYXRpY2FsbHkgYXQgYm9vdA0KZWNobyAnL21udC9lZnMvbmV4dGNsb3VkL2NvbmZpZyAvZGF0YS93d3cvbmV4dGNsb3VkL2NvbmZpZyBub25lIF9uZXRkZXYsbm9hdGltZSxiaW5kLGRlZmF1bHRzIDAgMCcgfCBzdWRvIHRlZSAtYSAvZXRjL2ZzdGFiDQplY2hvICcvbW50L2Vmcy9uZXh0Y2xvdWQvZGF0YSAvZGF0YS93d3cvbmV4dGNsb3VkL2RhdGEgbm9uZSBfbmV0ZGV2LG5vYXRpbWUsYmluZCxkZWZhdWx0cyAwIDAnIHwgc3VkbyB0ZWUgLWEgL2V0Yy9mc3RhYg0KDQojIFJlZMOpbWFycmV6IGxlIGTDqW1vbiBzeXN0ZW1kIHBvdXIgcmVjaGFyZ2VyIGxlcyB1bml0w6lzIGV0IGxlcyBmaWNoaWVycyBkZSBjb25maWd1cmF0aW9uIChmc3RhYikNCnN1ZG8gc3lzdGVtY3RsIGRhZW1vbi1yZWxvYWQNCg0KIyBDb25maWd1cmUgQXBhY2hlDQpzdWRvIHNlZCAtaSAncy9BbGxvd092ZXJyaWRlIE5vbmUvQWxsb3dPdmVycmlkZSBBbGwvZycgL2V0Yy9hcGFjaGUyL2FwYWNoZTIuY29uZg0KDQpjYXQgPi9ldGMvYXBhY2hlMi9zaXRlcy1hdmFpbGFibGUvbmV4dGNsb3VkLmNvbmYgPDxFT0YNCjxWaXJ0dWFsSG9zdCAqOjgwPg0KICAgIFNlcnZlck5hbWUgbmV4dGNsb3VkLXltb250YWduaWVyLnRyYWluaW5nLmFraXJvcy5pdA0KICAgIERvY3VtZW50Um9vdCAvZGF0YS93d3cvbmV4dGNsb3VkDQogICAgPERpcmVjdG9yeSAvZGF0YS93d3cvbmV4dGNsb3VkPg0KICAgICAgICBSZXF1aXJlIGFsbCBncmFudGVkDQogICAgICAgIE9wdGlvbnMgRm9sbG93U3ltbGlua3MgTXVsdGlWaWV3cw0KICAgICAgICBBbGxvd092ZXJyaWRlIEFsbA0KICAgICAgICA8SWZNb2R1bGUgbW9kX2Rhdi5jPg0KICAgICAgICAgICAgRGF2IG9mZg0KICAgICAgICA8L0lmTW9kdWxlPg0KICAgIDwvRGlyZWN0b3J5Pg0KDQogICAgRXJyb3JMb2cgL3Zhci9sb2cvYXBhY2hlMi9uZXh0Y2xvdWQuZXJyb3JfbG9nDQogICAgQ3VzdG9tTG9nIC92YXIvbG9nL2FwYWNoZTIvbmV4dGNsb3VkLmFjY2Vzc19sb2cgY29tbW9uDQo8L1ZpcnR1YWxIb3N0Pg0KPFZpcnR1YWxIb3N0ICo6NDQzPg0KICAgIFNlcnZlck5hbWUgbmV4dGNsb3VkLXltb250YWduaWVyLnRyYWluaW5nLmFraXJvcy5pdA0KICAgIERvY3VtZW50Um9vdCAvZGF0YS93d3cvbmV4dGNsb3VkDQogICAgPERpcmVjdG9yeSAvZGF0YS93d3cvbmV4dGNsb3VkPg0KICAgICAgICBSZXF1aXJlIGFsbCBncmFudGVkDQogICAgICAgIEFsbG93T3ZlcnJpZGUgQWxsDQogICAgICAgIE9wdGlvbnMgRm9sbG93U3ltTGlua3MgTXVsdGlWaWV3cw0KDQogICAgICAgIDxJZk1vZHVsZSBtb2RfZGF2LmM+DQogICAgICAgICAgICBEYXYgb2ZmDQogICAgICAgIDwvSWZNb2R1bGU+DQogICAgPC9EaXJlY3Rvcnk+DQo8L1ZpcnR1YWxIb3N0Pg0KRU9GDQpzdWRvIGEyZW5zaXRlIG5leHRjbG91ZC5jb25mDQpzdWRvIGEyZW5tb2QgcmV3cml0ZQ0Kc3VkbyBzeXN0ZW1jdGwgcmVzdGFydCBhcGFjaGUy",
            "vpc_security_group_ids": [
              "sg-057bc65da8c99d3d7"
            ]
          },
          "sensitive_attributes": [
            [
              {
                "type": "get_attr",
                "value": "user_data"
              }
            ]
          ],
          "private": "bnVsbA==",
          "dependencies": [
            "aws_db_instance.nextcloud_db",
            "aws_db_subnet_group.nextcloud_rds_subnet",
            "aws_efs_file_system.nextcloud_efs",
            "aws_iam_instance_profile.nextcloud_instance_profile",
            "aws_iam_role.nextcloud_role",
            "aws_key_pair.nextcloud",
            "aws_lb.nextcloud",
            "aws_route53_record.nextcloud",
            "aws_security_group.nextcloud-alb-sg",
            "aws_security_group.nextcloud_db_sg",
            "aws_security_group.nextcloud_sg",
            "aws_subnet.private",
            "aws_subnet.public",
            "aws_vpc.main",
            "data.aws_ami.nextcloud",
            "data.aws_route53_zone.training",
            "random_password.rds_nextcloud"
          ]
        }
      ]
    },
    {
      "mode": "managed",
      "type": "aws_lb",
      "name": "nextcloud",
      "provider": "provider[\"registry.terraform.io/hashicorp/aws\"]",
      "instances": [
        {
          "schema_version": 0,
          "attributes": {
            "access_logs": [
              {
                "bucket": "",
                "enabled": false,
                "prefix": ""
              }
            ],
            "arn": "arn:aws:elasticloadbalancing:eu-north-1:134400125759:loadbalancer/app/ymontagnier-nextcloud-alb/959f0c8a12409e80",
            "arn_suffix": "app/ymontagnier-nextcloud-alb/959f0c8a12409e80",
            "client_keep_alive": 3600,
            "connection_logs": [
              {
                "bucket": "",
                "enabled": false,
                "prefix": ""
              }
            ],
            "customer_owned_ipv4_pool": "",
            "desync_mitigation_mode": "defensive",
            "dns_name": "ymontagnier-nextcloud-alb-1921250208.eu-north-1.elb.amazonaws.com",
            "dns_record_client_routing_policy": null,
            "drop_invalid_header_fields": false,
            "enable_cross_zone_load_balancing": true,
            "enable_deletion_protection": false,
            "enable_http2": true,
            "enable_tls_version_and_cipher_suite_headers": false,
            "enable_waf_fail_open": false,
            "enable_xff_client_port": false,
            "enable_zonal_shift": false,
            "enforce_security_group_inbound_rules_on_private_link_traffic": "",
            "id": "arn:aws:elasticloadbalancing:eu-north-1:134400125759:loadbalancer/app/ymontagnier-nextcloud-alb/959f0c8a12409e80",
            "idle_timeout": 60,
            "internal": false,
            "ip_address_type": "ipv4",
            "load_balancer_type": "application",
            "name": "ymontagnier-nextcloud-alb",
            "name_prefix": "",
            "preserve_host_header": false,
            "security_groups": [
              "sg-0e19e8bf15de06282"
            ],
            "subnet_mapping": [
              {
                "allocation_id": "",
                "ipv6_address": "",
                "outpost_id": "",
                "private_ipv4_address": "",
                "subnet_id": "subnet-051f8d7f3fa4f9004"
              },
              {
                "allocation_id": "",
                "ipv6_address": "",
                "outpost_id": "",
                "private_ipv4_address": "",
                "subnet_id": "subnet-05fd4b0187327de43"
              },
              {
                "allocation_id": "",
                "ipv6_address": "",
                "outpost_id": "",
                "private_ipv4_address": "",
                "subnet_id": "subnet-083ac89208b9d39c8"
              }
            ],
            "subnets": [
              "subnet-051f8d7f3fa4f9004",
              "subnet-05fd4b0187327de43",
              "subnet-083ac89208b9d39c8"
            ],
            "tags": {
              "Name": "ymontagnier-TP09-EX01-nextcloud-alb"
            },
            "tags_all": {
              "Name": "ymontagnier-TP09-EX01-nextcloud-alb",
              "Owner": "ymontagnier"
            },
            "timeouts": null,
            "vpc_id": "vpc-07a2089710a434a08",
            "xff_header_processing_mode": "append",
            "zone_id": "Z23TAZ6LKFMNIO"
          },
          "sensitive_attributes": [],
          "private": "eyJlMmJmYjczMC1lY2FhLTExZTYtOGY4OC0zNDM2M2JjN2M0YzAiOnsiY3JlYXRlIjo2MDAwMDAwMDAwMDAsImRlbGV0ZSI6NjAwMDAwMDAwMDAwLCJ1cGRhdGUiOjYwMDAwMDAwMDAwMH19",
          "dependencies": [
            "aws_security_group.nextcloud-alb-sg",
            "aws_subnet.public",
            "aws_vpc.main"
          ]
        }
      ]
    },
    {
      "mode": "managed",
      "type": "aws_lb_listener",
      "name": "http",
      "provider": "provider[\"registry.terraform.io/hashicorp/aws\"]",
      "instances": [
        {
          "schema_version": 0,
          "attributes": {
            "alpn_policy": null,
            "arn": "arn:aws:elasticloadbalancing:eu-north-1:134400125759:listener/app/ymontagnier-nextcloud-alb/959f0c8a12409e80/1beda12419efaf64",
            "certificate_arn": null,
            "default_action": [
              {
                "authenticate_cognito": [],
                "authenticate_oidc": [],
                "fixed_response": [],
                "forward": [],
                "order": 1,
                "redirect": [],
                "target_group_arn": "arn:aws:elasticloadbalancing:eu-north-1:134400125759:targetgroup/ymontagnier-nextcloud-alb-tg/330a64341497cf11",
                "type": "forward"
              }
            ],
            "id": "arn:aws:elasticloadbalancing:eu-north-1:134400125759:listener/app/ymontagnier-nextcloud-alb/959f0c8a12409e80/1beda12419efaf64",
            "load_balancer_arn": "arn:aws:elasticloadbalancing:eu-north-1:134400125759:loadbalancer/app/ymontagnier-nextcloud-alb/959f0c8a12409e80",
            "mutual_authentication": [],
            "port": 80,
            "protocol": "HTTP",
            "routing_http_request_x_amzn_mtls_clientcert_header_name": null,
            "routing_http_request_x_amzn_mtls_clientcert_issuer_header_name": null,
            "routing_http_request_x_amzn_mtls_clientcert_leaf_header_name": null,
            "routing_http_request_x_amzn_mtls_clientcert_serial_number_header_name": null,
            "routing_http_request_x_amzn_mtls_clientcert_subject_header_name": null,
            "routing_http_request_x_amzn_mtls_clientcert_validity_header_name": null,
            "routing_http_request_x_amzn_tls_cipher_suite_header_name": null,
            "routing_http_request_x_amzn_tls_version_header_name": null,
            "routing_http_response_access_control_allow_credentials_header_value": "",
            "routing_http_response_access_control_allow_headers_header_value": "",
            "routing_http_response_access_control_allow_methods_header_value": "",
            "routing_http_response_access_control_allow_origin_header_value": "",
            "routing_http_response_access_control_expose_headers_header_value": "",
            "routing_http_response_access_control_max_age_header_value": "",
            "routing_http_response_content_security_policy_header_value": "",
            "routing_http_response_server_enabled": false,
            "routing_http_response_strict_transport_security_header_value": "",
            "routing_http_response_x_content_type_options_header_value": "",
            "routing_http_response_x_frame_options_header_value": "",
            "ssl_policy": "",
            "tags": {
              "Name": "ymontagnier-TP09-EX01-nextcloud-alb-http-listener"
            },
            "tags_all": {
              "Name": "ymontagnier-TP09-EX01-nextcloud-alb-http-listener",
              "Owner": "ymontagnier"
            },
            "tcp_idle_timeout_seconds": null,
            "timeouts": null
          },
          "sensitive_attributes": [],
          "private": "eyJlMmJmYjczMC1lY2FhLTExZTYtOGY4OC0zNDM2M2JjN2M0YzAiOnsiY3JlYXRlIjozMDAwMDAwMDAwMDAsInVwZGF0ZSI6MzAwMDAwMDAwMDAwfX0=",
          "dependencies": [
            "aws_lb.nextcloud",
            "aws_lb_target_group.nextcloud",
            "aws_security_group.nextcloud-alb-sg",
            "aws_subnet.public",
            "aws_vpc.main"
          ]
        }
      ]
    },
    {
      "mode": "managed",
      "type": "aws_lb_target_group",
      "name": "nextcloud",
      "provider": "provider[\"registry.terraform.io/hashicorp/aws\"]",
      "instances": [
        {
          "schema_version": 0,
          "attributes": {
            "arn": "arn:aws:elasticloadbalancing:eu-north-1:134400125759:targetgroup/ymontagnier-nextcloud-alb-tg/330a64341497cf11",
            "arn_suffix": "targetgroup/ymontagnier-nextcloud-alb-tg/330a64341497cf11",
            "connection_termination": null,
            "deregistration_delay": "300",
            "health_check": [
              {
                "enabled": true,
                "healthy_threshold": 3,
                "interval": 30,
                "matcher": "200",
                "path": "/",
                "port": "traffic-port",
                "protocol": "HTTP",
                "timeout": 5,
                "unhealthy_threshold": 3
              }
            ],
            "id": "arn:aws:elasticloadbalancing:eu-north-1:134400125759:targetgroup/ymontagnier-nextcloud-alb-tg/330a64341497cf11",
            "ip_address_type": "ipv4",
            "lambda_multi_value_headers_enabled": false,
            "load_balancer_arns": [
              "arn:aws:elasticloadbalancing:eu-north-1:134400125759:loadbalancer/app/ymontagnier-nextcloud-alb/959f0c8a12409e80"
            ],
            "load_balancing_algorithm_type": "round_robin",
            "load_balancing_anomaly_mitigation": "off",
            "load_balancing_cross_zone_enabled": "use_load_balancer_configuration",
            "name": "ymontagnier-nextcloud-alb-tg",
            "name_prefix": "",
            "port": 80,
            "preserve_client_ip": null,
            "protocol": "HTTP",
            "protocol_version": "HTTP1",
            "proxy_protocol_v2": false,
            "slow_start": 0,
            "stickiness": [
              {
                "cookie_duration": 86400,
                "cookie_name": "",
                "enabled": false,
                "type": "lb_cookie"
              }
            ],
            "tags": {
              "Name": "ymontagnier-TP09-EX01-nextcloud-alb-tg"
            },
            "tags_all": {
              "Name": "ymontagnier-TP09-EX01-nextcloud-alb-tg",
              "Owner": "ymontagnier"
            },
            "target_failover": [
              {
                "on_deregistration": null,
                "on_unhealthy": null
              }
            ],
            "target_group_health": [
              {
                "dns_failover": [
                  {
                    "minimum_healthy_targets_count": "1",
                    "minimum_healthy_targets_percentage": "off"
                  }
                ],
                "unhealthy_state_routing": [
                  {
                    "minimum_healthy_targets_count": 1,
                    "minimum_healthy_targets_percentage": "off"
                  }
                ]
              }
            ],
            "target_health_state": [
              {
                "enable_unhealthy_connection_termination": null,
                "unhealthy_draining_interval": null
              }
            ],
            "target_type": "instance",
            "vpc_id": "vpc-07a2089710a434a08"
          },
          "sensitive_attributes": [],
          "private": "bnVsbA==",
          "dependencies": [
            "aws_vpc.main"
          ]
        }
      ]
    },
    {
      "mode": "managed",
      "type": "aws_nat_gateway",
      "name": "public_nat",
      "provider": "provider[\"registry.terraform.io/hashicorp/aws\"]",
      "instances": [
        {
          "schema_version": 0,
          "attributes": {
            "allocation_id": "eipalloc-0bb78550e57b38a39",
            "association_id": "eipassoc-0bfe945949a34fb86",
            "connectivity_type": "public",
            "id": "nat-0e1c28bd15d9dc910",
            "network_interface_id": "eni-01e48e548aef2f89a",
            "private_ip": "10.0.1.71",
            "public_ip": "16.170.10.96",
            "secondary_allocation_ids": [],
            "secondary_private_ip_address_count": 0,
            "secondary_private_ip_addresses": [],
            "subnet_id": "subnet-051f8d7f3fa4f9004",
            "tags": {
              "Name": "ymontagnier-TP09-EX01-NATGateway"
            },
            "tags_all": {
              "Name": "ymontagnier-TP09-EX01-NATGateway",
              "Owner": "ymontagnier"
            },
            "timeouts": null
          },
          "sensitive_attributes": [],
          "private": "eyJlMmJmYjczMC1lY2FhLTExZTYtOGY4OC0zNDM2M2JjN2M0YzAiOnsiY3JlYXRlIjo2MDAwMDAwMDAwMDAsImRlbGV0ZSI6MTgwMDAwMDAwMDAwMCwidXBkYXRlIjo2MDAwMDAwMDAwMDB9fQ==",
          "dependencies": [
            "aws_eip.nat_eip",
            "aws_internet_gateway.igw",
            "aws_subnet.public",
            "aws_vpc.main"
          ]
        }
      ]
    },
    {
      "mode": "managed",
      "type": "aws_network_acl",
      "name": "acl",
      "provider": "provider[\"registry.terraform.io/hashicorp/aws\"]",
      "instances": [
        {
          "schema_version": 0,
          "attributes": {
            "arn": "arn:aws:ec2:eu-north-1:134400125759:network-acl/acl-039d5e6cb4dc33d54",
            "egress": [
              {
                "action": "allow",
                "cidr_block": "0.0.0.0/0",
                "from_port": 0,
                "icmp_code": 0,
                "icmp_type": 0,
                "ipv6_cidr_block": "",
                "protocol": "-1",
                "rule_no": 100,
                "to_port": 0
              }
            ],
            "id": "acl-039d5e6cb4dc33d54",
            "ingress": [
              {
                "action": "allow",
                "cidr_block": "0.0.0.0/0",
                "from_port": 0,
                "icmp_code": 0,
                "icmp_type": 0,
                "ipv6_cidr_block": "",
                "protocol": "-1",
                "rule_no": 200,
                "to_port": 0
              },
              {
                "action": "deny",
                "cidr_block": "13.48.4.200/30",
                "from_port": 22,
                "icmp_code": 0,
                "icmp_type": 0,
                "ipv6_cidr_block": "",
                "protocol": "6",
                "rule_no": 100,
                "to_port": 22
              }
            ],
            "owner_id": "134400125759",
            "subnet_ids": [
              "subnet-0352ffb16e6efa69d",
              "subnet-0355c5279ddd5ae6a",
              "subnet-051f8d7f3fa4f9004",
              "subnet-05fd4b0187327de43",
              "subnet-07c8fe444a8b880ed",
              "subnet-083ac89208b9d39c8"
            ],
            "tags": {
              "Name": "ymontagnier-TP09-EX01-acl"
            },
            "tags_all": {
              "Name": "ymontagnier-TP09-EX01-acl",
              "Owner": "ymontagnier"
            },
            "vpc_id": "vpc-07a2089710a434a08"
          },
          "sensitive_attributes": [],
          "private": "bnVsbA==",
          "dependencies": [
            "aws_vpc.main"
          ]
        }
      ]
    },
    {
      "mode": "managed",
      "type": "aws_network_acl_association",
      "name": "private_acl_assoc",
      "provider": "provider[\"registry.terraform.io/hashicorp/aws\"]",
      "instances": [
        {
          "index_key": "a",
          "schema_version": 0,
          "attributes": {
            "id": "aclassoc-03e5a3bfc82dcd958",
            "network_acl_id": "acl-039d5e6cb4dc33d54",
            "subnet_id": "subnet-07c8fe444a8b880ed"
          },
          "sensitive_attributes": [],
          "private": "bnVsbA==",
          "dependencies": [
            "aws_network_acl.acl",
            "aws_subnet.private",
            "aws_vpc.main"
          ]
        },
        {
          "index_key": "b",
          "schema_version": 0,
          "attributes": {
            "id": "aclassoc-05fdb050049105d34",
            "network_acl_id": "acl-039d5e6cb4dc33d54",
            "subnet_id": "subnet-0352ffb16e6efa69d"
          },
          "sensitive_attributes": [],
          "private": "bnVsbA==",
          "dependencies": [
            "aws_network_acl.acl",
            "aws_subnet.private",
            "aws_vpc.main"
          ]
        },
        {
          "index_key": "c",
          "schema_version": 0,
          "attributes": {
            "id": "aclassoc-0de2b8c9c6b364651",
            "network_acl_id": "acl-039d5e6cb4dc33d54",
            "subnet_id": "subnet-0355c5279ddd5ae6a"
          },
          "sensitive_attributes": [],
          "private": "bnVsbA==",
          "dependencies": [
            "aws_network_acl.acl",
            "aws_subnet.private",
            "aws_vpc.main"
          ]
        }
      ]
    },
    {
      "mode": "managed",
      "type": "aws_network_acl_association",
      "name": "public_acl_assoc",
      "provider": "provider[\"registry.terraform.io/hashicorp/aws\"]",
      "instances": [
        {
          "index_key": "a",
          "schema_version": 0,
          "attributes": {
            "id": "aclassoc-0e24b2eaf1354edd8",
            "network_acl_id": "acl-039d5e6cb4dc33d54",
            "subnet_id": "subnet-051f8d7f3fa4f9004"
          },
          "sensitive_attributes": [],
          "private": "bnVsbA==",
          "dependencies": [
            "aws_network_acl.acl",
            "aws_subnet.public",
            "aws_vpc.main"
          ]
        },
        {
          "index_key": "b",
          "schema_version": 0,
          "attributes": {
            "id": "aclassoc-07df48d484dbe90e9",
            "network_acl_id": "acl-039d5e6cb4dc33d54",
            "subnet_id": "subnet-05fd4b0187327de43"
          },
          "sensitive_attributes": [],
          "private": "bnVsbA==",
          "dependencies": [
            "aws_network_acl.acl",
            "aws_subnet.public",
            "aws_vpc.main"
          ]
        },
        {
          "index_key": "c",
          "schema_version": 0,
          "attributes": {
            "id": "aclassoc-04858c077372327f0",
            "network_acl_id": "acl-039d5e6cb4dc33d54",
            "subnet_id": "subnet-083ac89208b9d39c8"
          },
          "sensitive_attributes": [],
          "private": "bnVsbA==",
          "dependencies": [
            "aws_network_acl.acl",
            "aws_subnet.public",
            "aws_vpc.main"
          ]
        }
      ]
    },
    {
      "mode": "managed",
      "type": "aws_route53_record",
      "name": "nextcloud",
      "provider": "provider[\"registry.terraform.io/hashicorp/aws\"]",
      "instances": [
        {
          "schema_version": 2,
          "attributes": {
            "alias": [
              {
                "evaluate_target_health": true,
                "name": "ymontagnier-nextcloud-alb-1921250208.eu-north-1.elb.amazonaws.com",
                "zone_id": "Z23TAZ6LKFMNIO"
              }
            ],
            "allow_overwrite": null,
            "cidr_routing_policy": [],
            "failover_routing_policy": [],
            "fqdn": "nextcloud-ymontagnier.training.akiros.it",
            "geolocation_routing_policy": [],
            "geoproximity_routing_policy": [],
            "health_check_id": "",
            "id": "Z0058052BHHE8HQH0GLZ_nextcloud-ymontagnier_A",
            "latency_routing_policy": [],
            "multivalue_answer_routing_policy": false,
            "name": "nextcloud-ymontagnier",
            "records": [],
            "set_identifier": "",
            "timeouts": null,
            "ttl": 0,
            "type": "A",
            "weighted_routing_policy": [],
            "zone_id": "Z0058052BHHE8HQH0GLZ"
          },
          "sensitive_attributes": [],
          "private": "eyJlMmJmYjczMC1lY2FhLTExZTYtOGY4OC0zNDM2M2JjN2M0YzAiOnsiY3JlYXRlIjoxODAwMDAwMDAwMDAwLCJkZWxldGUiOjE4MDAwMDAwMDAwMDAsInVwZGF0ZSI6MTgwMDAwMDAwMDAwMH0sInNjaGVtYV92ZXJzaW9uIjoiMiJ9",
          "dependencies": [
            "aws_lb.nextcloud",
            "aws_security_group.nextcloud-alb-sg",
            "aws_subnet.public",
            "aws_vpc.main",
            "data.aws_route53_zone.training"
          ]
        }
      ]
    },
    {
      "mode": "managed",
      "type": "aws_route_table",
      "name": "private",
      "provider": "provider[\"registry.terraform.io/hashicorp/aws\"]",
      "instances": [
        {
          "index_key": "a",
          "schema_version": 0,
          "attributes": {
            "arn": "arn:aws:ec2:eu-north-1:134400125759:route-table/rtb-03eb2e5481ac08ca3",
            "id": "rtb-03eb2e5481ac08ca3",
            "owner_id": "134400125759",
            "propagating_vgws": [],
            "route": [
              {
                "carrier_gateway_id": "",
                "cidr_block": "0.0.0.0/0",
                "core_network_arn": "",
                "destination_prefix_list_id": "",
                "egress_only_gateway_id": "",
                "gateway_id": "",
                "ipv6_cidr_block": "",
                "local_gateway_id": "",
                "nat_gateway_id": "nat-0e1c28bd15d9dc910",
                "network_interface_id": "",
                "transit_gateway_id": "",
                "vpc_endpoint_id": "",
                "vpc_peering_connection_id": ""
              }
            ],
            "tags": {
              "Name": "ymontagnier-TP09-EX01-private-rtb-eu-north-1a"
            },
            "tags_all": {
              "Name": "ymontagnier-TP09-EX01-private-rtb-eu-north-1a",
              "Owner": "ymontagnier"
            },
            "timeouts": null,
            "vpc_id": "vpc-07a2089710a434a08"
          },
          "sensitive_attributes": [],
          "private": "eyJlMmJmYjczMC1lY2FhLTExZTYtOGY4OC0zNDM2M2JjN2M0YzAiOnsiY3JlYXRlIjozMDAwMDAwMDAwMDAsImRlbGV0ZSI6MzAwMDAwMDAwMDAwLCJ1cGRhdGUiOjEyMDAwMDAwMDAwMH19",
          "dependencies": [
            "aws_eip.nat_eip",
            "aws_internet_gateway.igw",
            "aws_nat_gateway.public_nat",
            "aws_subnet.public",
            "aws_vpc.main"
          ]
        },
        {
          "index_key": "b",
          "schema_version": 0,
          "attributes": {
            "arn": "arn:aws:ec2:eu-north-1:134400125759:route-table/rtb-068f270b5e4b93d9c",
            "id": "rtb-068f270b5e4b93d9c",
            "owner_id": "134400125759",
            "propagating_vgws": [],
            "route": [
              {
                "carrier_gateway_id": "",
                "cidr_block": "0.0.0.0/0",
                "core_network_arn": "",
                "destination_prefix_list_id": "",
                "egress_only_gateway_id": "",
                "gateway_id": "",
                "ipv6_cidr_block": "",
                "local_gateway_id": "",
                "nat_gateway_id": "nat-0e1c28bd15d9dc910",
                "network_interface_id": "",
                "transit_gateway_id": "",
                "vpc_endpoint_id": "",
                "vpc_peering_connection_id": ""
              }
            ],
            "tags": {
              "Name": "ymontagnier-TP09-EX01-private-rtb-eu-north-1b"
            },
            "tags_all": {
              "Name": "ymontagnier-TP09-EX01-private-rtb-eu-north-1b",
              "Owner": "ymontagnier"
            },
            "timeouts": null,
            "vpc_id": "vpc-07a2089710a434a08"
          },
          "sensitive_attributes": [],
          "private": "eyJlMmJmYjczMC1lY2FhLTExZTYtOGY4OC0zNDM2M2JjN2M0YzAiOnsiY3JlYXRlIjozMDAwMDAwMDAwMDAsImRlbGV0ZSI6MzAwMDAwMDAwMDAwLCJ1cGRhdGUiOjEyMDAwMDAwMDAwMH19",
          "dependencies": [
            "aws_eip.nat_eip",
            "aws_internet_gateway.igw",
            "aws_nat_gateway.public_nat",
            "aws_subnet.public",
            "aws_vpc.main"
          ]
        },
        {
          "index_key": "c",
          "schema_version": 0,
          "attributes": {
            "arn": "arn:aws:ec2:eu-north-1:134400125759:route-table/rtb-02ced2990e325cd9f",
            "id": "rtb-02ced2990e325cd9f",
            "owner_id": "134400125759",
            "propagating_vgws": [],
            "route": [
              {
                "carrier_gateway_id": "",
                "cidr_block": "0.0.0.0/0",
                "core_network_arn": "",
                "destination_prefix_list_id": "",
                "egress_only_gateway_id": "",
                "gateway_id": "",
                "ipv6_cidr_block": "",
                "local_gateway_id": "",
                "nat_gateway_id": "nat-0e1c28bd15d9dc910",
                "network_interface_id": "",
                "transit_gateway_id": "",
                "vpc_endpoint_id": "",
                "vpc_peering_connection_id": ""
              }
            ],
            "tags": {
              "Name": "ymontagnier-TP09-EX01-private-rtb-eu-north-1c"
            },
            "tags_all": {
              "Name": "ymontagnier-TP09-EX01-private-rtb-eu-north-1c",
              "Owner": "ymontagnier"
            },
            "timeouts": null,
            "vpc_id": "vpc-07a2089710a434a08"
          },
          "sensitive_attributes": [],
          "private": "eyJlMmJmYjczMC1lY2FhLTExZTYtOGY4OC0zNDM2M2JjN2M0YzAiOnsiY3JlYXRlIjozMDAwMDAwMDAwMDAsImRlbGV0ZSI6MzAwMDAwMDAwMDAwLCJ1cGRhdGUiOjEyMDAwMDAwMDAwMH19",
          "dependencies": [
            "aws_eip.nat_eip",
            "aws_internet_gateway.igw",
            "aws_nat_gateway.public_nat",
            "aws_subnet.public",
            "aws_vpc.main"
          ]
        }
      ]
    },
    {
      "mode": "managed",
      "type": "aws_route_table",
      "name": "public",
      "provider": "provider[\"registry.terraform.io/hashicorp/aws\"]",
      "instances": [
        {
          "schema_version": 0,
          "attributes": {
            "arn": "arn:aws:ec2:eu-north-1:134400125759:route-table/rtb-044e87200de2cb1ee",
            "id": "rtb-044e87200de2cb1ee",
            "owner_id": "134400125759",
            "propagating_vgws": [],
            "route": [
              {
                "carrier_gateway_id": "",
                "cidr_block": "0.0.0.0/0",
                "core_network_arn": "",
                "destination_prefix_list_id": "",
                "egress_only_gateway_id": "",
                "gateway_id": "igw-0f2f6fe59249f6e92",
                "ipv6_cidr_block": "",
                "local_gateway_id": "",
                "nat_gateway_id": "",
                "network_interface_id": "",
                "transit_gateway_id": "",
                "vpc_endpoint_id": "",
                "vpc_peering_connection_id": ""
              }
            ],
            "tags": {
              "Name": "ymontagnier-TP09-EX01-public-rtb"
            },
            "tags_all": {
              "Name": "ymontagnier-TP09-EX01-public-rtb",
              "Owner": "ymontagnier"
            },
            "timeouts": null,
            "vpc_id": "vpc-07a2089710a434a08"
          },
          "sensitive_attributes": [],
          "private": "eyJlMmJmYjczMC1lY2FhLTExZTYtOGY4OC0zNDM2M2JjN2M0YzAiOnsiY3JlYXRlIjozMDAwMDAwMDAwMDAsImRlbGV0ZSI6MzAwMDAwMDAwMDAwLCJ1cGRhdGUiOjEyMDAwMDAwMDAwMH19",
          "dependencies": [
            "aws_internet_gateway.igw",
            "aws_vpc.main"
          ]
        }
      ]
    },
    {
      "mode": "managed",
      "type": "aws_route_table_association",
      "name": "private",
      "provider": "provider[\"registry.terraform.io/hashicorp/aws\"]",
      "instances": [
        {
          "index_key": "a",
          "schema_version": 0,
          "attributes": {
            "gateway_id": "",
            "id": "rtbassoc-08cbb8760bc0e773c",
            "route_table_id": "rtb-03eb2e5481ac08ca3",
            "subnet_id": "subnet-07c8fe444a8b880ed",
            "timeouts": null
          },
          "sensitive_attributes": [],
          "private": "eyJlMmJmYjczMC1lY2FhLTExZTYtOGY4OC0zNDM2M2JjN2M0YzAiOnsiY3JlYXRlIjozMDAwMDAwMDAwMDAsImRlbGV0ZSI6MzAwMDAwMDAwMDAwLCJ1cGRhdGUiOjEyMDAwMDAwMDAwMH19",
          "dependencies": [
            "aws_eip.nat_eip",
            "aws_internet_gateway.igw",
            "aws_nat_gateway.public_nat",
            "aws_route_table.private",
            "aws_subnet.private",
            "aws_subnet.public",
            "aws_vpc.main"
          ]
        },
        {
          "index_key": "b",
          "schema_version": 0,
          "attributes": {
            "gateway_id": "",
            "id": "rtbassoc-07da50fff0c50bc7f",
            "route_table_id": "rtb-068f270b5e4b93d9c",
            "subnet_id": "subnet-0352ffb16e6efa69d",
            "timeouts": null
          },
          "sensitive_attributes": [],
          "private": "eyJlMmJmYjczMC1lY2FhLTExZTYtOGY4OC0zNDM2M2JjN2M0YzAiOnsiY3JlYXRlIjozMDAwMDAwMDAwMDAsImRlbGV0ZSI6MzAwMDAwMDAwMDAwLCJ1cGRhdGUiOjEyMDAwMDAwMDAwMH19",
          "dependencies": [
            "aws_eip.nat_eip",
            "aws_internet_gateway.igw",
            "aws_nat_gateway.public_nat",
            "aws_route_table.private",
            "aws_subnet.private",
            "aws_subnet.public",
            "aws_vpc.main"
          ]
        },
        {
          "index_key": "c",
          "schema_version": 0,
          "attributes": {
            "gateway_id": "",
            "id": "rtbassoc-03bff827e26085ed5",
            "route_table_id": "rtb-02ced2990e325cd9f",
            "subnet_id": "subnet-0355c5279ddd5ae6a",
            "timeouts": null
          },
          "sensitive_attributes": [],
          "private": "eyJlMmJmYjczMC1lY2FhLTExZTYtOGY4OC0zNDM2M2JjN2M0YzAiOnsiY3JlYXRlIjozMDAwMDAwMDAwMDAsImRlbGV0ZSI6MzAwMDAwMDAwMDAwLCJ1cGRhdGUiOjEyMDAwMDAwMDAwMH19",
          "dependencies": [
            "aws_eip.nat_eip",
            "aws_internet_gateway.igw",
            "aws_nat_gateway.public_nat",
            "aws_route_table.private",
            "aws_subnet.private",
            "aws_subnet.public",
            "aws_vpc.main"
          ]
        }
      ]
    },
    {
      "mode": "managed",
      "type": "aws_route_table_association",
      "name": "public",
      "provider": "provider[\"registry.terraform.io/hashicorp/aws\"]",
      "instances": [
        {
          "index_key": "a",
          "schema_version": 0,
          "attributes": {
            "gateway_id": "",
            "id": "rtbassoc-05a1a6628fb7a124a",
            "route_table_id": "rtb-044e87200de2cb1ee",
            "subnet_id": "subnet-051f8d7f3fa4f9004",
            "timeouts": null
          },
          "sensitive_attributes": [],
          "private": "eyJlMmJmYjczMC1lY2FhLTExZTYtOGY4OC0zNDM2M2JjN2M0YzAiOnsiY3JlYXRlIjozMDAwMDAwMDAwMDAsImRlbGV0ZSI6MzAwMDAwMDAwMDAwLCJ1cGRhdGUiOjEyMDAwMDAwMDAwMH19",
          "dependencies": [
            "aws_internet_gateway.igw",
            "aws_route_table.public",
            "aws_subnet.public",
            "aws_vpc.main"
          ]
        },
        {
          "index_key": "b",
          "schema_version": 0,
          "attributes": {
            "gateway_id": "",
            "id": "rtbassoc-0337eed9b89e23d4c",
            "route_table_id": "rtb-044e87200de2cb1ee",
            "subnet_id": "subnet-05fd4b0187327de43",
            "timeouts": null
          },
          "sensitive_attributes": [],
          "private": "eyJlMmJmYjczMC1lY2FhLTExZTYtOGY4OC0zNDM2M2JjN2M0YzAiOnsiY3JlYXRlIjozMDAwMDAwMDAwMDAsImRlbGV0ZSI6MzAwMDAwMDAwMDAwLCJ1cGRhdGUiOjEyMDAwMDAwMDAwMH19",
          "dependencies": [
            "aws_internet_gateway.igw",
            "aws_route_table.public",
            "aws_subnet.public",
            "aws_vpc.main"
          ]
        },
        {
          "index_key": "c",
          "schema_version": 0,
          "attributes": {
            "gateway_id": "",
            "id": "rtbassoc-086f35911a7fd61da",
            "route_table_id": "rtb-044e87200de2cb1ee",
            "subnet_id": "subnet-083ac89208b9d39c8",
            "timeouts": null
          },
          "sensitive_attributes": [],
          "private": "eyJlMmJmYjczMC1lY2FhLTExZTYtOGY4OC0zNDM2M2JjN2M0YzAiOnsiY3JlYXRlIjozMDAwMDAwMDAwMDAsImRlbGV0ZSI6MzAwMDAwMDAwMDAwLCJ1cGRhdGUiOjEyMDAwMDAwMDAwMH19",
          "dependencies": [
            "aws_internet_gateway.igw",
            "aws_route_table.public",
            "aws_subnet.public",
            "aws_vpc.main"
          ]
        }
      ]
    },
    {
      "mode": "managed",
      "type": "aws_s3_bucket",
      "name": "nextcloud_bucket",
      "provider": "provider[\"registry.terraform.io/hashicorp/aws\"]",
      "instances": [
        {
          "schema_version": 0,
          "attributes": {
            "acceleration_status": "",
            "acl": null,
            "arn": "arn:aws:s3:::ymontagnier-tp09-ex01-nextcloud-bucket",
            "bucket": "ymontagnier-tp09-ex01-nextcloud-bucket",
            "bucket_domain_name": "ymontagnier-tp09-ex01-nextcloud-bucket.s3.amazonaws.com",
            "bucket_prefix": "",
            "bucket_regional_domain_name": "ymontagnier-tp09-ex01-nextcloud-bucket.s3.eu-north-1.amazonaws.com",
            "cors_rule": [],
            "force_destroy": false,
            "grant": [
              {
                "id": "dce67c98d78035264db5532e5c4c05988a00c173a730653f5f4e10dc375e8252",
                "permissions": [
                  "FULL_CONTROL"
                ],
                "type": "CanonicalUser",
                "uri": ""
              }
            ],
            "hosted_zone_id": "Z3BAZG2TWCNX0D",
            "id": "ymontagnier-tp09-ex01-nextcloud-bucket",
            "lifecycle_rule": [],
            "logging": [],
            "object_lock_configuration": [],
            "object_lock_enabled": false,
            "policy": "",
            "region": "eu-north-1",
            "replication_configuration": [],
            "request_payer": "BucketOwner",
            "server_side_encryption_configuration": [
              {
                "rule": [
                  {
                    "apply_server_side_encryption_by_default": [
                      {
                        "kms_master_key_id": "",
                        "sse_algorithm": "AES256"
                      }
                    ],
                    "bucket_key_enabled": false
                  }
                ]
              }
            ],
            "tags": {
              "Name": "ymontagnier-TP09-EX01-nextcloud"
            },
            "tags_all": {
              "Name": "ymontagnier-TP09-EX01-nextcloud",
              "Owner": "ymontagnier"
            },
            "timeouts": null,
            "versioning": [
              {
                "enabled": false,
                "mfa_delete": false
              }
            ],
            "website": [],
            "website_domain": null,
            "website_endpoint": null
          },
          "sensitive_attributes": [],
          "private": "eyJlMmJmYjczMC1lY2FhLTExZTYtOGY4OC0zNDM2M2JjN2M0YzAiOnsiY3JlYXRlIjoxMjAwMDAwMDAwMDAwLCJkZWxldGUiOjM2MDAwMDAwMDAwMDAsInJlYWQiOjEyMDAwMDAwMDAwMDAsInVwZGF0ZSI6MTIwMDAwMDAwMDAwMH19"
        }
      ]
    },
    {
      "mode": "managed",
      "type": "aws_s3_bucket_server_side_encryption_configuration",
      "name": "nextcloud_bucket_sse",
      "provider": "provider[\"registry.terraform.io/hashicorp/aws\"]",
      "instances": [
        {
          "schema_version": 0,
          "attributes": {
            "bucket": "ymontagnier-tp09-ex01-nextcloud-bucket",
            "expected_bucket_owner": "",
            "id": "ymontagnier-tp09-ex01-nextcloud-bucket",
            "rule": [
              {
                "apply_server_side_encryption_by_default": [
                  {
                    "kms_master_key_id": "",
                    "sse_algorithm": "AES256"
                  }
                ],
                "bucket_key_enabled": false
              }
            ]
          },
          "sensitive_attributes": [],
          "private": "bnVsbA==",
          "dependencies": [
            "aws_s3_bucket.nextcloud_bucket"
          ]
        }
      ]
    },
    {
      "mode": "managed",
      "type": "aws_security_group",
      "name": "bastion_sg",
      "provider": "provider[\"registry.terraform.io/hashicorp/aws\"]",
      "instances": [
        {
          "schema_version": 1,
          "attributes": {
            "arn": "arn:aws:ec2:eu-north-1:134400125759:security-group/sg-053094b79c3b73975",
            "description": "Allow SSH inbound traffic from ynov and all outbound traffic",
            "egress": [
              {
                "cidr_blocks": [
                  "0.0.0.0/0"
                ],
                "description": "",
                "from_port": 0,
                "ipv6_cidr_blocks": [],
                "prefix_list_ids": [],
                "protocol": "-1",
                "security_groups": [],
                "self": false,
                "to_port": 0
              }
            ],
            "id": "sg-053094b79c3b73975",
            "ingress": [
              {
                "cidr_blocks": [
                  "195.7.117.146/32",
                  "13.38.79.125/32",
                  "176.138.11.81/32"
                ],
                "description": "",
                "from_port": 22,
                "ipv6_cidr_blocks": [],
                "prefix_list_ids": [],
                "protocol": "tcp",
                "security_groups": [],
                "self": false,
                "to_port": 22
              }
            ],
            "name": "ymontagnier-TP09-EX01-bastion-sg",
            "name_prefix": "",
            "owner_id": "134400125759",
            "revoke_rules_on_delete": false,
            "tags": {
              "Name": "ymontagnier-TP09-EX01-bastion-sg"
            },
            "tags_all": {
              "Name": "ymontagnier-TP09-EX01-bastion-sg",
              "Owner": "ymontagnier"
            },
            "timeouts": null,
            "vpc_id": "vpc-07a2089710a434a08"
          },
          "sensitive_attributes": [],
          "private": "eyJlMmJmYjczMC1lY2FhLTExZTYtOGY4OC0zNDM2M2JjN2M0YzAiOnsiY3JlYXRlIjo2MDAwMDAwMDAwMDAsImRlbGV0ZSI6OTAwMDAwMDAwMDAwfSwic2NoZW1hX3ZlcnNpb24iOiIxIn0=",
          "dependencies": [
            "aws_vpc.main"
          ]
        }
      ]
    },
    {
      "mode": "managed",
      "type": "aws_security_group",
      "name": "efs_sg",
      "provider": "provider[\"registry.terraform.io/hashicorp/aws\"]",
      "instances": [
        {
          "schema_version": 1,
          "attributes": {
            "arn": "arn:aws:ec2:eu-north-1:134400125759:security-group/sg-0bb0f2e7c1cd6c430",
            "description": "Security group for Nextcloud EFS",
            "egress": [],
            "id": "sg-0bb0f2e7c1cd6c430",
            "ingress": [
              {
                "cidr_blocks": [],
                "description": "",
                "from_port": 2049,
                "ipv6_cidr_blocks": [],
                "prefix_list_ids": [],
                "protocol": "tcp",
                "security_groups": [
                  "sg-057bc65da8c99d3d7"
                ],
                "self": false,
                "to_port": 2049
              }
            ],
            "name": "ymontagnier-TP09-EX01-nextcloud-efs-sg",
            "name_prefix": "",
            "owner_id": "134400125759",
            "revoke_rules_on_delete": false,
            "tags": {
              "Name": "ymontagnier-TP09-EX01-nextcloud-efs-sg"
            },
            "tags_all": {
              "Name": "ymontagnier-TP09-EX01-nextcloud-efs-sg",
              "Owner": "ymontagnier"
            },
            "timeouts": null,
            "vpc_id": "vpc-07a2089710a434a08"
          },
          "sensitive_attributes": [],
          "private": "eyJlMmJmYjczMC1lY2FhLTExZTYtOGY4OC0zNDM2M2JjN2M0YzAiOnsiY3JlYXRlIjo2MDAwMDAwMDAwMDAsImRlbGV0ZSI6OTAwMDAwMDAwMDAwfSwic2NoZW1hX3ZlcnNpb24iOiIxIn0=",
          "dependencies": [
            "aws_vpc.main"
          ]
        }
      ]
    },
    {
      "mode": "managed",
      "type": "aws_security_group",
      "name": "nextcloud-alb-sg",
      "provider": "provider[\"registry.terraform.io/hashicorp/aws\"]",
      "instances": [
        {
          "schema_version": 1,
          "attributes": {
            "arn": "arn:aws:ec2:eu-north-1:134400125759:security-group/sg-0e19e8bf15de06282",
            "description": "Security group for Nextcloud ALB",
            "egress": [
              {
                "cidr_blocks": [
                  "0.0.0.0/0"
                ],
                "description": "",
                "from_port": 0,
                "ipv6_cidr_blocks": [],
                "prefix_list_ids": [],
                "protocol": "-1",
                "security_groups": [],
                "self": false,
                "to_port": 0
              }
            ],
            "id": "sg-0e19e8bf15de06282",
            "ingress": [
              {
                "cidr_blocks": [
                  "195.7.117.146/32",
                  "176.138.11.81/32",
                  "15.237.144.13/32"
                ],
                "description": "",
                "from_port": 80,
                "ipv6_cidr_blocks": [],
                "prefix_list_ids": [],
                "protocol": "tcp",
                "security_groups": [
                  "sg-057bc65da8c99d3d7"
                ],
                "self": false,
                "to_port": 80
              }
            ],
            "name": "ymontagnier-TP09-EX01-nextcloud-alb-sg",
            "name_prefix": "",
            "owner_id": "134400125759",
            "revoke_rules_on_delete": false,
            "tags": {
              "Name": "ymontagnier-TP09-EX01-nextcloud-alb-sg"
            },
            "tags_all": {
              "Name": "ymontagnier-TP09-EX01-nextcloud-alb-sg",
              "Owner": "ymontagnier"
            },
            "timeouts": null,
            "vpc_id": "vpc-07a2089710a434a08"
          },
          "sensitive_attributes": [],
          "private": "eyJlMmJmYjczMC1lY2FhLTExZTYtOGY4OC0zNDM2M2JjN2M0YzAiOnsiY3JlYXRlIjo2MDAwMDAwMDAwMDAsImRlbGV0ZSI6OTAwMDAwMDAwMDAwfSwic2NoZW1hX3ZlcnNpb24iOiIxIn0=",
          "dependencies": [
            "aws_vpc.main"
          ]
        }
      ]
    },
    {
      "mode": "managed",
      "type": "aws_security_group",
      "name": "nextcloud_db_sg",
      "provider": "provider[\"registry.terraform.io/hashicorp/aws\"]",
      "instances": [
        {
          "schema_version": 1,
          "attributes": {
            "arn": "arn:aws:ec2:eu-north-1:134400125759:security-group/sg-0c46050b19f8c0467",
            "description": "Security group for Nextcloud RDS",
            "egress": [],
            "id": "sg-0c46050b19f8c0467",
            "ingress": [
              {
                "cidr_blocks": [],
                "description": "",
                "from_port": 3306,
                "ipv6_cidr_blocks": [],
                "prefix_list_ids": [],
                "protocol": "tcp",
                "security_groups": [
                  "sg-057bc65da8c99d3d7"
                ],
                "self": false,
                "to_port": 3306
              }
            ],
            "name": "ymontagnier-TP09-EX01-nextcloud-db-sg",
            "name_prefix": "",
            "owner_id": "134400125759",
            "revoke_rules_on_delete": false,
            "tags": {
              "Name": "ymontagnier-TP09-EX01-nextcloud-db-sg"
            },
            "tags_all": {
              "Name": "ymontagnier-TP09-EX01-nextcloud-db-sg",
              "Owner": "ymontagnier"
            },
            "timeouts": null,
            "vpc_id": "vpc-07a2089710a434a08"
          },
          "sensitive_attributes": [],
          "private": "eyJlMmJmYjczMC1lY2FhLTExZTYtOGY4OC0zNDM2M2JjN2M0YzAiOnsiY3JlYXRlIjo2MDAwMDAwMDAwMDAsImRlbGV0ZSI6OTAwMDAwMDAwMDAwfSwic2NoZW1hX3ZlcnNpb24iOiIxIn0=",
          "dependencies": [
            "aws_vpc.main"
          ]
        }
      ]
    },
    {
      "mode": "managed",
      "type": "aws_security_group",
      "name": "nextcloud_sg",
      "provider": "provider[\"registry.terraform.io/hashicorp/aws\"]",
      "instances": [
        {
          "schema_version": 1,
          "attributes": {
            "arn": "arn:aws:ec2:eu-north-1:134400125759:security-group/sg-057bc65da8c99d3d7",
            "description": "Allow SSH inbound traffic from bastion and all outbound traffic",
            "egress": [
              {
                "cidr_blocks": [
                  "0.0.0.0/0"
                ],
                "description": "",
                "from_port": 0,
                "ipv6_cidr_blocks": [],
                "prefix_list_ids": [],
                "protocol": "-1",
                "security_groups": [],
                "self": false,
                "to_port": 0
              }
            ],
            "id": "sg-057bc65da8c99d3d7",
            "ingress": [
              {
                "cidr_blocks": [],
                "description": "",
                "from_port": 22,
                "ipv6_cidr_blocks": [],
                "prefix_list_ids": [],
                "protocol": "tcp",
                "security_groups": [
                  "sg-053094b79c3b73975"
                ],
                "self": false,
                "to_port": 22
              },
              {
                "cidr_blocks": [],
                "description": "",
                "from_port": 80,
                "ipv6_cidr_blocks": [],
                "prefix_list_ids": [],
                "protocol": "tcp",
                "security_groups": [
                  "sg-0e19e8bf15de06282"
                ],
                "self": false,
                "to_port": 80
              }
            ],
            "name": "ymontagnier-TP09-EX01-nextcloud-sg",
            "name_prefix": "",
            "owner_id": "134400125759",
            "revoke_rules_on_delete": false,
            "tags": {
              "Name": "ymontagnier-TP09-EX01-nextcloud-sg"
            },
            "tags_all": {
              "Name": "ymontagnier-TP09-EX01-nextcloud-sg",
              "Owner": "ymontagnier"
            },
            "timeouts": null,
            "vpc_id": "vpc-07a2089710a434a08"
          },
          "sensitive_attributes": [],
          "private": "eyJlMmJmYjczMC1lY2FhLTExZTYtOGY4OC0zNDM2M2JjN2M0YzAiOnsiY3JlYXRlIjo2MDAwMDAwMDAwMDAsImRlbGV0ZSI6OTAwMDAwMDAwMDAwfSwic2NoZW1hX3ZlcnNpb24iOiIxIn0=",
          "dependencies": [
            "aws_vpc.main"
          ]
        }
      ]
    },
    {
      "mode": "managed",
      "type": "aws_subnet",
      "name": "private",
      "provider": "provider[\"registry.terraform.io/hashicorp/aws\"]",
      "instances": [
        {
          "index_key": "a",
          "schema_version": 1,
          "attributes": {
            "arn": "arn:aws:ec2:eu-north-1:134400125759:subnet/subnet-07c8fe444a8b880ed",
            "assign_ipv6_address_on_creation": false,
            "availability_zone": "eu-north-1a",
            "availability_zone_id": "eun1-az1",
            "cidr_block": "10.0.4.0/24",
            "customer_owned_ipv4_pool": "",
            "enable_dns64": false,
            "enable_lni_at_device_index": 0,
            "enable_resource_name_dns_a_record_on_launch": false,
            "enable_resource_name_dns_aaaa_record_on_launch": false,
            "id": "subnet-07c8fe444a8b880ed",
            "ipv6_cidr_block": "",
            "ipv6_cidr_block_association_id": "",
            "ipv6_native": false,
            "map_customer_owned_ip_on_launch": false,
            "map_public_ip_on_launch": false,
            "outpost_arn": "",
            "owner_id": "134400125759",
            "private_dns_hostname_type_on_launch": "ip-name",
            "tags": {
              "Name": "ymontagnier-TP09-EX01-private-eu-north-1a"
            },
            "tags_all": {
              "Name": "ymontagnier-TP09-EX01-private-eu-north-1a",
              "Owner": "ymontagnier"
            },
            "timeouts": null,
            "vpc_id": "vpc-07a2089710a434a08"
          },
          "sensitive_attributes": [],
          "private": "eyJlMmJmYjczMC1lY2FhLTExZTYtOGY4OC0zNDM2M2JjN2M0YzAiOnsiY3JlYXRlIjo2MDAwMDAwMDAwMDAsImRlbGV0ZSI6MTIwMDAwMDAwMDAwMH0sInNjaGVtYV92ZXJzaW9uIjoiMSJ9",
          "dependencies": [
            "aws_vpc.main"
          ]
        },
        {
          "index_key": "b",
          "schema_version": 1,
          "attributes": {
            "arn": "arn:aws:ec2:eu-north-1:134400125759:subnet/subnet-0352ffb16e6efa69d",
            "assign_ipv6_address_on_creation": false,
            "availability_zone": "eu-north-1b",
            "availability_zone_id": "eun1-az2",
            "cidr_block": "10.0.5.0/24",
            "customer_owned_ipv4_pool": "",
            "enable_dns64": false,
            "enable_lni_at_device_index": 0,
            "enable_resource_name_dns_a_record_on_launch": false,
            "enable_resource_name_dns_aaaa_record_on_launch": false,
            "id": "subnet-0352ffb16e6efa69d",
            "ipv6_cidr_block": "",
            "ipv6_cidr_block_association_id": "",
            "ipv6_native": false,
            "map_customer_owned_ip_on_launch": false,
            "map_public_ip_on_launch": false,
            "outpost_arn": "",
            "owner_id": "134400125759",
            "private_dns_hostname_type_on_launch": "ip-name",
            "tags": {
              "Name": "ymontagnier-TP09-EX01-private-eu-north-1b"
            },
            "tags_all": {
              "Name": "ymontagnier-TP09-EX01-private-eu-north-1b",
              "Owner": "ymontagnier"
            },
            "timeouts": null,
            "vpc_id": "vpc-07a2089710a434a08"
          },
          "sensitive_attributes": [],
          "private": "eyJlMmJmYjczMC1lY2FhLTExZTYtOGY4OC0zNDM2M2JjN2M0YzAiOnsiY3JlYXRlIjo2MDAwMDAwMDAwMDAsImRlbGV0ZSI6MTIwMDAwMDAwMDAwMH0sInNjaGVtYV92ZXJzaW9uIjoiMSJ9",
          "dependencies": [
            "aws_vpc.main"
          ]
        },
        {
          "index_key": "c",
          "schema_version": 1,
          "attributes": {
            "arn": "arn:aws:ec2:eu-north-1:134400125759:subnet/subnet-0355c5279ddd5ae6a",
            "assign_ipv6_address_on_creation": false,
            "availability_zone": "eu-north-1c",
            "availability_zone_id": "eun1-az3",
            "cidr_block": "10.0.6.0/24",
            "customer_owned_ipv4_pool": "",
            "enable_dns64": false,
            "enable_lni_at_device_index": 0,
            "enable_resource_name_dns_a_record_on_launch": false,
            "enable_resource_name_dns_aaaa_record_on_launch": false,
            "id": "subnet-0355c5279ddd5ae6a",
            "ipv6_cidr_block": "",
            "ipv6_cidr_block_association_id": "",
            "ipv6_native": false,
            "map_customer_owned_ip_on_launch": false,
            "map_public_ip_on_launch": false,
            "outpost_arn": "",
            "owner_id": "134400125759",
            "private_dns_hostname_type_on_launch": "ip-name",
            "tags": {
              "Name": "ymontagnier-TP09-EX01-private-eu-north-1c"
            },
            "tags_all": {
              "Name": "ymontagnier-TP09-EX01-private-eu-north-1c",
              "Owner": "ymontagnier"
            },
            "timeouts": null,
            "vpc_id": "vpc-07a2089710a434a08"
          },
          "sensitive_attributes": [],
          "private": "eyJlMmJmYjczMC1lY2FhLTExZTYtOGY4OC0zNDM2M2JjN2M0YzAiOnsiY3JlYXRlIjo2MDAwMDAwMDAwMDAsImRlbGV0ZSI6MTIwMDAwMDAwMDAwMH0sInNjaGVtYV92ZXJzaW9uIjoiMSJ9",
          "dependencies": [
            "aws_vpc.main"
          ]
        }
      ]
    },
    {
      "mode": "managed",
      "type": "aws_subnet",
      "name": "public",
      "provider": "provider[\"registry.terraform.io/hashicorp/aws\"]",
      "instances": [
        {
          "index_key": "a",
          "schema_version": 1,
          "attributes": {
            "arn": "arn:aws:ec2:eu-north-1:134400125759:subnet/subnet-051f8d7f3fa4f9004",
            "assign_ipv6_address_on_creation": false,
            "availability_zone": "eu-north-1a",
            "availability_zone_id": "eun1-az1",
            "cidr_block": "10.0.1.0/24",
            "customer_owned_ipv4_pool": "",
            "enable_dns64": false,
            "enable_lni_at_device_index": 0,
            "enable_resource_name_dns_a_record_on_launch": false,
            "enable_resource_name_dns_aaaa_record_on_launch": false,
            "id": "subnet-051f8d7f3fa4f9004",
            "ipv6_cidr_block": "",
            "ipv6_cidr_block_association_id": "",
            "ipv6_native": false,
            "map_customer_owned_ip_on_launch": false,
            "map_public_ip_on_launch": true,
            "outpost_arn": "",
            "owner_id": "134400125759",
            "private_dns_hostname_type_on_launch": "ip-name",
            "tags": {
              "Name": "ymontagnier-TP09-EX01-public-eu-north-1a"
            },
            "tags_all": {
              "Name": "ymontagnier-TP09-EX01-public-eu-north-1a",
              "Owner": "ymontagnier"
            },
            "timeouts": null,
            "vpc_id": "vpc-07a2089710a434a08"
          },
          "sensitive_attributes": [],
          "private": "eyJlMmJmYjczMC1lY2FhLTExZTYtOGY4OC0zNDM2M2JjN2M0YzAiOnsiY3JlYXRlIjo2MDAwMDAwMDAwMDAsImRlbGV0ZSI6MTIwMDAwMDAwMDAwMH0sInNjaGVtYV92ZXJzaW9uIjoiMSJ9",
          "dependencies": [
            "aws_vpc.main"
          ]
        },
        {
          "index_key": "b",
          "schema_version": 1,
          "attributes": {
            "arn": "arn:aws:ec2:eu-north-1:134400125759:subnet/subnet-05fd4b0187327de43",
            "assign_ipv6_address_on_creation": false,
            "availability_zone": "eu-north-1b",
            "availability_zone_id": "eun1-az2",
            "cidr_block": "10.0.2.0/24",
            "customer_owned_ipv4_pool": "",
            "enable_dns64": false,
            "enable_lni_at_device_index": 0,
            "enable_resource_name_dns_a_record_on_launch": false,
            "enable_resource_name_dns_aaaa_record_on_launch": false,
            "id": "subnet-05fd4b0187327de43",
            "ipv6_cidr_block": "",
            "ipv6_cidr_block_association_id": "",
            "ipv6_native": false,
            "map_customer_owned_ip_on_launch": false,
            "map_public_ip_on_launch": true,
            "outpost_arn": "",
            "owner_id": "134400125759",
            "private_dns_hostname_type_on_launch": "ip-name",
            "tags": {
              "Name": "ymontagnier-TP09-EX01-public-eu-north-1b"
            },
            "tags_all": {
              "Name": "ymontagnier-TP09-EX01-public-eu-north-1b",
              "Owner": "ymontagnier"
            },
            "timeouts": null,
            "vpc_id": "vpc-07a2089710a434a08"
          },
          "sensitive_attributes": [],
          "private": "eyJlMmJmYjczMC1lY2FhLTExZTYtOGY4OC0zNDM2M2JjN2M0YzAiOnsiY3JlYXRlIjo2MDAwMDAwMDAwMDAsImRlbGV0ZSI6MTIwMDAwMDAwMDAwMH0sInNjaGVtYV92ZXJzaW9uIjoiMSJ9",
          "dependencies": [
            "aws_vpc.main"
          ]
        },
        {
          "index_key": "c",
          "schema_version": 1,
          "attributes": {
            "arn": "arn:aws:ec2:eu-north-1:134400125759:subnet/subnet-083ac89208b9d39c8",
            "assign_ipv6_address_on_creation": false,
            "availability_zone": "eu-north-1c",
            "availability_zone_id": "eun1-az3",
            "cidr_block": "10.0.3.0/24",
            "customer_owned_ipv4_pool": "",
            "enable_dns64": false,
            "enable_lni_at_device_index": 0,
            "enable_resource_name_dns_a_record_on_launch": false,
            "enable_resource_name_dns_aaaa_record_on_launch": false,
            "id": "subnet-083ac89208b9d39c8",
            "ipv6_cidr_block": "",
            "ipv6_cidr_block_association_id": "",
            "ipv6_native": false,
            "map_customer_owned_ip_on_launch": false,
            "map_public_ip_on_launch": true,
            "outpost_arn": "",
            "owner_id": "134400125759",
            "private_dns_hostname_type_on_launch": "ip-name",
            "tags": {
              "Name": "ymontagnier-TP09-EX01-public-eu-north-1c"
            },
            "tags_all": {
              "Name": "ymontagnier-TP09-EX01-public-eu-north-1c",
              "Owner": "ymontagnier"
            },
            "timeouts": null,
            "vpc_id": "vpc-07a2089710a434a08"
          },
          "sensitive_attributes": [],
          "private": "eyJlMmJmYjczMC1lY2FhLTExZTYtOGY4OC0zNDM2M2JjN2M0YzAiOnsiY3JlYXRlIjo2MDAwMDAwMDAwMDAsImRlbGV0ZSI6MTIwMDAwMDAwMDAwMH0sInNjaGVtYV92ZXJzaW9uIjoiMSJ9",
          "dependencies": [
            "aws_vpc.main"
          ]
        }
      ]
    },
    {
      "mode": "managed",
      "type": "aws_vpc",
      "name": "main",
      "provider": "provider[\"registry.terraform.io/hashicorp/aws\"]",
      "instances": [
        {
          "schema_version": 1,
          "attributes": {
            "arn": "arn:aws:ec2:eu-north-1:134400125759:vpc/vpc-07a2089710a434a08",
            "assign_generated_ipv6_cidr_block": false,
            "cidr_block": "10.0.0.0/16",
            "default_network_acl_id": "acl-087ce7de56fb375df",
            "default_route_table_id": "rtb-0d95a761a545f32dc",
            "default_security_group_id": "sg-0455026d283c894ef",
            "dhcp_options_id": "dopt-84fa2ded",
            "enable_dns_hostnames": true,
            "enable_dns_support": true,
            "enable_network_address_usage_metrics": false,
            "id": "vpc-07a2089710a434a08",
            "instance_tenancy": "default",
            "ipv4_ipam_pool_id": null,
            "ipv4_netmask_length": null,
            "ipv6_association_id": "",
            "ipv6_cidr_block": "",
            "ipv6_cidr_block_network_border_group": "",
            "ipv6_ipam_pool_id": "",
            "ipv6_netmask_length": 0,
            "main_route_table_id": "rtb-0d95a761a545f32dc",
            "owner_id": "134400125759",
            "tags": {
              "Name": "ymontagnier-TP09-EX01-vpc"
            },
            "tags_all": {
              "Name": "ymontagnier-TP09-EX01-vpc",
              "Owner": "ymontagnier"
            }
          },
          "sensitive_attributes": [],
          "private": "eyJzY2hlbWFfdmVyc2lvbiI6IjEifQ=="
        }
      ]
    },
    {
      "mode": "managed",
      "type": "aws_vpc_security_group_egress_rule",
      "name": "allow_all_from_alb_to_all",
      "provider": "provider[\"registry.terraform.io/hashicorp/aws\"]",
      "instances": [
        {
          "schema_version": 0,
          "attributes": {
            "arn": "arn:aws:ec2:eu-north-1:134400125759:security-group-rule/sgr-0570449920cafa34a",
            "cidr_ipv4": "0.0.0.0/0",
            "cidr_ipv6": null,
            "description": null,
            "from_port": null,
            "id": "sgr-0570449920cafa34a",
            "ip_protocol": "-1",
            "prefix_list_id": null,
            "referenced_security_group_id": null,
            "security_group_id": "sg-0e19e8bf15de06282",
            "security_group_rule_id": "sgr-0570449920cafa34a",
            "tags": {
              "Name": "Allow all outbound traffic"
            },
            "tags_all": {
              "Name": "Allow all outbound traffic",
              "Owner": "ymontagnier"
            },
            "to_port": null
          },
          "sensitive_attributes": [],
          "dependencies": [
            "aws_security_group.nextcloud-alb-sg",
            "aws_vpc.main"
          ]
        }
      ]
    },
    {
      "mode": "managed",
      "type": "aws_vpc_security_group_egress_rule",
      "name": "allow_all_from_bastion",
      "provider": "provider[\"registry.terraform.io/hashicorp/aws\"]",
      "instances": [
        {
          "schema_version": 0,
          "attributes": {
            "arn": "arn:aws:ec2:eu-north-1:134400125759:security-group-rule/sgr-0a1ce778ad376ec6a",
            "cidr_ipv4": "0.0.0.0/0",
            "cidr_ipv6": null,
            "description": null,
            "from_port": null,
            "id": "sgr-0a1ce778ad376ec6a",
            "ip_protocol": "-1",
            "prefix_list_id": null,
            "referenced_security_group_id": null,
            "security_group_id": "sg-053094b79c3b73975",
            "security_group_rule_id": "sgr-0a1ce778ad376ec6a",
            "tags": {
              "Name": "Allow all outbound traffic"
            },
            "tags_all": {
              "Name": "Allow all outbound traffic",
              "Owner": "ymontagnier"
            },
            "to_port": null
          },
          "sensitive_attributes": [],
          "dependencies": [
            "aws_security_group.bastion_sg",
            "aws_vpc.main"
          ]
        }
      ]
    },
    {
      "mode": "managed",
      "type": "aws_vpc_security_group_egress_rule",
      "name": "allow_all_from_nextcloud",
      "provider": "provider[\"registry.terraform.io/hashicorp/aws\"]",
      "instances": [
        {
          "schema_version": 0,
          "attributes": {
            "arn": "arn:aws:ec2:eu-north-1:134400125759:security-group-rule/sgr-05c90b3fb90b0935f",
            "cidr_ipv4": "0.0.0.0/0",
            "cidr_ipv6": null,
            "description": null,
            "from_port": null,
            "id": "sgr-05c90b3fb90b0935f",
            "ip_protocol": "-1",
            "prefix_list_id": null,
            "referenced_security_group_id": null,
            "security_group_id": "sg-057bc65da8c99d3d7",
            "security_group_rule_id": "sgr-05c90b3fb90b0935f",
            "tags": {
              "Name": "Allow all outbound traffic"
            },
            "tags_all": {
              "Name": "Allow all outbound traffic",
              "Owner": "ymontagnier"
            },
            "to_port": null
          },
          "sensitive_attributes": [],
          "dependencies": [
            "aws_security_group.nextcloud_sg",
            "aws_vpc.main"
          ]
        }
      ]
    },
    {
      "mode": "managed",
      "type": "aws_vpc_security_group_ingress_rule",
      "name": "allow_http_from_alb_to_nextcloud",
      "provider": "provider[\"registry.terraform.io/hashicorp/aws\"]",
      "instances": [
        {
          "schema_version": 0,
          "attributes": {
            "arn": "arn:aws:ec2:eu-north-1:134400125759:security-group-rule/sgr-0bfb0cae537933224",
            "cidr_ipv4": null,
            "cidr_ipv6": null,
            "description": null,
            "from_port": 80,
            "id": "sgr-0bfb0cae537933224",
            "ip_protocol": "tcp",
            "prefix_list_id": null,
            "referenced_security_group_id": "sg-0e19e8bf15de06282",
            "security_group_id": "sg-057bc65da8c99d3d7",
            "security_group_rule_id": "sgr-0bfb0cae537933224",
            "tags": {
              "Name": "Allow HTTP from ALB"
            },
            "tags_all": {
              "Name": "Allow HTTP from ALB",
              "Owner": "ymontagnier"
            },
            "to_port": 80
          },
          "sensitive_attributes": [],
          "dependencies": [
            "aws_security_group.nextcloud-alb-sg",
            "aws_security_group.nextcloud_sg",
            "aws_vpc.main"
          ]
        }
      ]
    },
    {
      "mode": "managed",
      "type": "aws_vpc_security_group_ingress_rule",
      "name": "allow_http_from_cloud9_to_alb",
      "provider": "provider[\"registry.terraform.io/hashicorp/aws\"]",
      "instances": [
        {
          "schema_version": 0,
          "attributes": {
            "arn": "arn:aws:ec2:eu-north-1:134400125759:security-group-rule/sgr-0a668d5fd80019d94",
            "cidr_ipv4": "15.237.144.13/32",
            "cidr_ipv6": null,
            "description": null,
            "from_port": 80,
            "id": "sgr-0a668d5fd80019d94",
            "ip_protocol": "tcp",
            "prefix_list_id": null,
            "referenced_security_group_id": null,
            "security_group_id": "sg-0e19e8bf15de06282",
            "security_group_rule_id": "sgr-0a668d5fd80019d94",
            "tags": {
              "Name": "Autoriser l'accès à NextCloud depuis Ynov"
            },
            "tags_all": {
              "Name": "Autoriser l'accès à NextCloud depuis Ynov",
              "Owner": "ymontagnier"
            },
            "to_port": 80
          },
          "sensitive_attributes": [],
          "dependencies": [
            "aws_security_group.nextcloud-alb-sg",
            "aws_vpc.main"
          ]
        }
      ]
    },
    {
      "mode": "managed",
      "type": "aws_vpc_security_group_ingress_rule",
      "name": "allow_http_from_maison_to_alb",
      "provider": "provider[\"registry.terraform.io/hashicorp/aws\"]",
      "instances": [
        {
          "schema_version": 0,
          "attributes": {
            "arn": "arn:aws:ec2:eu-north-1:134400125759:security-group-rule/sgr-0dd55f49436bf3413",
            "cidr_ipv4": "176.138.11.81/32",
            "cidr_ipv6": null,
            "description": null,
            "from_port": 80,
            "id": "sgr-0dd55f49436bf3413",
            "ip_protocol": "tcp",
            "prefix_list_id": null,
            "referenced_security_group_id": null,
            "security_group_id": "sg-0e19e8bf15de06282",
            "security_group_rule_id": "sgr-0dd55f49436bf3413",
            "tags": {
              "Name": "Autoriser l'accès à NextCloud depuis ma maison"
            },
            "tags_all": {
              "Name": "Autoriser l'accès à NextCloud depuis ma maison",
              "Owner": "ymontagnier"
            },
            "to_port": 80
          },
          "sensitive_attributes": [],
          "dependencies": [
            "aws_security_group.nextcloud-alb-sg",
            "aws_vpc.main"
          ]
        }
      ]
    },
    {
      "mode": "managed",
      "type": "aws_vpc_security_group_ingress_rule",
      "name": "allow_http_from_nextcloud_to_alb",
      "provider": "provider[\"registry.terraform.io/hashicorp/aws\"]",
      "instances": [
        {
          "schema_version": 0,
          "attributes": {
            "arn": "arn:aws:ec2:eu-north-1:134400125759:security-group-rule/sgr-07da7ca9178c20d52",
            "cidr_ipv4": null,
            "cidr_ipv6": null,
            "description": null,
            "from_port": 80,
            "id": "sgr-07da7ca9178c20d52",
            "ip_protocol": "tcp",
            "prefix_list_id": null,
            "referenced_security_group_id": "sg-057bc65da8c99d3d7",
            "security_group_id": "sg-0e19e8bf15de06282",
            "security_group_rule_id": "sgr-07da7ca9178c20d52",
            "tags": {
              "Name": "Allow HTTP access from Nextcloud SG"
            },
            "tags_all": {
              "Name": "Allow HTTP access from Nextcloud SG",
              "Owner": "ymontagnier"
            },
            "to_port": 80
          },
          "sensitive_attributes": [],
          "dependencies": [
            "aws_security_group.nextcloud-alb-sg",
            "aws_security_group.nextcloud_sg",
            "aws_vpc.main"
          ]
        }
      ]
    },
    {
      "mode": "managed",
      "type": "aws_vpc_security_group_ingress_rule",
      "name": "allow_http_from_ynov_to_alb",
      "provider": "provider[\"registry.terraform.io/hashicorp/aws\"]",
      "instances": [
        {
          "schema_version": 0,
          "attributes": {
            "arn": "arn:aws:ec2:eu-north-1:134400125759:security-group-rule/sgr-017b1d5f948580d1f",
            "cidr_ipv4": "195.7.117.146/32",
            "cidr_ipv6": null,
            "description": null,
            "from_port": 80,
            "id": "sgr-017b1d5f948580d1f",
            "ip_protocol": "tcp",
            "prefix_list_id": null,
            "referenced_security_group_id": null,
            "security_group_id": "sg-0e19e8bf15de06282",
            "security_group_rule_id": "sgr-017b1d5f948580d1f",
            "tags": {
              "Name": "Autoriser l'accès à NextCloud depuis Ynov"
            },
            "tags_all": {
              "Name": "Autoriser l'accès à NextCloud depuis Ynov",
              "Owner": "ymontagnier"
            },
            "to_port": 80
          },
          "sensitive_attributes": [],
          "dependencies": [
            "aws_security_group.nextcloud-alb-sg",
            "aws_vpc.main"
          ]
        }
      ]
    },
    {
      "mode": "managed",
      "type": "aws_vpc_security_group_ingress_rule",
      "name": "allow_mysql_from_nextcloud",
      "provider": "provider[\"registry.terraform.io/hashicorp/aws\"]",
      "instances": [
        {
          "schema_version": 0,
          "attributes": {
            "arn": "arn:aws:ec2:eu-north-1:134400125759:security-group-rule/sgr-044da3b8c6d6eebe5",
            "cidr_ipv4": null,
            "cidr_ipv6": null,
            "description": null,
            "from_port": 3306,
            "id": "sgr-044da3b8c6d6eebe5",
            "ip_protocol": "tcp",
            "prefix_list_id": null,
            "referenced_security_group_id": "sg-057bc65da8c99d3d7",
            "security_group_id": "sg-0c46050b19f8c0467",
            "security_group_rule_id": "sgr-044da3b8c6d6eebe5",
            "tags": {
              "Name": "Allow MySQL access from Nextcloud SG"
            },
            "tags_all": {
              "Name": "Allow MySQL access from Nextcloud SG",
              "Owner": "ymontagnier"
            },
            "to_port": 3306
          },
          "sensitive_attributes": [],
          "dependencies": [
            "aws_security_group.nextcloud_db_sg",
            "aws_security_group.nextcloud_sg",
            "aws_vpc.main"
          ]
        }
      ]
    },
    {
      "mode": "managed",
      "type": "aws_vpc_security_group_ingress_rule",
      "name": "allow_nfs_from_nextcloud",
      "provider": "provider[\"registry.terraform.io/hashicorp/aws\"]",
      "instances": [
        {
          "schema_version": 0,
          "attributes": {
            "arn": "arn:aws:ec2:eu-north-1:134400125759:security-group-rule/sgr-0178afa4c4f2cb950",
            "cidr_ipv4": null,
            "cidr_ipv6": null,
            "description": null,
            "from_port": 2049,
            "id": "sgr-0178afa4c4f2cb950",
            "ip_protocol": "tcp",
            "prefix_list_id": null,
            "referenced_security_group_id": "sg-057bc65da8c99d3d7",
            "security_group_id": "sg-0bb0f2e7c1cd6c430",
            "security_group_rule_id": "sgr-0178afa4c4f2cb950",
            "tags": {
              "Name": "Allow NFS/EFS access from Nextcloud SG"
            },
            "tags_all": {
              "Name": "Allow NFS/EFS access from Nextcloud SG",
              "Owner": "ymontagnier"
            },
            "to_port": 2049
          },
          "sensitive_attributes": [],
          "dependencies": [
            "aws_security_group.efs_sg",
            "aws_security_group.nextcloud_sg",
            "aws_vpc.main"
          ]
        }
      ]
    },
    {
      "mode": "managed",
      "type": "aws_vpc_security_group_ingress_rule",
      "name": "allow_ssh_from_bastion",
      "provider": "provider[\"registry.terraform.io/hashicorp/aws\"]",
      "instances": [
        {
          "schema_version": 0,
          "attributes": {
            "arn": "arn:aws:ec2:eu-north-1:134400125759:security-group-rule/sgr-07af39e7c745e98c9",
            "cidr_ipv4": null,
            "cidr_ipv6": null,
            "description": null,
            "from_port": 22,
            "id": "sgr-07af39e7c745e98c9",
            "ip_protocol": "tcp",
            "prefix_list_id": null,
            "referenced_security_group_id": "sg-053094b79c3b73975",
            "security_group_id": "sg-057bc65da8c99d3d7",
            "security_group_rule_id": "sgr-07af39e7c745e98c9",
            "tags": {
              "Name": "Allow SSH from Bastion"
            },
            "tags_all": {
              "Name": "Allow SSH from Bastion",
              "Owner": "ymontagnier"
            },
            "to_port": 22
          },
          "sensitive_attributes": [],
          "dependencies": [
            "aws_security_group.bastion_sg",
            "aws_security_group.nextcloud_sg",
            "aws_vpc.main"
          ]
        }
      ]
    },
    {
      "mode": "managed",
      "type": "aws_vpc_security_group_ingress_rule",
      "name": "allow_ssh_from_cloud9_to_bastion",
      "provider": "provider[\"registry.terraform.io/hashicorp/aws\"]",
      "instances": [
        {
          "schema_version": 0,
          "attributes": {
            "arn": "arn:aws:ec2:eu-north-1:134400125759:security-group-rule/sgr-0c86caf28ae196cde",
            "cidr_ipv4": "13.38.79.125/32",
            "cidr_ipv6": null,
            "description": null,
            "from_port": 22,
            "id": "sgr-0c86caf28ae196cde",
            "ip_protocol": "tcp",
            "prefix_list_id": null,
            "referenced_security_group_id": null,
            "security_group_id": "sg-053094b79c3b73975",
            "security_group_rule_id": "sgr-0c86caf28ae196cde",
            "tags": {
              "Name": "Allow SSH from Cloud9"
            },
            "tags_all": {
              "Name": "Allow SSH from Cloud9",
              "Owner": "ymontagnier"
            },
            "to_port": 22
          },
          "sensitive_attributes": [],
          "dependencies": [
            "aws_security_group.bastion_sg",
            "aws_vpc.main"
          ]
        }
      ]
    },
    {
      "mode": "managed",
      "type": "aws_vpc_security_group_ingress_rule",
      "name": "allow_ssh_from_maison_to_bastion",
      "provider": "provider[\"registry.terraform.io/hashicorp/aws\"]",
      "instances": [
        {
          "schema_version": 0,
          "attributes": {
            "arn": "arn:aws:ec2:eu-north-1:134400125759:security-group-rule/sgr-0adbc9e59d7c71eb1",
            "cidr_ipv4": "176.138.11.81/32",
            "cidr_ipv6": null,
            "description": null,
            "from_port": 22,
            "id": "sgr-0adbc9e59d7c71eb1",
            "ip_protocol": "tcp",
            "prefix_list_id": null,
            "referenced_security_group_id": null,
            "security_group_id": "sg-053094b79c3b73975",
            "security_group_rule_id": "sgr-0adbc9e59d7c71eb1",
            "tags": {
              "Name": "Allow SSH depuis ma maison"
            },
            "tags_all": {
              "Name": "Allow SSH depuis ma maison",
              "Owner": "ymontagnier"
            },
            "to_port": 22
          },
          "sensitive_attributes": [],
          "dependencies": [
            "aws_security_group.bastion_sg",
            "aws_vpc.main"
          ]
        }
      ]
    },
    {
      "mode": "managed",
      "type": "aws_vpc_security_group_ingress_rule",
      "name": "allow_ssh_from_ynov_to_bastion",
      "provider": "provider[\"registry.terraform.io/hashicorp/aws\"]",
      "instances": [
        {
          "schema_version": 0,
          "attributes": {
            "arn": "arn:aws:ec2:eu-north-1:134400125759:security-group-rule/sgr-05fd8d64269615ad0",
            "cidr_ipv4": "195.7.117.146/32",
            "cidr_ipv6": null,
            "description": null,
            "from_port": 22,
            "id": "sgr-05fd8d64269615ad0",
            "ip_protocol": "tcp",
            "prefix_list_id": null,
            "referenced_security_group_id": null,
            "security_group_id": "sg-053094b79c3b73975",
            "security_group_rule_id": "sgr-05fd8d64269615ad0",
            "tags": {
              "Name": "Allow SSH from YNOV"
            },
            "tags_all": {
              "Name": "Allow SSH from YNOV",
              "Owner": "ymontagnier"
            },
            "to_port": 22
          },
          "sensitive_attributes": [],
          "dependencies": [
            "aws_security_group.bastion_sg",
            "aws_vpc.main"
          ]
        }
      ]
    },
    {
      "mode": "managed",
      "type": "random_password",
      "name": "rds_nextcloud",
      "provider": "provider[\"registry.terraform.io/hashicorp/random\"]",
      "instances": [
        {
          "schema_version": 3,
          "attributes": {
            "bcrypt_hash": "$2a$10$RxBhfTjlgrV91FrOyh/9XOxv06rA.vCxomEtSKWNNi/tI/XnEWcRa",
            "id": "none",
            "keepers": null,
            "length": 16,
            "lower": true,
            "min_lower": 0,
            "min_numeric": 0,
            "min_special": 0,
            "min_upper": 0,
            "number": true,
            "numeric": true,
            "override_special": null,
            "result": "kHG9szR8fxmSPU3Z",
            "special": false,
            "upper": true
          },
          "sensitive_attributes": [
            [
              {
                "type": "get_attr",
                "value": "bcrypt_hash"
              }
            ],
            [
              {
                "type": "get_attr",
                "value": "result"
              }
            ]
          ]
        }
      ]
    }
  ],
  "check_results": null
}
