{
  "version": 4,
  "terraform_version": "1.10.5",
  "serial": 129,
  "lineage": "27397d41-e396-aa77-bde1-8bde3b678065",
  "outputs": {},
  "resources": [
    {
      "mode": "managed",
      "type": "aws_efs_file_system",
      "name": "nextcloud_efs",
      "provider": "provider[\"registry.terraform.io/hashicorp/aws\"]",
      "instances": [
        {
          "schema_version": 0,
          "attributes": {
            "arn": "arn:aws:elasticfilesystem:eu-north-1:134400125759:file-system/fs-0a7786e97298190ef",
            "availability_zone_id": "",
            "availability_zone_name": "",
            "creation_token": "nextcloud-efs-token",
            "dns_name": "fs-0a7786e97298190ef.efs.eu-north-1.amazonaws.com",
            "encrypted": true,
            "id": "fs-0a7786e97298190ef",
            "kms_key_id": "arn:aws:kms:eu-north-1:134400125759:key/84613d34-511c-4141-a9a2-b7a3817aee75",
            "lifecycle_policy": [],
            "name": "Nextcloud EFS",
            "number_of_mount_targets": 3,
            "owner_id": "134400125759",
            "performance_mode": "generalPurpose",
            "protection": [
              {
                "replication_overwrite": "ENABLED"
              }
            ],
            "provisioned_throughput_in_mibps": 0,
            "size_in_bytes": [
              {
                "value": 6144,
                "value_in_ia": 0,
                "value_in_standard": 6144
              }
            ],
            "tags": {
              "Name": "Nextcloud EFS"
            },
            "tags_all": {
              "Name": "Nextcloud EFS",
              "Owner": "ymontagnier"
            },
            "throughput_mode": "bursting"
          },
          "sensitive_attributes": [],
          "private": "bnVsbA=="
        }
      ]
    },
    {
      "mode": "managed",
      "type": "aws_efs_mount_target",
      "name": "nextcloud_efs_target_a",
      "provider": "provider[\"registry.terraform.io/hashicorp/aws\"]",
      "instances": [
        {
          "schema_version": 0,
          "attributes": {
            "availability_zone_id": "eun1-az1",
            "availability_zone_name": "eu-north-1a",
            "dns_name": "fs-0a7786e97298190ef.efs.eu-north-1.amazonaws.com",
            "file_system_arn": "arn:aws:elasticfilesystem:eu-north-1:134400125759:file-system/fs-0a7786e97298190ef",
            "file_system_id": "fs-0a7786e97298190ef",
            "id": "fsmt-00c8ab98b2dcab88e",
            "ip_address": "10.0.4.72",
            "mount_target_dns_name": "eu-north-1a.fs-0a7786e97298190ef.efs.eu-north-1.amazonaws.com",
            "network_interface_id": "eni-0c60c844fb1d14ff1",
            "owner_id": "134400125759",
            "security_groups": [
              "sg-00cd68240d404b404"
            ],
            "subnet_id": "subnet-0ee1c8e0361a8a876",
            "timeouts": null
          },
          "sensitive_attributes": [],
          "private": "eyJlMmJmYjczMC1lY2FhLTExZTYtOGY4OC0zNDM2M2JjN2M0YzAiOnsiY3JlYXRlIjoxODAwMDAwMDAwMDAwLCJkZWxldGUiOjYwMDAwMDAwMDAwMH19",
          "dependencies": [
            "aws_efs_file_system.nextcloud_efs",
            "aws_security_group.nextcloud_sg",
            "aws_subnet.private",
            "aws_vpc.main"
          ]
        }
      ]
    },
    {
      "mode": "managed",
      "type": "aws_efs_mount_target",
      "name": "nextcloud_efs_target_b",
      "provider": "provider[\"registry.terraform.io/hashicorp/aws\"]",
      "instances": [
        {
          "schema_version": 0,
          "attributes": {
            "availability_zone_id": "eun1-az2",
            "availability_zone_name": "eu-north-1b",
            "dns_name": "fs-0a7786e97298190ef.efs.eu-north-1.amazonaws.com",
            "file_system_arn": "arn:aws:elasticfilesystem:eu-north-1:134400125759:file-system/fs-0a7786e97298190ef",
            "file_system_id": "fs-0a7786e97298190ef",
            "id": "fsmt-0f0197f239e317454",
            "ip_address": "10.0.5.51",
            "mount_target_dns_name": "eu-north-1b.fs-0a7786e97298190ef.efs.eu-north-1.amazonaws.com",
            "network_interface_id": "eni-041483492d4807c6f",
            "owner_id": "134400125759",
            "security_groups": [
              "sg-00cd68240d404b404"
            ],
            "subnet_id": "subnet-01d757dcfc383499c",
            "timeouts": null
          },
          "sensitive_attributes": [],
          "private": "eyJlMmJmYjczMC1lY2FhLTExZTYtOGY4OC0zNDM2M2JjN2M0YzAiOnsiY3JlYXRlIjoxODAwMDAwMDAwMDAwLCJkZWxldGUiOjYwMDAwMDAwMDAwMH19",
          "dependencies": [
            "aws_efs_file_system.nextcloud_efs",
            "aws_security_group.nextcloud_sg",
            "aws_subnet.private",
            "aws_vpc.main"
          ]
        }
      ]
    },
    {
      "mode": "managed",
      "type": "aws_efs_mount_target",
      "name": "nextcloud_efs_target_c",
      "provider": "provider[\"registry.terraform.io/hashicorp/aws\"]",
      "instances": [
        {
          "schema_version": 0,
          "attributes": {
            "availability_zone_id": "eun1-az3",
            "availability_zone_name": "eu-north-1c",
            "dns_name": "fs-0a7786e97298190ef.efs.eu-north-1.amazonaws.com",
            "file_system_arn": "arn:aws:elasticfilesystem:eu-north-1:134400125759:file-system/fs-0a7786e97298190ef",
            "file_system_id": "fs-0a7786e97298190ef",
            "id": "fsmt-0a0184628d224089e",
            "ip_address": "10.0.6.231",
            "mount_target_dns_name": "eu-north-1c.fs-0a7786e97298190ef.efs.eu-north-1.amazonaws.com",
            "network_interface_id": "eni-0f5104b69bd83fa10",
            "owner_id": "134400125759",
            "security_groups": [
              "sg-00cd68240d404b404"
            ],
            "subnet_id": "subnet-086827a2e566aacba",
            "timeouts": null
          },
          "sensitive_attributes": [],
          "private": "eyJlMmJmYjczMC1lY2FhLTExZTYtOGY4OC0zNDM2M2JjN2M0YzAiOnsiY3JlYXRlIjoxODAwMDAwMDAwMDAwLCJkZWxldGUiOjYwMDAwMDAwMDAwMH19",
          "dependencies": [
            "aws_efs_file_system.nextcloud_efs",
            "aws_security_group.nextcloud_sg",
            "aws_subnet.private",
            "aws_vpc.main"
          ]
        }
      ]
    },
    {
      "mode": "managed",
      "type": "aws_instance",
      "name": "bastion",
      "provider": "provider[\"registry.terraform.io/hashicorp/aws\"]",
      "instances": [
        {
          "schema_version": 1,
          "attributes": {
            "ami": "ami-09a9858973b288bdd",
            "arn": "arn:aws:ec2:eu-north-1:134400125759:instance/i-0d51cb51df55413be",
            "associate_public_ip_address": true,
            "availability_zone": "eu-north-1a",
            "capacity_reservation_specification": [
              {
                "capacity_reservation_preference": "open",
                "capacity_reservation_target": []
              }
            ],
            "cpu_core_count": 1,
            "cpu_options": [
              {
                "amd_sev_snp": "",
                "core_count": 1,
                "threads_per_core": 2
              }
            ],
            "cpu_threads_per_core": 2,
            "credit_specification": [
              {
                "cpu_credits": "unlimited"
              }
            ],
            "disable_api_stop": false,
            "disable_api_termination": false,
            "ebs_block_device": [],
            "ebs_optimized": false,
            "enable_primary_ipv6": null,
            "enclave_options": [
              {
                "enabled": false
              }
            ],
            "ephemeral_block_device": [],
            "get_password_data": false,
            "hibernation": false,
            "host_id": "",
            "host_resource_group_arn": null,
            "iam_instance_profile": "",
            "id": "i-0d51cb51df55413be",
            "instance_initiated_shutdown_behavior": "stop",
            "instance_lifecycle": "",
            "instance_market_options": [],
            "instance_state": "running",
            "instance_type": "t3.micro",
            "ipv6_address_count": 0,
            "ipv6_addresses": [],
            "key_name": "ymontagnier-tp05-ex01-bastion-key",
            "launch_template": [],
            "maintenance_options": [
              {
                "auto_recovery": "default"
              }
            ],
            "metadata_options": [
              {
                "http_endpoint": "enabled",
                "http_protocol_ipv6": "disabled",
                "http_put_response_hop_limit": 2,
                "http_tokens": "required",
                "instance_metadata_tags": "disabled"
              }
            ],
            "monitoring": false,
            "network_interface": [],
            "outpost_arn": "",
            "password_data": "",
            "placement_group": "",
            "placement_partition_number": 0,
            "primary_network_interface_id": "eni-020d6d2eb3305f013",
            "private_dns": "ip-10-0-1-153.eu-north-1.compute.internal",
            "private_dns_name_options": [
              {
                "enable_resource_name_dns_a_record": false,
                "enable_resource_name_dns_aaaa_record": false,
                "hostname_type": "ip-name"
              }
            ],
            "private_ip": "10.0.1.153",
            "public_dns": "ec2-16-171-238-114.eu-north-1.compute.amazonaws.com",
            "public_ip": "16.171.238.114",
            "root_block_device": [
              {
                "delete_on_termination": true,
                "device_name": "/dev/sda1",
                "encrypted": false,
                "iops": 3000,
                "kms_key_id": "",
                "tags": {
                  "Name": "ymontagnier-tp05-ex01",
                  "Owner": "ymontagnier"
                },
                "tags_all": {
                  "Name": "ymontagnier-tp05-ex01",
                  "Owner": "ymontagnier"
                },
                "throughput": 125,
                "volume_id": "vol-0b2c710d36defd87e",
                "volume_size": 8,
                "volume_type": "gp3"
              }
            ],
            "secondary_private_ips": [],
            "security_groups": [],
            "source_dest_check": true,
            "spot_instance_request_id": "",
            "subnet_id": "subnet-0a748ae9b4289fb39",
            "tags": {
              "Name": "ymontagnier-tp05-ex01-bastion"
            },
            "tags_all": {
              "Name": "ymontagnier-tp05-ex01-bastion",
              "Owner": "ymontagnier"
            },
            "tenancy": "default",
            "timeouts": null,
            "user_data": "87a0d32356586798d5953597d1e199f0bc6c3fc2",
            "user_data_base64": null,
            "user_data_replace_on_change": false,
            "volume_tags": null,
            "vpc_security_group_ids": [
              "sg-01dd06d209eb8e2ab"
            ]
          },
          "sensitive_attributes": [],
          "private": "eyJlMmJmYjczMC1lY2FhLTExZTYtOGY4OC0zNDM2M2JjN2M0YzAiOnsiY3JlYXRlIjo2MDAwMDAwMDAwMDAsImRlbGV0ZSI6MTIwMDAwMDAwMDAwMCwicmVhZCI6OTAwMDAwMDAwMDAwLCJ1cGRhdGUiOjYwMDAwMDAwMDAwMH0sInNjaGVtYV92ZXJzaW9uIjoiMSJ9",
          "dependencies": [
            "aws_key_pair.bastion",
            "aws_security_group.bastion_sg",
            "aws_subnet.public",
            "aws_vpc.main"
          ]
        }
      ]
    },
    {
      "mode": "managed",
      "type": "aws_instance",
      "name": "nextcloud",
      "provider": "provider[\"registry.terraform.io/hashicorp/aws\"]",
      "instances": [
        {
          "schema_version": 1,
          "attributes": {
            "ami": "ami-09a9858973b288bdd",
            "arn": "arn:aws:ec2:eu-north-1:134400125759:instance/i-08eba9020918c06c5",
            "associate_public_ip_address": false,
            "availability_zone": "eu-north-1a",
            "capacity_reservation_specification": [
              {
                "capacity_reservation_preference": "open",
                "capacity_reservation_target": []
              }
            ],
            "cpu_core_count": 1,
            "cpu_options": [
              {
                "amd_sev_snp": "",
                "core_count": 1,
                "threads_per_core": 2
              }
            ],
            "cpu_threads_per_core": 2,
            "credit_specification": [
              {
                "cpu_credits": "unlimited"
              }
            ],
            "disable_api_stop": false,
            "disable_api_termination": false,
            "ebs_block_device": [],
            "ebs_optimized": false,
            "enable_primary_ipv6": null,
            "enclave_options": [
              {
                "enabled": false
              }
            ],
            "ephemeral_block_device": [],
            "get_password_data": false,
            "hibernation": false,
            "host_id": "",
            "host_resource_group_arn": null,
            "iam_instance_profile": "",
            "id": "i-08eba9020918c06c5",
            "instance_initiated_shutdown_behavior": "stop",
            "instance_lifecycle": "",
            "instance_market_options": [],
            "instance_state": "running",
            "instance_type": "t3.micro",
            "ipv6_address_count": 0,
            "ipv6_addresses": [],
            "key_name": "ymontagnier-tp05-ex01-nextcloud-key",
            "launch_template": [],
            "maintenance_options": [
              {
                "auto_recovery": "default"
              }
            ],
            "metadata_options": [
              {
                "http_endpoint": "enabled",
                "http_protocol_ipv6": "disabled",
                "http_put_response_hop_limit": 2,
                "http_tokens": "required",
                "instance_metadata_tags": "disabled"
              }
            ],
            "monitoring": false,
            "network_interface": [],
            "outpost_arn": "",
            "password_data": "",
            "placement_group": "",
            "placement_partition_number": 0,
            "primary_network_interface_id": "eni-02dd7560914d2c0ce",
            "private_dns": "ip-10-0-4-190.eu-north-1.compute.internal",
            "private_dns_name_options": [
              {
                "enable_resource_name_dns_a_record": false,
                "enable_resource_name_dns_aaaa_record": false,
                "hostname_type": "ip-name"
              }
            ],
            "private_ip": "10.0.4.190",
            "public_dns": "",
            "public_ip": "",
            "root_block_device": [
              {
                "delete_on_termination": true,
                "device_name": "/dev/sda1",
                "encrypted": false,
                "iops": 3000,
                "kms_key_id": "",
                "tags": {
                  "Name": "ymontagnier-tp05-ex01",
                  "Owner": "ymontagnier"
                },
                "tags_all": {
                  "Name": "ymontagnier-tp05-ex01",
                  "Owner": "ymontagnier"
                },
                "throughput": 125,
                "volume_id": "vol-0d57f18b62ddd2273",
                "volume_size": 8,
                "volume_type": "gp3"
              }
            ],
            "secondary_private_ips": [],
            "security_groups": [],
            "source_dest_check": true,
            "spot_instance_request_id": "",
            "subnet_id": "subnet-0ee1c8e0361a8a876",
            "tags": {
              "Name": "ymontagnier-tp05-ex01-nextcloud"
            },
            "tags_all": {
              "Name": "ymontagnier-tp05-ex01-nextcloud",
              "Owner": "ymontagnier"
            },
            "tenancy": "default",
            "timeouts": null,
            "user_data": "87a0d32356586798d5953597d1e199f0bc6c3fc2",
            "user_data_base64": null,
            "user_data_replace_on_change": false,
            "volume_tags": null,
            "vpc_security_group_ids": [
              "sg-00cd68240d404b404"
            ]
          },
          "sensitive_attributes": [],
          "private": "eyJlMmJmYjczMC1lY2FhLTExZTYtOGY4OC0zNDM2M2JjN2M0YzAiOnsiY3JlYXRlIjo2MDAwMDAwMDAwMDAsImRlbGV0ZSI6MTIwMDAwMDAwMDAwMCwicmVhZCI6OTAwMDAwMDAwMDAwLCJ1cGRhdGUiOjYwMDAwMDAwMDAwMH0sInNjaGVtYV92ZXJzaW9uIjoiMSJ9",
          "dependencies": [
            "aws_security_group.nextcloud_sg",
            "aws_subnet.private",
            "aws_vpc.main"
          ]
        }
      ]
    },
    {
      "mode": "managed",
      "type": "aws_internet_gateway",
      "name": "igw",
      "provider": "provider[\"registry.terraform.io/hashicorp/aws\"]",
      "instances": [
        {
          "schema_version": 0,
          "attributes": {
            "arn": "arn:aws:ec2:eu-north-1:134400125759:internet-gateway/igw-08cf1d3fb15fdd3dd",
            "id": "igw-08cf1d3fb15fdd3dd",
            "owner_id": "134400125759",
            "tags": {
              "Name": "ymontagnier-tp05-ex01-igw"
            },
            "tags_all": {
              "Name": "ymontagnier-tp05-ex01-igw",
              "Owner": "ymontagnier"
            },
            "timeouts": null,
            "vpc_id": "vpc-01507f9859d370c06"
          },
          "sensitive_attributes": [],
          "private": "eyJlMmJmYjczMC1lY2FhLTExZTYtOGY4OC0zNDM2M2JjN2M0YzAiOnsiY3JlYXRlIjoxMjAwMDAwMDAwMDAwLCJkZWxldGUiOjEyMDAwMDAwMDAwMDAsInVwZGF0ZSI6MTIwMDAwMDAwMDAwMH19",
          "dependencies": [
            "aws_vpc.main"
          ]
        }
      ]
    },
    {
      "mode": "managed",
      "type": "aws_key_pair",
      "name": "bastion",
      "provider": "provider[\"registry.terraform.io/hashicorp/aws\"]",
      "instances": [
        {
          "schema_version": 1,
          "attributes": {
            "arn": "arn:aws:ec2:eu-north-1:134400125759:key-pair/ymontagnier-tp05-ex01-bastion-key",
            "fingerprint": "b3:1c:1d:5e:75:ed:66:b0:5b:c0:7e:6f:a0:10:ec:d4",
            "id": "ymontagnier-tp05-ex01-bastion-key",
            "key_name": "ymontagnier-tp05-ex01-bastion-key",
            "key_name_prefix": "",
            "key_pair_id": "key-08ef6afb118697b5f",
            "key_type": "rsa",
            "public_key": "ssh-rsa AAAAB3NzaC1yc2EAAAADAQABAAABAQCzWCoZNy2Xy9oCLMR4ovk4JWD6vcJT3QtJ2ZJWggtoEwf7ybagNV4K8hz8IE4Gtdx0Gn9L2a+VfdxhSEICXYVtWdxurKgTzeXBNmFiKUk08fDmT4PSl1bvXKLhEj9mz6NCtOk0iP+PA4LeZotPqb8FhWpOyBFNROUpkpXNzQBSpb3Q4oEHtKj/+869sLhn9mmyacmx8v4t+2Xai5FKPk2tGs2bbgolb1K55yOi1IZ71a1SfCBrnkGX2w9nnyFv7QMnCGDhn2BlQJqCPSdp2+mGvm/+OJC1a4LXI/3HjNzsvLlFljl+GuDmKpNfCHzQL1LMDE9a0m8pSr5AC0yHcVHf tp04-ex02-bastion",
            "tags": {
              "Name": "ymontagnier-tp05-ex01-bastion-key"
            },
            "tags_all": {
              "Name": "ymontagnier-tp05-ex01-bastion-key",
              "Owner": "ymontagnier"
            }
          },
          "sensitive_attributes": [],
          "private": "eyJzY2hlbWFfdmVyc2lvbiI6IjEifQ=="
        }
      ]
    },
    {
      "mode": "managed",
      "type": "aws_key_pair",
      "name": "nextcloud",
      "provider": "provider[\"registry.terraform.io/hashicorp/aws\"]",
      "instances": [
        {
          "schema_version": 1,
          "attributes": {
            "arn": "arn:aws:ec2:eu-north-1:134400125759:key-pair/ymontagnier-tp05-ex01-nextcloud-key",
            "fingerprint": "38:77:a5:15:1c:cd:75:15:58:9c:58:e0:fd:4c:37:47",
            "id": "ymontagnier-tp05-ex01-nextcloud-key",
            "key_name": "ymontagnier-tp05-ex01-nextcloud-key",
            "key_name_prefix": "",
            "key_pair_id": "key-0cd5d8354e3a30b0f",
            "key_type": "rsa",
            "public_key": "ssh-rsa AAAAB3NzaC1yc2EAAAADAQABAAABAQC//VlIHLdKIZ5KCbH+5bINXvFdNtOsNKSFUrbgrCmqBzlMquwC3P20i/Z9pyRPR2jKvuHDaH6sLA9vywwSiT6uq09SazDy749VDsET0TZQo9fkjyEMASkvrtvM3k4dR0XLF+5T1evg0xtYJ+whsl9rvId7Zbcx0RJdFarrZPuBwD2U2ZlzbkwckCz/W6hyivFDA8m9Y0KBp/niETC3ZuJSO43cX9tVMv27zDxHS/1V1vK0Pu8Xav6h0XW9FTZrt9SfoVTS5B+UiBnNQH/0R+DVXRfVcqJihusGSQDQi1s5Ni6Kn89N6sGd2kw70bttpTBeDO/RKk+T+WLzBehnhqaf tp04-ex02-nextcloud",
            "tags": {
              "Name": "ymontagnier-tp05-ex01-nextcloud-key"
            },
            "tags_all": {
              "Name": "ymontagnier-tp05-ex01-nextcloud-key",
              "Owner": "ymontagnier"
            }
          },
          "sensitive_attributes": [],
          "private": "eyJzY2hlbWFfdmVyc2lvbiI6IjEifQ=="
        }
      ]
    },
    {
      "mode": "managed",
      "type": "aws_network_acl",
      "name": "acl",
      "provider": "provider[\"registry.terraform.io/hashicorp/aws\"]",
      "instances": [
        {
          "schema_version": 0,
          "attributes": {
            "arn": "arn:aws:ec2:eu-north-1:134400125759:network-acl/acl-03aaa9af21589bb84",
            "egress": [
              {
                "action": "allow",
                "cidr_block": "0.0.0.0/0",
                "from_port": 0,
                "icmp_code": 0,
                "icmp_type": 0,
                "ipv6_cidr_block": "",
                "protocol": "-1",
                "rule_no": 100,
                "to_port": 0
              }
            ],
            "id": "acl-03aaa9af21589bb84",
            "ingress": [
              {
                "action": "allow",
                "cidr_block": "0.0.0.0/0",
                "from_port": 0,
                "icmp_code": 0,
                "icmp_type": 0,
                "ipv6_cidr_block": "",
                "protocol": "-1",
                "rule_no": 200,
                "to_port": 0
              },
              {
                "action": "deny",
                "cidr_block": "13.48.4.200/30",
                "from_port": 22,
                "icmp_code": 0,
                "icmp_type": 0,
                "ipv6_cidr_block": "",
                "protocol": "6",
                "rule_no": 100,
                "to_port": 22
              }
            ],
            "owner_id": "134400125759",
            "subnet_ids": [
              "subnet-01d757dcfc383499c",
              "subnet-086827a2e566aacba",
              "subnet-0a748ae9b4289fb39",
              "subnet-0ee1c8e0361a8a876",
              "subnet-0f4e638632420a36f",
              "subnet-0f92ca9d733200c1f"
            ],
            "tags": {
              "Name": "ymontagnier-tp05-ex01-acl"
            },
            "tags_all": {
              "Name": "ymontagnier-tp05-ex01-acl",
              "Owner": "ymontagnier"
            },
            "vpc_id": "vpc-01507f9859d370c06"
          },
          "sensitive_attributes": [],
          "private": "bnVsbA==",
          "dependencies": [
            "aws_vpc.main"
          ]
        }
      ]
    },
    {
      "mode": "managed",
      "type": "aws_network_acl_association",
      "name": "private_acl_assoc",
      "provider": "provider[\"registry.terraform.io/hashicorp/aws\"]",
      "instances": [
        {
          "index_key": "0",
          "schema_version": 0,
          "attributes": {
            "id": "aclassoc-00c63b2a979963788",
            "network_acl_id": "acl-03aaa9af21589bb84",
            "subnet_id": "subnet-0ee1c8e0361a8a876"
          },
          "sensitive_attributes": [],
          "private": "bnVsbA==",
          "dependencies": [
            "aws_network_acl.acl",
            "aws_subnet.private",
            "aws_vpc.main"
          ]
        },
        {
          "index_key": "1",
          "schema_version": 0,
          "attributes": {
            "id": "aclassoc-058e58970fd5eaf43",
            "network_acl_id": "acl-03aaa9af21589bb84",
            "subnet_id": "subnet-01d757dcfc383499c"
          },
          "sensitive_attributes": [],
          "private": "bnVsbA==",
          "dependencies": [
            "aws_network_acl.acl",
            "aws_subnet.private",
            "aws_vpc.main"
          ]
        },
        {
          "index_key": "2",
          "schema_version": 0,
          "attributes": {
            "id": "aclassoc-02b5cc7070f0f8dbf",
            "network_acl_id": "acl-03aaa9af21589bb84",
            "subnet_id": "subnet-086827a2e566aacba"
          },
          "sensitive_attributes": [],
          "private": "bnVsbA==",
          "dependencies": [
            "aws_network_acl.acl",
            "aws_subnet.private",
            "aws_vpc.main"
          ]
        }
      ]
    },
    {
      "mode": "managed",
      "type": "aws_network_acl_association",
      "name": "public_acl_assoc",
      "provider": "provider[\"registry.terraform.io/hashicorp/aws\"]",
      "instances": [
        {
          "index_key": "0",
          "schema_version": 0,
          "attributes": {
            "id": "aclassoc-051addc68deb20cde",
            "network_acl_id": "acl-03aaa9af21589bb84",
            "subnet_id": "subnet-0a748ae9b4289fb39"
          },
          "sensitive_attributes": [],
          "private": "bnVsbA==",
          "dependencies": [
            "aws_network_acl.acl",
            "aws_subnet.public",
            "aws_vpc.main"
          ]
        },
        {
          "index_key": "1",
          "schema_version": 0,
          "attributes": {
            "id": "aclassoc-09c78d02b316b5c27",
            "network_acl_id": "acl-03aaa9af21589bb84",
            "subnet_id": "subnet-0f4e638632420a36f"
          },
          "sensitive_attributes": [],
          "private": "bnVsbA==",
          "dependencies": [
            "aws_network_acl.acl",
            "aws_subnet.public",
            "aws_vpc.main"
          ]
        },
        {
          "index_key": "2",
          "schema_version": 0,
          "attributes": {
            "id": "aclassoc-08d482f37a773bd7d",
            "network_acl_id": "acl-03aaa9af21589bb84",
            "subnet_id": "subnet-0f92ca9d733200c1f"
          },
          "sensitive_attributes": [],
          "private": "bnVsbA==",
          "dependencies": [
            "aws_network_acl.acl",
            "aws_subnet.public",
            "aws_vpc.main"
          ]
        }
      ]
    },
    {
      "mode": "managed",
      "type": "aws_route_table",
      "name": "private",
      "provider": "provider[\"registry.terraform.io/hashicorp/aws\"]",
      "instances": [
        {
          "index_key": 0,
          "schema_version": 0,
          "attributes": {
            "arn": "arn:aws:ec2:eu-north-1:134400125759:route-table/rtb-07a2e7d5932ff867d",
            "id": "rtb-07a2e7d5932ff867d",
            "owner_id": "134400125759",
            "propagating_vgws": [],
            "route": [],
            "tags": {
              "Name": "ymontagnier-tp05-ex01-private-rtb-eu-north-1a"
            },
            "tags_all": {
              "Name": "ymontagnier-tp05-ex01-private-rtb-eu-north-1a",
              "Owner": "ymontagnier"
            },
            "timeouts": null,
            "vpc_id": "vpc-01507f9859d370c06"
          },
          "sensitive_attributes": [],
          "private": "eyJlMmJmYjczMC1lY2FhLTExZTYtOGY4OC0zNDM2M2JjN2M0YzAiOnsiY3JlYXRlIjozMDAwMDAwMDAwMDAsImRlbGV0ZSI6MzAwMDAwMDAwMDAwLCJ1cGRhdGUiOjEyMDAwMDAwMDAwMH19",
          "dependencies": [
            "aws_vpc.main"
          ]
        },
        {
          "index_key": 1,
          "schema_version": 0,
          "attributes": {
            "arn": "arn:aws:ec2:eu-north-1:134400125759:route-table/rtb-0cf16132f75856678",
            "id": "rtb-0cf16132f75856678",
            "owner_id": "134400125759",
            "propagating_vgws": [],
            "route": [],
            "tags": {
              "Name": "ymontagnier-tp05-ex01-private-rtb-eu-north-1b"
            },
            "tags_all": {
              "Name": "ymontagnier-tp05-ex01-private-rtb-eu-north-1b",
              "Owner": "ymontagnier"
            },
            "timeouts": null,
            "vpc_id": "vpc-01507f9859d370c06"
          },
          "sensitive_attributes": [],
          "private": "eyJlMmJmYjczMC1lY2FhLTExZTYtOGY4OC0zNDM2M2JjN2M0YzAiOnsiY3JlYXRlIjozMDAwMDAwMDAwMDAsImRlbGV0ZSI6MzAwMDAwMDAwMDAwLCJ1cGRhdGUiOjEyMDAwMDAwMDAwMH19",
          "dependencies": [
            "aws_vpc.main"
          ]
        },
        {
          "index_key": 2,
          "schema_version": 0,
          "attributes": {
            "arn": "arn:aws:ec2:eu-north-1:134400125759:route-table/rtb-066563d6ac3ef89cb",
            "id": "rtb-066563d6ac3ef89cb",
            "owner_id": "134400125759",
            "propagating_vgws": [],
            "route": [],
            "tags": {
              "Name": "ymontagnier-tp05-ex01-private-rtb-eu-north-1c"
            },
            "tags_all": {
              "Name": "ymontagnier-tp05-ex01-private-rtb-eu-north-1c",
              "Owner": "ymontagnier"
            },
            "timeouts": null,
            "vpc_id": "vpc-01507f9859d370c06"
          },
          "sensitive_attributes": [],
          "private": "eyJlMmJmYjczMC1lY2FhLTExZTYtOGY4OC0zNDM2M2JjN2M0YzAiOnsiY3JlYXRlIjozMDAwMDAwMDAwMDAsImRlbGV0ZSI6MzAwMDAwMDAwMDAwLCJ1cGRhdGUiOjEyMDAwMDAwMDAwMH19",
          "dependencies": [
            "aws_vpc.main"
          ]
        }
      ]
    },
    {
      "mode": "managed",
      "type": "aws_route_table",
      "name": "public",
      "provider": "provider[\"registry.terraform.io/hashicorp/aws\"]",
      "instances": [
        {
          "schema_version": 0,
          "attributes": {
            "arn": "arn:aws:ec2:eu-north-1:134400125759:route-table/rtb-077b04830457a2a17",
            "id": "rtb-077b04830457a2a17",
            "owner_id": "134400125759",
            "propagating_vgws": [],
            "route": [
              {
                "carrier_gateway_id": "",
                "cidr_block": "0.0.0.0/0",
                "core_network_arn": "",
                "destination_prefix_list_id": "",
                "egress_only_gateway_id": "",
                "gateway_id": "igw-08cf1d3fb15fdd3dd",
                "ipv6_cidr_block": "",
                "local_gateway_id": "",
                "nat_gateway_id": "",
                "network_interface_id": "",
                "transit_gateway_id": "",
                "vpc_endpoint_id": "",
                "vpc_peering_connection_id": ""
              }
            ],
            "tags": {
              "Name": "ymontagnier-tp05-ex01-public-rtb"
            },
            "tags_all": {
              "Name": "ymontagnier-tp05-ex01-public-rtb",
              "Owner": "ymontagnier"
            },
            "timeouts": null,
            "vpc_id": "vpc-01507f9859d370c06"
          },
          "sensitive_attributes": [],
          "private": "eyJlMmJmYjczMC1lY2FhLTExZTYtOGY4OC0zNDM2M2JjN2M0YzAiOnsiY3JlYXRlIjozMDAwMDAwMDAwMDAsImRlbGV0ZSI6MzAwMDAwMDAwMDAwLCJ1cGRhdGUiOjEyMDAwMDAwMDAwMH19",
          "dependencies": [
            "aws_internet_gateway.igw",
            "aws_vpc.main"
          ]
        }
      ]
    },
    {
      "mode": "managed",
      "type": "aws_route_table_association",
      "name": "private",
      "provider": "provider[\"registry.terraform.io/hashicorp/aws\"]",
      "instances": [
        {
          "index_key": 0,
          "schema_version": 0,
          "attributes": {
            "gateway_id": "",
            "id": "rtbassoc-08e5bfee295f7a8ae",
            "route_table_id": "rtb-07a2e7d5932ff867d",
            "subnet_id": "subnet-0ee1c8e0361a8a876",
            "timeouts": null
          },
          "sensitive_attributes": [],
          "private": "eyJlMmJmYjczMC1lY2FhLTExZTYtOGY4OC0zNDM2M2JjN2M0YzAiOnsiY3JlYXRlIjozMDAwMDAwMDAwMDAsImRlbGV0ZSI6MzAwMDAwMDAwMDAwLCJ1cGRhdGUiOjEyMDAwMDAwMDAwMH19",
          "dependencies": [
            "aws_route_table.private",
            "aws_subnet.private",
            "aws_vpc.main"
          ]
        },
        {
          "index_key": 1,
          "schema_version": 0,
          "attributes": {
            "gateway_id": "",
            "id": "rtbassoc-036238823b69d4786",
            "route_table_id": "rtb-0cf16132f75856678",
            "subnet_id": "subnet-01d757dcfc383499c",
            "timeouts": null
          },
          "sensitive_attributes": [],
          "private": "eyJlMmJmYjczMC1lY2FhLTExZTYtOGY4OC0zNDM2M2JjN2M0YzAiOnsiY3JlYXRlIjozMDAwMDAwMDAwMDAsImRlbGV0ZSI6MzAwMDAwMDAwMDAwLCJ1cGRhdGUiOjEyMDAwMDAwMDAwMH19",
          "dependencies": [
            "aws_route_table.private",
            "aws_subnet.private",
            "aws_vpc.main"
          ]
        },
        {
          "index_key": 2,
          "schema_version": 0,
          "attributes": {
            "gateway_id": "",
            "id": "rtbassoc-0355808a8293eab89",
            "route_table_id": "rtb-066563d6ac3ef89cb",
            "subnet_id": "subnet-086827a2e566aacba",
            "timeouts": null
          },
          "sensitive_attributes": [],
          "private": "eyJlMmJmYjczMC1lY2FhLTExZTYtOGY4OC0zNDM2M2JjN2M0YzAiOnsiY3JlYXRlIjozMDAwMDAwMDAwMDAsImRlbGV0ZSI6MzAwMDAwMDAwMDAwLCJ1cGRhdGUiOjEyMDAwMDAwMDAwMH19",
          "dependencies": [
            "aws_route_table.private",
            "aws_subnet.private",
            "aws_vpc.main"
          ]
        }
      ]
    },
    {
      "mode": "managed",
      "type": "aws_route_table_association",
      "name": "public",
      "provider": "provider[\"registry.terraform.io/hashicorp/aws\"]",
      "instances": [
        {
          "index_key": 0,
          "schema_version": 0,
          "attributes": {
            "gateway_id": "",
            "id": "rtbassoc-0fe9a8dab9f4c00b2",
            "route_table_id": "rtb-077b04830457a2a17",
            "subnet_id": "subnet-0a748ae9b4289fb39",
            "timeouts": null
          },
          "sensitive_attributes": [],
          "private": "eyJlMmJmYjczMC1lY2FhLTExZTYtOGY4OC0zNDM2M2JjN2M0YzAiOnsiY3JlYXRlIjozMDAwMDAwMDAwMDAsImRlbGV0ZSI6MzAwMDAwMDAwMDAwLCJ1cGRhdGUiOjEyMDAwMDAwMDAwMH19",
          "dependencies": [
            "aws_internet_gateway.igw",
            "aws_route_table.public",
            "aws_subnet.public",
            "aws_vpc.main"
          ]
        },
        {
          "index_key": 1,
          "schema_version": 0,
          "attributes": {
            "gateway_id": "",
            "id": "rtbassoc-02ae381a6e6e360d3",
            "route_table_id": "rtb-077b04830457a2a17",
            "subnet_id": "subnet-0f4e638632420a36f",
            "timeouts": null
          },
          "sensitive_attributes": [],
          "private": "eyJlMmJmYjczMC1lY2FhLTExZTYtOGY4OC0zNDM2M2JjN2M0YzAiOnsiY3JlYXRlIjozMDAwMDAwMDAwMDAsImRlbGV0ZSI6MzAwMDAwMDAwMDAwLCJ1cGRhdGUiOjEyMDAwMDAwMDAwMH19",
          "dependencies": [
            "aws_internet_gateway.igw",
            "aws_route_table.public",
            "aws_subnet.public",
            "aws_vpc.main"
          ]
        },
        {
          "index_key": 2,
          "schema_version": 0,
          "attributes": {
            "gateway_id": "",
            "id": "rtbassoc-0c7c0665918dbc8bf",
            "route_table_id": "rtb-077b04830457a2a17",
            "subnet_id": "subnet-0f92ca9d733200c1f",
            "timeouts": null
          },
          "sensitive_attributes": [],
          "private": "eyJlMmJmYjczMC1lY2FhLTExZTYtOGY4OC0zNDM2M2JjN2M0YzAiOnsiY3JlYXRlIjozMDAwMDAwMDAwMDAsImRlbGV0ZSI6MzAwMDAwMDAwMDAwLCJ1cGRhdGUiOjEyMDAwMDAwMDAwMH19",
          "dependencies": [
            "aws_internet_gateway.igw",
            "aws_route_table.public",
            "aws_subnet.public",
            "aws_vpc.main"
          ]
        }
      ]
    },
    {
      "mode": "managed",
      "type": "aws_security_group",
      "name": "bastion_sg",
      "provider": "provider[\"registry.terraform.io/hashicorp/aws\"]",
      "instances": [
        {
          "schema_version": 1,
          "attributes": {
            "arn": "arn:aws:ec2:eu-north-1:134400125759:security-group/sg-01dd06d209eb8e2ab",
            "description": "Allow SSH inbound traffic from ynov and all outbound traffic",
            "egress": [
              {
                "cidr_blocks": [
                  "0.0.0.0/0"
                ],
                "description": "",
                "from_port": 0,
                "ipv6_cidr_blocks": [],
                "prefix_list_ids": [],
                "protocol": "-1",
                "security_groups": [],
                "self": false,
                "to_port": 0
              }
            ],
            "id": "sg-01dd06d209eb8e2ab",
            "ingress": [
              {
                "cidr_blocks": [
                  "13.38.15.170/32",
                  "13.38.79.125/32"
                ],
                "description": "",
                "from_port": 22,
                "ipv6_cidr_blocks": [],
                "prefix_list_ids": [],
                "protocol": "tcp",
                "security_groups": [],
                "self": false,
                "to_port": 22
              }
            ],
            "name": "ymontagnier-tp05-ex01-bastion-sg",
            "name_prefix": "",
            "owner_id": "134400125759",
            "revoke_rules_on_delete": false,
            "tags": {
              "Name": "ymontagnier-tp05-ex01-bastion-sg"
            },
            "tags_all": {
              "Name": "ymontagnier-tp05-ex01-bastion-sg",
              "Owner": "ymontagnier"
            },
            "timeouts": null,
            "vpc_id": "vpc-01507f9859d370c06"
          },
          "sensitive_attributes": [],
          "private": "eyJlMmJmYjczMC1lY2FhLTExZTYtOGY4OC0zNDM2M2JjN2M0YzAiOnsiY3JlYXRlIjo2MDAwMDAwMDAwMDAsImRlbGV0ZSI6OTAwMDAwMDAwMDAwfSwic2NoZW1hX3ZlcnNpb24iOiIxIn0=",
          "dependencies": [
            "aws_vpc.main"
          ]
        }
      ]
    },
    {
      "mode": "managed",
      "type": "aws_security_group",
      "name": "nextcloud_sg",
      "provider": "provider[\"registry.terraform.io/hashicorp/aws\"]",
      "instances": [
        {
          "schema_version": 1,
          "attributes": {
            "arn": "arn:aws:ec2:eu-north-1:134400125759:security-group/sg-00cd68240d404b404",
            "description": "Allow SSH inbound traffic from bastion and all outbound traffic",
            "egress": [
              {
                "cidr_blocks": [
                  "0.0.0.0/0"
                ],
                "description": "",
                "from_port": 0,
                "ipv6_cidr_blocks": [],
                "prefix_list_ids": [],
                "protocol": "-1",
                "security_groups": [],
                "self": false,
                "to_port": 0
              }
            ],
            "id": "sg-00cd68240d404b404",
            "ingress": [
              {
                "cidr_blocks": [
                  "0.0.0.0/0"
                ],
                "description": "",
                "from_port": 2049,
                "ipv6_cidr_blocks": [],
                "prefix_list_ids": [],
                "protocol": "tcp",
                "security_groups": [],
                "self": false,
                "to_port": 2049
              },
              {
                "cidr_blocks": [],
                "description": "",
                "from_port": 22,
                "ipv6_cidr_blocks": [],
                "prefix_list_ids": [],
                "protocol": "tcp",
                "security_groups": [
                  "sg-01dd06d209eb8e2ab"
                ],
                "self": false,
                "to_port": 22
              }
            ],
            "name": "ymontagnier-tp05-ex01-nextcloud-sg",
            "name_prefix": "",
            "owner_id": "134400125759",
            "revoke_rules_on_delete": false,
            "tags": {
              "Name": "ymontagnier-tp05-ex01-nextcloud-sg"
            },
            "tags_all": {
              "Name": "ymontagnier-tp05-ex01-nextcloud-sg",
              "Owner": "ymontagnier"
            },
            "timeouts": null,
            "vpc_id": "vpc-01507f9859d370c06"
          },
          "sensitive_attributes": [],
          "private": "eyJlMmJmYjczMC1lY2FhLTExZTYtOGY4OC0zNDM2M2JjN2M0YzAiOnsiY3JlYXRlIjo2MDAwMDAwMDAwMDAsImRlbGV0ZSI6OTAwMDAwMDAwMDAwfSwic2NoZW1hX3ZlcnNpb24iOiIxIn0=",
          "dependencies": [
            "aws_vpc.main"
          ]
        }
      ]
    },
    {
      "mode": "managed",
      "type": "aws_subnet",
      "name": "private",
      "provider": "provider[\"registry.terraform.io/hashicorp/aws\"]",
      "instances": [
        {
          "index_key": "0",
          "schema_version": 1,
          "attributes": {
            "arn": "arn:aws:ec2:eu-north-1:134400125759:subnet/subnet-0ee1c8e0361a8a876",
            "assign_ipv6_address_on_creation": false,
            "availability_zone": "eu-north-1a",
            "availability_zone_id": "eun1-az1",
            "cidr_block": "10.0.4.0/24",
            "customer_owned_ipv4_pool": "",
            "enable_dns64": false,
            "enable_lni_at_device_index": 0,
            "enable_resource_name_dns_a_record_on_launch": false,
            "enable_resource_name_dns_aaaa_record_on_launch": false,
            "id": "subnet-0ee1c8e0361a8a876",
            "ipv6_cidr_block": "",
            "ipv6_cidr_block_association_id": "",
            "ipv6_native": false,
            "map_customer_owned_ip_on_launch": false,
            "map_public_ip_on_launch": false,
            "outpost_arn": "",
            "owner_id": "134400125759",
            "private_dns_hostname_type_on_launch": "ip-name",
            "tags": {
              "Name": "ymontagnier-tp05-ex01-private-eu-north-1a"
            },
            "tags_all": {
              "Name": "ymontagnier-tp05-ex01-private-eu-north-1a",
              "Owner": "ymontagnier"
            },
            "timeouts": null,
            "vpc_id": "vpc-01507f9859d370c06"
          },
          "sensitive_attributes": [],
          "private": "eyJlMmJmYjczMC1lY2FhLTExZTYtOGY4OC0zNDM2M2JjN2M0YzAiOnsiY3JlYXRlIjo2MDAwMDAwMDAwMDAsImRlbGV0ZSI6MTIwMDAwMDAwMDAwMH0sInNjaGVtYV92ZXJzaW9uIjoiMSJ9",
          "dependencies": [
            "aws_vpc.main"
          ]
        },
        {
          "index_key": "1",
          "schema_version": 1,
          "attributes": {
            "arn": "arn:aws:ec2:eu-north-1:134400125759:subnet/subnet-01d757dcfc383499c",
            "assign_ipv6_address_on_creation": false,
            "availability_zone": "eu-north-1b",
            "availability_zone_id": "eun1-az2",
            "cidr_block": "10.0.5.0/24",
            "customer_owned_ipv4_pool": "",
            "enable_dns64": false,
            "enable_lni_at_device_index": 0,
            "enable_resource_name_dns_a_record_on_launch": false,
            "enable_resource_name_dns_aaaa_record_on_launch": false,
            "id": "subnet-01d757dcfc383499c",
            "ipv6_cidr_block": "",
            "ipv6_cidr_block_association_id": "",
            "ipv6_native": false,
            "map_customer_owned_ip_on_launch": false,
            "map_public_ip_on_launch": false,
            "outpost_arn": "",
            "owner_id": "134400125759",
            "private_dns_hostname_type_on_launch": "ip-name",
            "tags": {
              "Name": "ymontagnier-tp05-ex01-private-eu-north-1b"
            },
            "tags_all": {
              "Name": "ymontagnier-tp05-ex01-private-eu-north-1b",
              "Owner": "ymontagnier"
            },
            "timeouts": null,
            "vpc_id": "vpc-01507f9859d370c06"
          },
          "sensitive_attributes": [],
          "private": "eyJlMmJmYjczMC1lY2FhLTExZTYtOGY4OC0zNDM2M2JjN2M0YzAiOnsiY3JlYXRlIjo2MDAwMDAwMDAwMDAsImRlbGV0ZSI6MTIwMDAwMDAwMDAwMH0sInNjaGVtYV92ZXJzaW9uIjoiMSJ9",
          "dependencies": [
            "aws_vpc.main"
          ]
        },
        {
          "index_key": "2",
          "schema_version": 1,
          "attributes": {
            "arn": "arn:aws:ec2:eu-north-1:134400125759:subnet/subnet-086827a2e566aacba",
            "assign_ipv6_address_on_creation": false,
            "availability_zone": "eu-north-1c",
            "availability_zone_id": "eun1-az3",
            "cidr_block": "10.0.6.0/24",
            "customer_owned_ipv4_pool": "",
            "enable_dns64": false,
            "enable_lni_at_device_index": 0,
            "enable_resource_name_dns_a_record_on_launch": false,
            "enable_resource_name_dns_aaaa_record_on_launch": false,
            "id": "subnet-086827a2e566aacba",
            "ipv6_cidr_block": "",
            "ipv6_cidr_block_association_id": "",
            "ipv6_native": false,
            "map_customer_owned_ip_on_launch": false,
            "map_public_ip_on_launch": false,
            "outpost_arn": "",
            "owner_id": "134400125759",
            "private_dns_hostname_type_on_launch": "ip-name",
            "tags": {
              "Name": "ymontagnier-tp05-ex01-private-eu-north-1c"
            },
            "tags_all": {
              "Name": "ymontagnier-tp05-ex01-private-eu-north-1c",
              "Owner": "ymontagnier"
            },
            "timeouts": null,
            "vpc_id": "vpc-01507f9859d370c06"
          },
          "sensitive_attributes": [],
          "private": "eyJlMmJmYjczMC1lY2FhLTExZTYtOGY4OC0zNDM2M2JjN2M0YzAiOnsiY3JlYXRlIjo2MDAwMDAwMDAwMDAsImRlbGV0ZSI6MTIwMDAwMDAwMDAwMH0sInNjaGVtYV92ZXJzaW9uIjoiMSJ9",
          "dependencies": [
            "aws_vpc.main"
          ]
        }
      ]
    },
    {
      "mode": "managed",
      "type": "aws_subnet",
      "name": "public",
      "provider": "provider[\"registry.terraform.io/hashicorp/aws\"]",
      "instances": [
        {
          "index_key": "0",
          "schema_version": 1,
          "attributes": {
            "arn": "arn:aws:ec2:eu-north-1:134400125759:subnet/subnet-0a748ae9b4289fb39",
            "assign_ipv6_address_on_creation": false,
            "availability_zone": "eu-north-1a",
            "availability_zone_id": "eun1-az1",
            "cidr_block": "10.0.1.0/24",
            "customer_owned_ipv4_pool": "",
            "enable_dns64": false,
            "enable_lni_at_device_index": 0,
            "enable_resource_name_dns_a_record_on_launch": false,
            "enable_resource_name_dns_aaaa_record_on_launch": false,
            "id": "subnet-0a748ae9b4289fb39",
            "ipv6_cidr_block": "",
            "ipv6_cidr_block_association_id": "",
            "ipv6_native": false,
            "map_customer_owned_ip_on_launch": false,
            "map_public_ip_on_launch": true,
            "outpost_arn": "",
            "owner_id": "134400125759",
            "private_dns_hostname_type_on_launch": "ip-name",
            "tags": {
              "Name": "ymontagnier-tp05-ex01-public-eu-north-1a"
            },
            "tags_all": {
              "Name": "ymontagnier-tp05-ex01-public-eu-north-1a",
              "Owner": "ymontagnier"
            },
            "timeouts": null,
            "vpc_id": "vpc-01507f9859d370c06"
          },
          "sensitive_attributes": [],
          "private": "eyJlMmJmYjczMC1lY2FhLTExZTYtOGY4OC0zNDM2M2JjN2M0YzAiOnsiY3JlYXRlIjo2MDAwMDAwMDAwMDAsImRlbGV0ZSI6MTIwMDAwMDAwMDAwMH0sInNjaGVtYV92ZXJzaW9uIjoiMSJ9",
          "dependencies": [
            "aws_vpc.main"
          ]
        },
        {
          "index_key": "1",
          "schema_version": 1,
          "attributes": {
            "arn": "arn:aws:ec2:eu-north-1:134400125759:subnet/subnet-0f4e638632420a36f",
            "assign_ipv6_address_on_creation": false,
            "availability_zone": "eu-north-1b",
            "availability_zone_id": "eun1-az2",
            "cidr_block": "10.0.2.0/24",
            "customer_owned_ipv4_pool": "",
            "enable_dns64": false,
            "enable_lni_at_device_index": 0,
            "enable_resource_name_dns_a_record_on_launch": false,
            "enable_resource_name_dns_aaaa_record_on_launch": false,
            "id": "subnet-0f4e638632420a36f",
            "ipv6_cidr_block": "",
            "ipv6_cidr_block_association_id": "",
            "ipv6_native": false,
            "map_customer_owned_ip_on_launch": false,
            "map_public_ip_on_launch": true,
            "outpost_arn": "",
            "owner_id": "134400125759",
            "private_dns_hostname_type_on_launch": "ip-name",
            "tags": {
              "Name": "ymontagnier-tp05-ex01-public-eu-north-1b"
            },
            "tags_all": {
              "Name": "ymontagnier-tp05-ex01-public-eu-north-1b",
              "Owner": "ymontagnier"
            },
            "timeouts": null,
            "vpc_id": "vpc-01507f9859d370c06"
          },
          "sensitive_attributes": [],
          "private": "eyJlMmJmYjczMC1lY2FhLTExZTYtOGY4OC0zNDM2M2JjN2M0YzAiOnsiY3JlYXRlIjo2MDAwMDAwMDAwMDAsImRlbGV0ZSI6MTIwMDAwMDAwMDAwMH0sInNjaGVtYV92ZXJzaW9uIjoiMSJ9",
          "dependencies": [
            "aws_vpc.main"
          ]
        },
        {
          "index_key": "2",
          "schema_version": 1,
          "attributes": {
            "arn": "arn:aws:ec2:eu-north-1:134400125759:subnet/subnet-0f92ca9d733200c1f",
            "assign_ipv6_address_on_creation": false,
            "availability_zone": "eu-north-1c",
            "availability_zone_id": "eun1-az3",
            "cidr_block": "10.0.3.0/24",
            "customer_owned_ipv4_pool": "",
            "enable_dns64": false,
            "enable_lni_at_device_index": 0,
            "enable_resource_name_dns_a_record_on_launch": false,
            "enable_resource_name_dns_aaaa_record_on_launch": false,
            "id": "subnet-0f92ca9d733200c1f",
            "ipv6_cidr_block": "",
            "ipv6_cidr_block_association_id": "",
            "ipv6_native": false,
            "map_customer_owned_ip_on_launch": false,
            "map_public_ip_on_launch": true,
            "outpost_arn": "",
            "owner_id": "134400125759",
            "private_dns_hostname_type_on_launch": "ip-name",
            "tags": {
              "Name": "ymontagnier-tp05-ex01-public-eu-north-1c"
            },
            "tags_all": {
              "Name": "ymontagnier-tp05-ex01-public-eu-north-1c",
              "Owner": "ymontagnier"
            },
            "timeouts": null,
            "vpc_id": "vpc-01507f9859d370c06"
          },
          "sensitive_attributes": [],
          "private": "eyJlMmJmYjczMC1lY2FhLTExZTYtOGY4OC0zNDM2M2JjN2M0YzAiOnsiY3JlYXRlIjo2MDAwMDAwMDAwMDAsImRlbGV0ZSI6MTIwMDAwMDAwMDAwMH0sInNjaGVtYV92ZXJzaW9uIjoiMSJ9",
          "dependencies": [
            "aws_vpc.main"
          ]
        }
      ]
    },
    {
      "mode": "managed",
      "type": "aws_vpc",
      "name": "main",
      "provider": "provider[\"registry.terraform.io/hashicorp/aws\"]",
      "instances": [
        {
          "schema_version": 1,
          "attributes": {
            "arn": "arn:aws:ec2:eu-north-1:134400125759:vpc/vpc-01507f9859d370c06",
            "assign_generated_ipv6_cidr_block": false,
            "cidr_block": "10.0.0.0/16",
            "default_network_acl_id": "acl-011144d58aa06c1a0",
            "default_route_table_id": "rtb-092783e3d726c7b8d",
            "default_security_group_id": "sg-0879e8f9bbd3e88d1",
            "dhcp_options_id": "dopt-84fa2ded",
            "enable_dns_hostnames": true,
            "enable_dns_support": true,
            "enable_network_address_usage_metrics": false,
            "id": "vpc-01507f9859d370c06",
            "instance_tenancy": "default",
            "ipv4_ipam_pool_id": null,
            "ipv4_netmask_length": null,
            "ipv6_association_id": "",
            "ipv6_cidr_block": "",
            "ipv6_cidr_block_network_border_group": "",
            "ipv6_ipam_pool_id": "",
            "ipv6_netmask_length": 0,
            "main_route_table_id": "rtb-092783e3d726c7b8d",
            "owner_id": "134400125759",
            "tags": {
              "Name": "ymontagnier-tp05-ex01-vpc"
            },
            "tags_all": {
              "Name": "ymontagnier-tp05-ex01-vpc",
              "Owner": "ymontagnier"
            }
          },
          "sensitive_attributes": [],
          "private": "eyJzY2hlbWFfdmVyc2lvbiI6IjEifQ=="
        }
      ]
    },
    {
      "mode": "managed",
      "type": "aws_vpc_security_group_egress_rule",
      "name": "allow_all_from_bastion",
      "provider": "provider[\"registry.terraform.io/hashicorp/aws\"]",
      "instances": [
        {
          "schema_version": 0,
          "attributes": {
            "arn": "arn:aws:ec2:eu-north-1:134400125759:security-group-rule/sgr-07f7d452c9f108dc7",
            "cidr_ipv4": "0.0.0.0/0",
            "cidr_ipv6": null,
            "description": null,
            "from_port": null,
            "id": "sgr-07f7d452c9f108dc7",
            "ip_protocol": "-1",
            "prefix_list_id": null,
            "referenced_security_group_id": null,
            "security_group_id": "sg-01dd06d209eb8e2ab",
            "security_group_rule_id": "sgr-07f7d452c9f108dc7",
            "tags": null,
            "tags_all": {
              "Name": "ymontagnier-tp05-ex01",
              "Owner": "ymontagnier"
            },
            "to_port": null
          },
          "sensitive_attributes": [],
          "dependencies": [
            "aws_security_group.bastion_sg",
            "aws_vpc.main"
          ]
        }
      ]
    },
    {
      "mode": "managed",
      "type": "aws_vpc_security_group_egress_rule",
      "name": "allow_all_from_nextcloud",
      "provider": "provider[\"registry.terraform.io/hashicorp/aws\"]",
      "instances": [
        {
          "schema_version": 0,
          "attributes": {
            "arn": "arn:aws:ec2:eu-north-1:134400125759:security-group-rule/sgr-034991877298754c9",
            "cidr_ipv4": "0.0.0.0/0",
            "cidr_ipv6": null,
            "description": null,
            "from_port": null,
            "id": "sgr-034991877298754c9",
            "ip_protocol": "-1",
            "prefix_list_id": null,
            "referenced_security_group_id": null,
            "security_group_id": "sg-00cd68240d404b404",
            "security_group_rule_id": "sgr-034991877298754c9",
            "tags": null,
            "tags_all": {
              "Name": "ymontagnier-tp05-ex01",
              "Owner": "ymontagnier"
            },
            "to_port": null
          },
          "sensitive_attributes": [],
          "dependencies": [
            "aws_security_group.nextcloud_sg",
            "aws_vpc.main"
          ]
        }
      ]
    },
    {
      "mode": "managed",
      "type": "aws_vpc_security_group_ingress_rule",
      "name": "allow_ECS",
      "provider": "provider[\"registry.terraform.io/hashicorp/aws\"]",
      "instances": [
        {
          "schema_version": 0,
          "attributes": {
            "arn": "arn:aws:ec2:eu-north-1:134400125759:security-group-rule/sgr-000907e8159d15434",
            "cidr_ipv4": "0.0.0.0/0",
            "cidr_ipv6": null,
            "description": null,
            "from_port": 2049,
            "id": "sgr-000907e8159d15434",
            "ip_protocol": "tcp",
            "prefix_list_id": null,
            "referenced_security_group_id": null,
            "security_group_id": "sg-00cd68240d404b404",
            "security_group_rule_id": "sgr-000907e8159d15434",
            "tags": {
              "Name": "Allow ECS"
            },
            "tags_all": {
              "Name": "Allow ECS",
              "Owner": "ymontagnier"
            },
            "to_port": 2049
          },
          "sensitive_attributes": [],
          "dependencies": [
            "aws_security_group.nextcloud_sg",
            "aws_vpc.main"
          ]
        }
      ]
    },
    {
      "mode": "managed",
      "type": "aws_vpc_security_group_ingress_rule",
      "name": "allow_ssh_from_bastion",
      "provider": "provider[\"registry.terraform.io/hashicorp/aws\"]",
      "instances": [
        {
          "schema_version": 0,
          "attributes": {
            "arn": "arn:aws:ec2:eu-north-1:134400125759:security-group-rule/sgr-0b04afcaac4db34fa",
            "cidr_ipv4": null,
            "cidr_ipv6": null,
            "description": null,
            "from_port": 22,
            "id": "sgr-0b04afcaac4db34fa",
            "ip_protocol": "tcp",
            "prefix_list_id": null,
            "referenced_security_group_id": "sg-01dd06d209eb8e2ab",
            "security_group_id": "sg-00cd68240d404b404",
            "security_group_rule_id": "sgr-0b04afcaac4db34fa",
            "tags": {
              "Name": "Allow SSH from Bastion"
            },
            "tags_all": {
              "Name": "Allow SSH from Bastion",
              "Owner": "ymontagnier"
            },
            "to_port": 22
          },
          "sensitive_attributes": [],
          "dependencies": [
            "aws_security_group.bastion_sg",
            "aws_security_group.nextcloud_sg",
            "aws_vpc.main"
          ]
        }
      ]
    },
    {
      "mode": "managed",
      "type": "aws_vpc_security_group_ingress_rule",
      "name": "allow_ssh_from_cloud9_to_bastion",
      "provider": "provider[\"registry.terraform.io/hashicorp/aws\"]",
      "instances": [
        {
          "schema_version": 0,
          "attributes": {
            "arn": "arn:aws:ec2:eu-north-1:134400125759:security-group-rule/sgr-085cd8d0881cb52c2",
            "cidr_ipv4": "13.38.79.125/32",
            "cidr_ipv6": null,
            "description": null,
            "from_port": 22,
            "id": "sgr-085cd8d0881cb52c2",
            "ip_protocol": "tcp",
            "prefix_list_id": null,
            "referenced_security_group_id": null,
            "security_group_id": "sg-01dd06d209eb8e2ab",
            "security_group_rule_id": "sgr-085cd8d0881cb52c2",
            "tags": {
              "Name": "Allow SSH from Cloud9"
            },
            "tags_all": {
              "Name": "Allow SSH from Cloud9",
              "Owner": "ymontagnier"
            },
            "to_port": 22
          },
          "sensitive_attributes": [],
          "dependencies": [
            "aws_security_group.bastion_sg",
            "aws_vpc.main"
          ]
        }
      ]
    },
    {
      "mode": "managed",
      "type": "aws_vpc_security_group_ingress_rule",
      "name": "allow_ssh_from_ynov_to_bastion",
      "provider": "provider[\"registry.terraform.io/hashicorp/aws\"]",
      "instances": [
        {
          "schema_version": 0,
          "attributes": {
            "arn": "arn:aws:ec2:eu-north-1:134400125759:security-group-rule/sgr-0d0515f2edae700e4",
            "cidr_ipv4": "13.38.15.170/32",
            "cidr_ipv6": null,
            "description": null,
            "from_port": 22,
            "id": "sgr-0d0515f2edae700e4",
            "ip_protocol": "tcp",
            "prefix_list_id": null,
            "referenced_security_group_id": null,
            "security_group_id": "sg-01dd06d209eb8e2ab",
            "security_group_rule_id": "sgr-0d0515f2edae700e4",
            "tags": {
              "Name": "Allow SSH from YNOV"
            },
            "tags_all": {
              "Name": "Allow SSH from YNOV",
              "Owner": "ymontagnier"
            },
            "to_port": 22
          },
          "sensitive_attributes": [],
          "dependencies": [
            "aws_security_group.bastion_sg",
            "aws_vpc.main"
          ]
        }
      ]
    }
  ],
  "check_results": null
}
