{
  "version": 4,
  "terraform_version": "1.10.5",
  "serial": 611,
  "lineage": "27397d41-e396-aa77-bde1-8bde3b678065",
  "outputs": {
    "efs_dns_name": {
      "value": "fs-05548ed18b881d2c5.efs.eu-north-1.amazonaws.com",
      "type": "string"
    }
  },
  "resources": [
    {
      "mode": "managed",
      "type": "aws_efs_file_system",
      "name": "nextcloud_efs",
      "provider": "provider[\"registry.terraform.io/hashicorp/aws\"]",
      "instances": [
        {
          "schema_version": 0,
          "attributes": {
            "arn": "arn:aws:elasticfilesystem:eu-north-1:134400125759:file-system/fs-05548ed18b881d2c5",
            "availability_zone_id": "",
            "availability_zone_name": "",
            "creation_token": "nextcloud-efs-token",
            "dns_name": "fs-05548ed18b881d2c5.efs.eu-north-1.amazonaws.com",
            "encrypted": true,
            "id": "fs-05548ed18b881d2c5",
            "kms_key_id": "arn:aws:kms:eu-north-1:134400125759:key/84613d34-511c-4141-a9a2-b7a3817aee75",
            "lifecycle_policy": [],
            "name": "ymontagnier-tp05-ex01-EFS-Nextcloud",
            "number_of_mount_targets": 0,
            "owner_id": "134400125759",
            "performance_mode": "generalPurpose",
            "protection": [
              {
                "replication_overwrite": "ENABLED"
              }
            ],
            "provisioned_throughput_in_mibps": 0,
            "size_in_bytes": [
              {
                "value": 6144,
                "value_in_ia": 0,
                "value_in_standard": 6144
              }
            ],
            "tags": {
              "Name": "ymontagnier-tp05-ex01-EFS-Nextcloud"
            },
            "tags_all": {
              "Name": "ymontagnier-tp05-ex01-EFS-Nextcloud",
              "Owner": "ymontagnier"
            },
            "throughput_mode": "bursting"
          },
          "sensitive_attributes": [],
          "private": "bnVsbA=="
        }
      ]
    },
    {
      "mode": "managed",
      "type": "aws_efs_mount_target",
      "name": "nextcloud_efs_target_a",
      "provider": "provider[\"registry.terraform.io/hashicorp/aws\"]",
      "instances": [
        {
          "schema_version": 0,
          "attributes": {
            "availability_zone_id": "eun1-az1",
            "availability_zone_name": "eu-north-1a",
            "dns_name": "fs-05548ed18b881d2c5.efs.eu-north-1.amazonaws.com",
            "file_system_arn": "arn:aws:elasticfilesystem:eu-north-1:134400125759:file-system/fs-05548ed18b881d2c5",
            "file_system_id": "fs-05548ed18b881d2c5",
            "id": "fsmt-08505e719581e0c3b",
            "ip_address": "10.0.4.191",
            "mount_target_dns_name": "eu-north-1a.fs-05548ed18b881d2c5.efs.eu-north-1.amazonaws.com",
            "network_interface_id": "eni-08718aef062943b80",
            "owner_id": "134400125759",
            "security_groups": [
              "sg-0f4571d7a5d84d8ab"
            ],
            "subnet_id": "subnet-0a640ad991ea4362b",
            "timeouts": null
          },
          "sensitive_attributes": [],
          "private": "eyJlMmJmYjczMC1lY2FhLTExZTYtOGY4OC0zNDM2M2JjN2M0YzAiOnsiY3JlYXRlIjoxODAwMDAwMDAwMDAwLCJkZWxldGUiOjYwMDAwMDAwMDAwMH19",
          "dependencies": [
            "aws_efs_file_system.nextcloud_efs",
            "aws_security_group.nextcloud_sg",
            "aws_subnet.private",
            "aws_vpc.main"
          ]
        }
      ]
    },
    {
      "mode": "managed",
      "type": "aws_efs_mount_target",
      "name": "nextcloud_efs_target_b",
      "provider": "provider[\"registry.terraform.io/hashicorp/aws\"]",
      "instances": [
        {
          "schema_version": 0,
          "attributes": {
            "availability_zone_id": "eun1-az2",
            "availability_zone_name": "eu-north-1b",
            "dns_name": "fs-05548ed18b881d2c5.efs.eu-north-1.amazonaws.com",
            "file_system_arn": "arn:aws:elasticfilesystem:eu-north-1:134400125759:file-system/fs-05548ed18b881d2c5",
            "file_system_id": "fs-05548ed18b881d2c5",
            "id": "fsmt-0f98ad1271a2996da",
            "ip_address": "10.0.5.43",
            "mount_target_dns_name": "eu-north-1b.fs-05548ed18b881d2c5.efs.eu-north-1.amazonaws.com",
            "network_interface_id": "eni-046f4d5d6491c0e58",
            "owner_id": "134400125759",
            "security_groups": [
              "sg-0f4571d7a5d84d8ab"
            ],
            "subnet_id": "subnet-0756457ca468b298f",
            "timeouts": null
          },
          "sensitive_attributes": [],
          "private": "eyJlMmJmYjczMC1lY2FhLTExZTYtOGY4OC0zNDM2M2JjN2M0YzAiOnsiY3JlYXRlIjoxODAwMDAwMDAwMDAwLCJkZWxldGUiOjYwMDAwMDAwMDAwMH19",
          "dependencies": [
            "aws_efs_file_system.nextcloud_efs",
            "aws_security_group.nextcloud_sg",
            "aws_subnet.private",
            "aws_vpc.main"
          ]
        }
      ]
    },
    {
      "mode": "managed",
      "type": "aws_efs_mount_target",
      "name": "nextcloud_efs_target_c",
      "provider": "provider[\"registry.terraform.io/hashicorp/aws\"]",
      "instances": [
        {
          "schema_version": 0,
          "attributes": {
            "availability_zone_id": "eun1-az3",
            "availability_zone_name": "eu-north-1c",
            "dns_name": "fs-05548ed18b881d2c5.efs.eu-north-1.amazonaws.com",
            "file_system_arn": "arn:aws:elasticfilesystem:eu-north-1:134400125759:file-system/fs-05548ed18b881d2c5",
            "file_system_id": "fs-05548ed18b881d2c5",
            "id": "fsmt-079809871b02d1ce1",
            "ip_address": "10.0.6.34",
            "mount_target_dns_name": "eu-north-1c.fs-05548ed18b881d2c5.efs.eu-north-1.amazonaws.com",
            "network_interface_id": "eni-06d680500cfe1a814",
            "owner_id": "134400125759",
            "security_groups": [
              "sg-0f4571d7a5d84d8ab"
            ],
            "subnet_id": "subnet-09b85c91d41a8fec1",
            "timeouts": null
          },
          "sensitive_attributes": [],
          "private": "eyJlMmJmYjczMC1lY2FhLTExZTYtOGY4OC0zNDM2M2JjN2M0YzAiOnsiY3JlYXRlIjoxODAwMDAwMDAwMDAwLCJkZWxldGUiOjYwMDAwMDAwMDAwMH19",
          "dependencies": [
            "aws_efs_file_system.nextcloud_efs",
            "aws_security_group.nextcloud_sg",
            "aws_subnet.private",
            "aws_vpc.main"
          ]
        }
      ]
    },
    {
      "mode": "managed",
      "type": "aws_eip",
      "name": "nat_eip",
      "provider": "provider[\"registry.terraform.io/hashicorp/aws\"]",
      "instances": [
        {
          "schema_version": 0,
          "attributes": {
            "address": null,
            "allocation_id": "eipalloc-0b8e22ba01edae645",
            "arn": "arn:aws:ec2:eu-north-1:134400125759:elastic-ip/eipalloc-0b8e22ba01edae645",
            "associate_with_private_ip": null,
            "association_id": "",
            "carrier_ip": "",
            "customer_owned_ip": "",
            "customer_owned_ipv4_pool": "",
            "domain": "vpc",
            "id": "eipalloc-0b8e22ba01edae645",
            "instance": "",
            "ipam_pool_id": null,
            "network_border_group": "eu-north-1",
            "network_interface": "",
            "private_dns": null,
            "private_ip": "",
            "ptr_record": "",
            "public_dns": "ec2-13-61-162-206.eu-north-1.compute.amazonaws.com",
            "public_ip": "13.61.162.206",
            "public_ipv4_pool": "amazon",
            "tags": {
              "Name": "Public NAT EIP"
            },
            "tags_all": {
              "Name": "Public NAT EIP",
              "Owner": "ymontagnier"
            },
            "timeouts": null,
            "vpc": true
          },
          "sensitive_attributes": [],
          "private": "eyJlMmJmYjczMC1lY2FhLTExZTYtOGY4OC0zNDM2M2JjN2M0YzAiOnsiZGVsZXRlIjoxODAwMDAwMDAwMDAsInJlYWQiOjkwMDAwMDAwMDAwMCwidXBkYXRlIjozMDAwMDAwMDAwMDB9fQ=="
        }
      ]
    },
    {
      "mode": "managed",
      "type": "aws_instance",
      "name": "bastion",
      "provider": "provider[\"registry.terraform.io/hashicorp/aws\"]",
      "instances": [
        {
          "schema_version": 1,
          "attributes": {
            "ami": "ami-09a9858973b288bdd",
            "arn": "arn:aws:ec2:eu-north-1:134400125759:instance/i-0b3f20e0ff80213d1",
            "associate_public_ip_address": true,
            "availability_zone": "eu-north-1a",
            "capacity_reservation_specification": [
              {
                "capacity_reservation_preference": "open",
                "capacity_reservation_target": []
              }
            ],
            "cpu_core_count": 1,
            "cpu_options": [
              {
                "amd_sev_snp": "",
                "core_count": 1,
                "threads_per_core": 2
              }
            ],
            "cpu_threads_per_core": 2,
            "credit_specification": [
              {
                "cpu_credits": "unlimited"
              }
            ],
            "disable_api_stop": false,
            "disable_api_termination": false,
            "ebs_block_device": [],
            "ebs_optimized": false,
            "enable_primary_ipv6": null,
            "enclave_options": [
              {
                "enabled": false
              }
            ],
            "ephemeral_block_device": [],
            "get_password_data": false,
            "hibernation": false,
            "host_id": "",
            "host_resource_group_arn": null,
            "iam_instance_profile": "",
            "id": "i-0b3f20e0ff80213d1",
            "instance_initiated_shutdown_behavior": "stop",
            "instance_lifecycle": "",
            "instance_market_options": [],
            "instance_state": "running",
            "instance_type": "t3.micro",
            "ipv6_address_count": 0,
            "ipv6_addresses": [],
            "key_name": "ymontagnier-tp05-ex01-bastion-key",
            "launch_template": [],
            "maintenance_options": [
              {
                "auto_recovery": "default"
              }
            ],
            "metadata_options": [
              {
                "http_endpoint": "enabled",
                "http_protocol_ipv6": "disabled",
                "http_put_response_hop_limit": 2,
                "http_tokens": "required",
                "instance_metadata_tags": "disabled"
              }
            ],
            "monitoring": false,
            "network_interface": [],
            "outpost_arn": "",
            "password_data": "",
            "placement_group": "",
            "placement_partition_number": 0,
            "primary_network_interface_id": "eni-0b426f886bae84e31",
            "private_dns": "ip-10-0-1-158.eu-north-1.compute.internal",
            "private_dns_name_options": [
              {
                "enable_resource_name_dns_a_record": false,
                "enable_resource_name_dns_aaaa_record": false,
                "hostname_type": "ip-name"
              }
            ],
            "private_ip": "10.0.1.158",
            "public_dns": "ec2-13-60-60-5.eu-north-1.compute.amazonaws.com",
            "public_ip": "13.60.60.5",
            "root_block_device": [
              {
                "delete_on_termination": true,
                "device_name": "/dev/sda1",
                "encrypted": false,
                "iops": 3000,
                "kms_key_id": "",
                "tags": {
                  "Name": "ymontagnier-tp05-ex01",
                  "Owner": "ymontagnier"
                },
                "tags_all": {
                  "Name": "ymontagnier-tp05-ex01",
                  "Owner": "ymontagnier"
                },
                "throughput": 125,
                "volume_id": "vol-0c6a94ef38a38c9b1",
                "volume_size": 8,
                "volume_type": "gp3"
              }
            ],
            "secondary_private_ips": [],
            "security_groups": [],
            "source_dest_check": true,
            "spot_instance_request_id": "",
            "subnet_id": "subnet-08ae9ca8c20f1a371",
            "tags": {
              "Name": "ymontagnier-tp05-ex01-bastion"
            },
            "tags_all": {
              "Name": "ymontagnier-tp05-ex01-bastion",
              "Owner": "ymontagnier"
            },
            "tenancy": "default",
            "timeouts": null,
            "user_data": null,
            "user_data_base64": null,
            "user_data_replace_on_change": false,
            "volume_tags": null,
            "vpc_security_group_ids": [
              "sg-0fc35e5263735c906"
            ]
          },
          "sensitive_attributes": [],
          "private": "eyJlMmJmYjczMC1lY2FhLTExZTYtOGY4OC0zNDM2M2JjN2M0YzAiOnsiY3JlYXRlIjo2MDAwMDAwMDAwMDAsImRlbGV0ZSI6MTIwMDAwMDAwMDAwMCwicmVhZCI6OTAwMDAwMDAwMDAwLCJ1cGRhdGUiOjYwMDAwMDAwMDAwMH0sInNjaGVtYV92ZXJzaW9uIjoiMSJ9",
          "dependencies": [
            "aws_key_pair.bastion",
            "aws_security_group.bastion_sg",
            "aws_subnet.public",
            "aws_vpc.main"
          ]
        }
      ]
    },
    {
      "mode": "managed",
      "type": "aws_instance",
      "name": "nextcloud",
      "provider": "provider[\"registry.terraform.io/hashicorp/aws\"]",
      "instances": [
        {
          "schema_version": 1,
          "attributes": {
            "ami": "ami-09a9858973b288bdd",
            "arn": "arn:aws:ec2:eu-north-1:134400125759:instance/i-086b32833ddaeb76d",
            "associate_public_ip_address": false,
            "availability_zone": "eu-north-1b",
            "capacity_reservation_specification": [
              {
                "capacity_reservation_preference": "open",
                "capacity_reservation_target": []
              }
            ],
            "cpu_core_count": 1,
            "cpu_options": [
              {
                "amd_sev_snp": "",
                "core_count": 1,
                "threads_per_core": 2
              }
            ],
            "cpu_threads_per_core": 2,
            "credit_specification": [
              {
                "cpu_credits": "unlimited"
              }
            ],
            "disable_api_stop": false,
            "disable_api_termination": false,
            "ebs_block_device": [],
            "ebs_optimized": false,
            "enable_primary_ipv6": null,
            "enclave_options": [
              {
                "enabled": false
              }
            ],
            "ephemeral_block_device": [],
            "get_password_data": false,
            "hibernation": false,
            "host_id": "",
            "host_resource_group_arn": null,
            "iam_instance_profile": "",
            "id": "i-086b32833ddaeb76d",
            "instance_initiated_shutdown_behavior": "stop",
            "instance_lifecycle": "",
            "instance_market_options": [],
            "instance_state": "running",
            "instance_type": "t3.micro",
            "ipv6_address_count": 0,
            "ipv6_addresses": [],
            "key_name": "ymontagnier-tp05-ex01-nextcloud-key",
            "launch_template": [],
            "maintenance_options": [
              {
                "auto_recovery": "default"
              }
            ],
            "metadata_options": [
              {
                "http_endpoint": "enabled",
                "http_protocol_ipv6": "disabled",
                "http_put_response_hop_limit": 2,
                "http_tokens": "required",
                "instance_metadata_tags": "disabled"
              }
            ],
            "monitoring": false,
            "network_interface": [],
            "outpost_arn": "",
            "password_data": "",
            "placement_group": "",
            "placement_partition_number": 0,
            "primary_network_interface_id": "eni-05115965f1ea6d3af",
            "private_dns": "ip-10-0-5-244.eu-north-1.compute.internal",
            "private_dns_name_options": [
              {
                "enable_resource_name_dns_a_record": false,
                "enable_resource_name_dns_aaaa_record": false,
                "hostname_type": "ip-name"
              }
            ],
            "private_ip": "10.0.5.244",
            "public_dns": "",
            "public_ip": "",
            "root_block_device": [
              {
                "delete_on_termination": true,
                "device_name": "/dev/sda1",
                "encrypted": false,
                "iops": 3000,
                "kms_key_id": "",
                "tags": {
                  "Name": "ymontagnier-tp05-ex01",
                  "Owner": "ymontagnier"
                },
                "tags_all": {
                  "Name": "ymontagnier-tp05-ex01",
                  "Owner": "ymontagnier"
                },
                "throughput": 125,
                "volume_id": "vol-02c37527201a4ea95",
                "volume_size": 8,
                "volume_type": "gp3"
              }
            ],
            "secondary_private_ips": [],
            "security_groups": [],
            "source_dest_check": true,
            "spot_instance_request_id": "",
            "subnet_id": "subnet-0756457ca468b298f",
            "tags": {
              "Name": "ymontagnier-tp05-ex01-nextcloud"
            },
            "tags_all": {
              "Name": "ymontagnier-tp05-ex01-nextcloud",
              "Owner": "ymontagnier"
            },
            "tenancy": "default",
            "timeouts": null,
            "user_data": "98e2084651897da4e590be02657fb0ce0a93a66f",
            "user_data_base64": null,
            "user_data_replace_on_change": false,
            "volume_tags": null,
            "vpc_security_group_ids": [
              "sg-0f4571d7a5d84d8ab"
            ]
          },
          "sensitive_attributes": [],
          "private": "eyJlMmJmYjczMC1lY2FhLTExZTYtOGY4OC0zNDM2M2JjN2M0YzAiOnsiY3JlYXRlIjo2MDAwMDAwMDAwMDAsImRlbGV0ZSI6MTIwMDAwMDAwMDAwMCwicmVhZCI6OTAwMDAwMDAwMDAwLCJ1cGRhdGUiOjYwMDAwMDAwMDAwMH0sInNjaGVtYV92ZXJzaW9uIjoiMSJ9",
          "dependencies": [
            "aws_efs_file_system.nextcloud_efs",
            "aws_security_group.nextcloud_sg",
            "aws_subnet.private",
            "aws_vpc.main"
          ]
        }
      ]
    },
    {
      "mode": "managed",
      "type": "aws_internet_gateway",
      "name": "igw",
      "provider": "provider[\"registry.terraform.io/hashicorp/aws\"]",
      "instances": [
        {
          "schema_version": 0,
          "attributes": {
            "arn": "arn:aws:ec2:eu-north-1:134400125759:internet-gateway/igw-0e28adca2039f1a8c",
            "id": "igw-0e28adca2039f1a8c",
            "owner_id": "134400125759",
            "tags": {
              "Name": "ymontagnier-tp05-ex01-igw"
            },
            "tags_all": {
              "Name": "ymontagnier-tp05-ex01-igw",
              "Owner": "ymontagnier"
            },
            "timeouts": null,
            "vpc_id": "vpc-05102ca63332501b4"
          },
          "sensitive_attributes": [],
          "private": "eyJlMmJmYjczMC1lY2FhLTExZTYtOGY4OC0zNDM2M2JjN2M0YzAiOnsiY3JlYXRlIjoxMjAwMDAwMDAwMDAwLCJkZWxldGUiOjEyMDAwMDAwMDAwMDAsInVwZGF0ZSI6MTIwMDAwMDAwMDAwMH19",
          "dependencies": [
            "aws_vpc.main"
          ]
        }
      ]
    },
    {
      "mode": "managed",
      "type": "aws_key_pair",
      "name": "bastion",
      "provider": "provider[\"registry.terraform.io/hashicorp/aws\"]",
      "instances": [
        {
          "schema_version": 1,
          "attributes": {
            "arn": "arn:aws:ec2:eu-north-1:134400125759:key-pair/ymontagnier-tp05-ex01-bastion-key",
            "fingerprint": "b3:1c:1d:5e:75:ed:66:b0:5b:c0:7e:6f:a0:10:ec:d4",
            "id": "ymontagnier-tp05-ex01-bastion-key",
            "key_name": "ymontagnier-tp05-ex01-bastion-key",
            "key_name_prefix": "",
            "key_pair_id": "key-01bf167fd83e0ce07",
            "key_type": "rsa",
            "public_key": "ssh-rsa AAAAB3NzaC1yc2EAAAADAQABAAABAQCzWCoZNy2Xy9oCLMR4ovk4JWD6vcJT3QtJ2ZJWggtoEwf7ybagNV4K8hz8IE4Gtdx0Gn9L2a+VfdxhSEICXYVtWdxurKgTzeXBNmFiKUk08fDmT4PSl1bvXKLhEj9mz6NCtOk0iP+PA4LeZotPqb8FhWpOyBFNROUpkpXNzQBSpb3Q4oEHtKj/+869sLhn9mmyacmx8v4t+2Xai5FKPk2tGs2bbgolb1K55yOi1IZ71a1SfCBrnkGX2w9nnyFv7QMnCGDhn2BlQJqCPSdp2+mGvm/+OJC1a4LXI/3HjNzsvLlFljl+GuDmKpNfCHzQL1LMDE9a0m8pSr5AC0yHcVHf tp04-ex02-bastion",
            "tags": {
              "Name": "ymontagnier-tp05-ex01-bastion-key"
            },
            "tags_all": {
              "Name": "ymontagnier-tp05-ex01-bastion-key",
              "Owner": "ymontagnier"
            }
          },
          "sensitive_attributes": [],
          "private": "eyJzY2hlbWFfdmVyc2lvbiI6IjEifQ=="
        }
      ]
    },
    {
      "mode": "managed",
      "type": "aws_key_pair",
      "name": "nextcloud",
      "provider": "provider[\"registry.terraform.io/hashicorp/aws\"]",
      "instances": [
        {
          "schema_version": 1,
          "attributes": {
            "arn": "arn:aws:ec2:eu-north-1:134400125759:key-pair/ymontagnier-tp05-ex01-nextcloud-key",
            "fingerprint": "38:77:a5:15:1c:cd:75:15:58:9c:58:e0:fd:4c:37:47",
            "id": "ymontagnier-tp05-ex01-nextcloud-key",
            "key_name": "ymontagnier-tp05-ex01-nextcloud-key",
            "key_name_prefix": "",
            "key_pair_id": "key-037ef4fae1bb209c1",
            "key_type": "rsa",
            "public_key": "ssh-rsa AAAAB3NzaC1yc2EAAAADAQABAAABAQC//VlIHLdKIZ5KCbH+5bINXvFdNtOsNKSFUrbgrCmqBzlMquwC3P20i/Z9pyRPR2jKvuHDaH6sLA9vywwSiT6uq09SazDy749VDsET0TZQo9fkjyEMASkvrtvM3k4dR0XLF+5T1evg0xtYJ+whsl9rvId7Zbcx0RJdFarrZPuBwD2U2ZlzbkwckCz/W6hyivFDA8m9Y0KBp/niETC3ZuJSO43cX9tVMv27zDxHS/1V1vK0Pu8Xav6h0XW9FTZrt9SfoVTS5B+UiBnNQH/0R+DVXRfVcqJihusGSQDQi1s5Ni6Kn89N6sGd2kw70bttpTBeDO/RKk+T+WLzBehnhqaf tp04-ex02-nextcloud",
            "tags": {
              "Name": "ymontagnier-tp05-ex01-nextcloud-key"
            },
            "tags_all": {
              "Name": "ymontagnier-tp05-ex01-nextcloud-key",
              "Owner": "ymontagnier"
            }
          },
          "sensitive_attributes": [],
          "private": "eyJzY2hlbWFfdmVyc2lvbiI6IjEifQ=="
        }
      ]
    },
    {
      "mode": "managed",
      "type": "aws_nat_gateway",
      "name": "public_nat",
      "provider": "provider[\"registry.terraform.io/hashicorp/aws\"]",
      "instances": [
        {
          "schema_version": 0,
          "attributes": {
            "allocation_id": "eipalloc-0b8e22ba01edae645",
            "association_id": "eipassoc-031d46e422ca2ed91",
            "connectivity_type": "public",
            "id": "nat-01c6fe19d0239dce1",
            "network_interface_id": "eni-00e0859df3cf75069",
            "private_ip": "10.0.1.131",
            "public_ip": "13.61.162.206",
            "secondary_allocation_ids": null,
            "secondary_private_ip_address_count": 0,
            "secondary_private_ip_addresses": [],
            "subnet_id": "subnet-08ae9ca8c20f1a371",
            "tags": {
              "Name": "ymontagnier-tp05-ex01-NAT-Gateway"
            },
            "tags_all": {
              "Name": "ymontagnier-tp05-ex01-NAT-Gateway",
              "Owner": "ymontagnier"
            },
            "timeouts": null
          },
          "sensitive_attributes": [],
          "private": "eyJlMmJmYjczMC1lY2FhLTExZTYtOGY4OC0zNDM2M2JjN2M0YzAiOnsiY3JlYXRlIjo2MDAwMDAwMDAwMDAsImRlbGV0ZSI6MTgwMDAwMDAwMDAwMCwidXBkYXRlIjo2MDAwMDAwMDAwMDB9fQ==",
          "dependencies": [
            "aws_eip.nat_eip",
            "aws_internet_gateway.igw",
            "aws_subnet.public",
            "aws_vpc.main"
          ]
        }
      ]
    },
    {
      "mode": "managed",
      "type": "aws_network_acl",
      "name": "acl",
      "provider": "provider[\"registry.terraform.io/hashicorp/aws\"]",
      "instances": [
        {
          "schema_version": 0,
          "attributes": {
            "arn": "arn:aws:ec2:eu-north-1:134400125759:network-acl/acl-042b93a3b78370580",
            "egress": [
              {
                "action": "allow",
                "cidr_block": "0.0.0.0/0",
                "from_port": 0,
                "icmp_code": null,
                "icmp_type": null,
                "ipv6_cidr_block": "",
                "protocol": "-1",
                "rule_no": 100,
                "to_port": 0
              }
            ],
            "id": "acl-042b93a3b78370580",
            "ingress": [
              {
                "action": "allow",
                "cidr_block": "0.0.0.0/0",
                "from_port": 0,
                "icmp_code": null,
                "icmp_type": null,
                "ipv6_cidr_block": "",
                "protocol": "-1",
                "rule_no": 200,
                "to_port": 0
              },
              {
                "action": "deny",
                "cidr_block": "13.48.4.200/30",
                "from_port": 22,
                "icmp_code": null,
                "icmp_type": null,
                "ipv6_cidr_block": "",
                "protocol": "tcp",
                "rule_no": 100,
                "to_port": 22
              }
            ],
            "owner_id": "134400125759",
            "subnet_ids": [],
            "tags": {
              "Name": "ymontagnier-tp05-ex01-acl"
            },
            "tags_all": {
              "Name": "ymontagnier-tp05-ex01-acl",
              "Owner": "ymontagnier"
            },
            "vpc_id": "vpc-05102ca63332501b4"
          },
          "sensitive_attributes": [],
          "private": "bnVsbA==",
          "dependencies": [
            "aws_vpc.main"
          ]
        }
      ]
    },
    {
      "mode": "managed",
      "type": "aws_network_acl_association",
      "name": "private_acl_assoc",
      "provider": "provider[\"registry.terraform.io/hashicorp/aws\"]",
      "instances": [
        {
          "index_key": "0",
          "schema_version": 0,
          "attributes": {
            "id": "aclassoc-0a6a3c133dc2fc1d8",
            "network_acl_id": "acl-042b93a3b78370580",
            "subnet_id": "subnet-0a640ad991ea4362b"
          },
          "sensitive_attributes": [],
          "private": "bnVsbA==",
          "dependencies": [
            "aws_network_acl.acl",
            "aws_subnet.private",
            "aws_vpc.main"
          ]
        },
        {
          "index_key": "1",
          "schema_version": 0,
          "attributes": {
            "id": "aclassoc-0cdbdafbd2dd8d573",
            "network_acl_id": "acl-042b93a3b78370580",
            "subnet_id": "subnet-0756457ca468b298f"
          },
          "sensitive_attributes": [],
          "private": "bnVsbA==",
          "dependencies": [
            "aws_network_acl.acl",
            "aws_subnet.private",
            "aws_vpc.main"
          ]
        },
        {
          "index_key": "2",
          "schema_version": 0,
          "attributes": {
            "id": "aclassoc-01345c48d5f292155",
            "network_acl_id": "acl-042b93a3b78370580",
            "subnet_id": "subnet-09b85c91d41a8fec1"
          },
          "sensitive_attributes": [],
          "private": "bnVsbA==",
          "dependencies": [
            "aws_network_acl.acl",
            "aws_subnet.private",
            "aws_vpc.main"
          ]
        }
      ]
    },
    {
      "mode": "managed",
      "type": "aws_network_acl_association",
      "name": "public_acl_assoc",
      "provider": "provider[\"registry.terraform.io/hashicorp/aws\"]",
      "instances": [
        {
          "index_key": "0",
          "schema_version": 0,
          "attributes": {
            "id": "aclassoc-0bf77cdcc3f941d7d",
            "network_acl_id": "acl-042b93a3b78370580",
            "subnet_id": "subnet-08ae9ca8c20f1a371"
          },
          "sensitive_attributes": [],
          "private": "bnVsbA==",
          "dependencies": [
            "aws_network_acl.acl",
            "aws_subnet.public",
            "aws_vpc.main"
          ]
        },
        {
          "index_key": "1",
          "schema_version": 0,
          "attributes": {
            "id": "aclassoc-020347d17defdfa7b",
            "network_acl_id": "acl-042b93a3b78370580",
            "subnet_id": "subnet-05ad85f63135d0106"
          },
          "sensitive_attributes": [],
          "private": "bnVsbA==",
          "dependencies": [
            "aws_network_acl.acl",
            "aws_subnet.public",
            "aws_vpc.main"
          ]
        },
        {
          "index_key": "2",
          "schema_version": 0,
          "attributes": {
            "id": "aclassoc-04ac606d3900066f4",
            "network_acl_id": "acl-042b93a3b78370580",
            "subnet_id": "subnet-0345a08abad1c803b"
          },
          "sensitive_attributes": [],
          "private": "bnVsbA==",
          "dependencies": [
            "aws_network_acl.acl",
            "aws_subnet.public",
            "aws_vpc.main"
          ]
        }
      ]
    },
    {
      "mode": "managed",
      "type": "aws_route_table",
      "name": "private",
      "provider": "provider[\"registry.terraform.io/hashicorp/aws\"]",
      "instances": [
        {
          "index_key": "0",
          "schema_version": 0,
          "attributes": {
            "arn": "arn:aws:ec2:eu-north-1:134400125759:route-table/rtb-0ea12dcae4566d57a",
            "id": "rtb-0ea12dcae4566d57a",
            "owner_id": "134400125759",
            "propagating_vgws": [],
            "route": [
              {
                "carrier_gateway_id": "",
                "cidr_block": "0.0.0.0/0",
                "core_network_arn": "",
                "destination_prefix_list_id": "",
                "egress_only_gateway_id": "",
                "gateway_id": "",
                "ipv6_cidr_block": "",
                "local_gateway_id": "",
                "nat_gateway_id": "nat-01c6fe19d0239dce1",
                "network_interface_id": "",
                "transit_gateway_id": "",
                "vpc_endpoint_id": "",
                "vpc_peering_connection_id": ""
              }
            ],
            "tags": {
              "Name": "ymontagnier-tp05-ex01-private-rtb-eu-north-1a"
            },
            "tags_all": {
              "Name": "ymontagnier-tp05-ex01-private-rtb-eu-north-1a",
              "Owner": "ymontagnier"
            },
            "timeouts": null,
            "vpc_id": "vpc-05102ca63332501b4"
          },
          "sensitive_attributes": [],
          "private": "eyJlMmJmYjczMC1lY2FhLTExZTYtOGY4OC0zNDM2M2JjN2M0YzAiOnsiY3JlYXRlIjozMDAwMDAwMDAwMDAsImRlbGV0ZSI6MzAwMDAwMDAwMDAwLCJ1cGRhdGUiOjEyMDAwMDAwMDAwMH19",
          "dependencies": [
            "aws_eip.nat_eip",
            "aws_internet_gateway.igw",
            "aws_nat_gateway.public_nat",
            "aws_subnet.public",
            "aws_vpc.main"
          ]
        },
        {
          "index_key": "1",
          "schema_version": 0,
          "attributes": {
            "arn": "arn:aws:ec2:eu-north-1:134400125759:route-table/rtb-04250ccbfc646b344",
            "id": "rtb-04250ccbfc646b344",
            "owner_id": "134400125759",
            "propagating_vgws": [],
            "route": [
              {
                "carrier_gateway_id": "",
                "cidr_block": "0.0.0.0/0",
                "core_network_arn": "",
                "destination_prefix_list_id": "",
                "egress_only_gateway_id": "",
                "gateway_id": "",
                "ipv6_cidr_block": "",
                "local_gateway_id": "",
                "nat_gateway_id": "nat-01c6fe19d0239dce1",
                "network_interface_id": "",
                "transit_gateway_id": "",
                "vpc_endpoint_id": "",
                "vpc_peering_connection_id": ""
              }
            ],
            "tags": {
              "Name": "ymontagnier-tp05-ex01-private-rtb-eu-north-1b"
            },
            "tags_all": {
              "Name": "ymontagnier-tp05-ex01-private-rtb-eu-north-1b",
              "Owner": "ymontagnier"
            },
            "timeouts": null,
            "vpc_id": "vpc-05102ca63332501b4"
          },
          "sensitive_attributes": [],
          "private": "eyJlMmJmYjczMC1lY2FhLTExZTYtOGY4OC0zNDM2M2JjN2M0YzAiOnsiY3JlYXRlIjozMDAwMDAwMDAwMDAsImRlbGV0ZSI6MzAwMDAwMDAwMDAwLCJ1cGRhdGUiOjEyMDAwMDAwMDAwMH19",
          "dependencies": [
            "aws_eip.nat_eip",
            "aws_internet_gateway.igw",
            "aws_nat_gateway.public_nat",
            "aws_subnet.public",
            "aws_vpc.main"
          ]
        },
        {
          "index_key": "2",
          "schema_version": 0,
          "attributes": {
            "arn": "arn:aws:ec2:eu-north-1:134400125759:route-table/rtb-0e9e3907f6ed82919",
            "id": "rtb-0e9e3907f6ed82919",
            "owner_id": "134400125759",
            "propagating_vgws": [],
            "route": [
              {
                "carrier_gateway_id": "",
                "cidr_block": "0.0.0.0/0",
                "core_network_arn": "",
                "destination_prefix_list_id": "",
                "egress_only_gateway_id": "",
                "gateway_id": "",
                "ipv6_cidr_block": "",
                "local_gateway_id": "",
                "nat_gateway_id": "nat-01c6fe19d0239dce1",
                "network_interface_id": "",
                "transit_gateway_id": "",
                "vpc_endpoint_id": "",
                "vpc_peering_connection_id": ""
              }
            ],
            "tags": {
              "Name": "ymontagnier-tp05-ex01-private-rtb-eu-north-1c"
            },
            "tags_all": {
              "Name": "ymontagnier-tp05-ex01-private-rtb-eu-north-1c",
              "Owner": "ymontagnier"
            },
            "timeouts": null,
            "vpc_id": "vpc-05102ca63332501b4"
          },
          "sensitive_attributes": [],
          "private": "eyJlMmJmYjczMC1lY2FhLTExZTYtOGY4OC0zNDM2M2JjN2M0YzAiOnsiY3JlYXRlIjozMDAwMDAwMDAwMDAsImRlbGV0ZSI6MzAwMDAwMDAwMDAwLCJ1cGRhdGUiOjEyMDAwMDAwMDAwMH19",
          "dependencies": [
            "aws_eip.nat_eip",
            "aws_internet_gateway.igw",
            "aws_nat_gateway.public_nat",
            "aws_subnet.public",
            "aws_vpc.main"
          ]
        }
      ]
    },
    {
      "mode": "managed",
      "type": "aws_route_table",
      "name": "public",
      "provider": "provider[\"registry.terraform.io/hashicorp/aws\"]",
      "instances": [
        {
          "schema_version": 0,
          "attributes": {
            "arn": "arn:aws:ec2:eu-north-1:134400125759:route-table/rtb-01bd830a217f31c22",
            "id": "rtb-01bd830a217f31c22",
            "owner_id": "134400125759",
            "propagating_vgws": [],
            "route": [
              {
                "carrier_gateway_id": "",
                "cidr_block": "0.0.0.0/0",
                "core_network_arn": "",
                "destination_prefix_list_id": "",
                "egress_only_gateway_id": "",
                "gateway_id": "igw-0e28adca2039f1a8c",
                "ipv6_cidr_block": "",
                "local_gateway_id": "",
                "nat_gateway_id": "",
                "network_interface_id": "",
                "transit_gateway_id": "",
                "vpc_endpoint_id": "",
                "vpc_peering_connection_id": ""
              }
            ],
            "tags": {
              "Name": "ymontagnier-tp05-ex01-public-rtb"
            },
            "tags_all": {
              "Name": "ymontagnier-tp05-ex01-public-rtb",
              "Owner": "ymontagnier"
            },
            "timeouts": null,
            "vpc_id": "vpc-05102ca63332501b4"
          },
          "sensitive_attributes": [],
          "private": "eyJlMmJmYjczMC1lY2FhLTExZTYtOGY4OC0zNDM2M2JjN2M0YzAiOnsiY3JlYXRlIjozMDAwMDAwMDAwMDAsImRlbGV0ZSI6MzAwMDAwMDAwMDAwLCJ1cGRhdGUiOjEyMDAwMDAwMDAwMH19",
          "dependencies": [
            "aws_internet_gateway.igw",
            "aws_vpc.main"
          ]
        }
      ]
    },
    {
      "mode": "managed",
      "type": "aws_route_table_association",
      "name": "private",
      "provider": "provider[\"registry.terraform.io/hashicorp/aws\"]",
      "instances": [
        {
          "index_key": "0",
          "schema_version": 0,
          "attributes": {
            "gateway_id": "",
            "id": "rtbassoc-02cfe3c60cdcaebca",
            "route_table_id": "rtb-0ea12dcae4566d57a",
            "subnet_id": "subnet-0a640ad991ea4362b",
            "timeouts": null
          },
          "sensitive_attributes": [],
          "private": "eyJlMmJmYjczMC1lY2FhLTExZTYtOGY4OC0zNDM2M2JjN2M0YzAiOnsiY3JlYXRlIjozMDAwMDAwMDAwMDAsImRlbGV0ZSI6MzAwMDAwMDAwMDAwLCJ1cGRhdGUiOjEyMDAwMDAwMDAwMH19",
          "dependencies": [
            "aws_eip.nat_eip",
            "aws_internet_gateway.igw",
            "aws_nat_gateway.public_nat",
            "aws_route_table.private",
            "aws_subnet.private",
            "aws_subnet.public",
            "aws_vpc.main"
          ]
        },
        {
          "index_key": "1",
          "schema_version": 0,
          "attributes": {
            "gateway_id": "",
            "id": "rtbassoc-0461b00f1a6a07766",
            "route_table_id": "rtb-04250ccbfc646b344",
            "subnet_id": "subnet-0756457ca468b298f",
            "timeouts": null
          },
          "sensitive_attributes": [],
          "private": "eyJlMmJmYjczMC1lY2FhLTExZTYtOGY4OC0zNDM2M2JjN2M0YzAiOnsiY3JlYXRlIjozMDAwMDAwMDAwMDAsImRlbGV0ZSI6MzAwMDAwMDAwMDAwLCJ1cGRhdGUiOjEyMDAwMDAwMDAwMH19",
          "dependencies": [
            "aws_eip.nat_eip",
            "aws_internet_gateway.igw",
            "aws_nat_gateway.public_nat",
            "aws_route_table.private",
            "aws_subnet.private",
            "aws_subnet.public",
            "aws_vpc.main"
          ]
        },
        {
          "index_key": "2",
          "schema_version": 0,
          "attributes": {
            "gateway_id": "",
            "id": "rtbassoc-0343456aa5e8f48ee",
            "route_table_id": "rtb-0e9e3907f6ed82919",
            "subnet_id": "subnet-09b85c91d41a8fec1",
            "timeouts": null
          },
          "sensitive_attributes": [],
          "private": "eyJlMmJmYjczMC1lY2FhLTExZTYtOGY4OC0zNDM2M2JjN2M0YzAiOnsiY3JlYXRlIjozMDAwMDAwMDAwMDAsImRlbGV0ZSI6MzAwMDAwMDAwMDAwLCJ1cGRhdGUiOjEyMDAwMDAwMDAwMH19",
          "dependencies": [
            "aws_eip.nat_eip",
            "aws_internet_gateway.igw",
            "aws_nat_gateway.public_nat",
            "aws_route_table.private",
            "aws_subnet.private",
            "aws_subnet.public",
            "aws_vpc.main"
          ]
        }
      ]
    },
    {
      "mode": "managed",
      "type": "aws_route_table_association",
      "name": "public",
      "provider": "provider[\"registry.terraform.io/hashicorp/aws\"]",
      "instances": [
        {
          "index_key": "0",
          "schema_version": 0,
          "attributes": {
            "gateway_id": "",
            "id": "rtbassoc-0e262bdd2dda3f3dc",
            "route_table_id": "rtb-01bd830a217f31c22",
            "subnet_id": "subnet-08ae9ca8c20f1a371",
            "timeouts": null
          },
          "sensitive_attributes": [],
          "private": "eyJlMmJmYjczMC1lY2FhLTExZTYtOGY4OC0zNDM2M2JjN2M0YzAiOnsiY3JlYXRlIjozMDAwMDAwMDAwMDAsImRlbGV0ZSI6MzAwMDAwMDAwMDAwLCJ1cGRhdGUiOjEyMDAwMDAwMDAwMH19",
          "dependencies": [
            "aws_internet_gateway.igw",
            "aws_route_table.public",
            "aws_subnet.public",
            "aws_vpc.main"
          ]
        },
        {
          "index_key": "1",
          "schema_version": 0,
          "attributes": {
            "gateway_id": "",
            "id": "rtbassoc-022b9f61507fadf1b",
            "route_table_id": "rtb-01bd830a217f31c22",
            "subnet_id": "subnet-05ad85f63135d0106",
            "timeouts": null
          },
          "sensitive_attributes": [],
          "private": "eyJlMmJmYjczMC1lY2FhLTExZTYtOGY4OC0zNDM2M2JjN2M0YzAiOnsiY3JlYXRlIjozMDAwMDAwMDAwMDAsImRlbGV0ZSI6MzAwMDAwMDAwMDAwLCJ1cGRhdGUiOjEyMDAwMDAwMDAwMH19",
          "dependencies": [
            "aws_internet_gateway.igw",
            "aws_route_table.public",
            "aws_subnet.public",
            "aws_vpc.main"
          ]
        },
        {
          "index_key": "2",
          "schema_version": 0,
          "attributes": {
            "gateway_id": "",
            "id": "rtbassoc-04f3578bec5c5f208",
            "route_table_id": "rtb-01bd830a217f31c22",
            "subnet_id": "subnet-0345a08abad1c803b",
            "timeouts": null
          },
          "sensitive_attributes": [],
          "private": "eyJlMmJmYjczMC1lY2FhLTExZTYtOGY4OC0zNDM2M2JjN2M0YzAiOnsiY3JlYXRlIjozMDAwMDAwMDAwMDAsImRlbGV0ZSI6MzAwMDAwMDAwMDAwLCJ1cGRhdGUiOjEyMDAwMDAwMDAwMH19",
          "dependencies": [
            "aws_internet_gateway.igw",
            "aws_route_table.public",
            "aws_subnet.public",
            "aws_vpc.main"
          ]
        }
      ]
    },
    {
      "mode": "managed",
      "type": "aws_security_group",
      "name": "bastion_sg",
      "provider": "provider[\"registry.terraform.io/hashicorp/aws\"]",
      "instances": [
        {
          "schema_version": 1,
          "attributes": {
            "arn": "arn:aws:ec2:eu-north-1:134400125759:security-group/sg-0fc35e5263735c906",
            "description": "Allow SSH inbound traffic from ynov and all outbound traffic",
            "egress": [],
            "id": "sg-0fc35e5263735c906",
            "ingress": [],
            "name": "ymontagnier-tp05-ex01-bastion-sg",
            "name_prefix": "",
            "owner_id": "134400125759",
            "revoke_rules_on_delete": false,
            "tags": {
              "Name": "ymontagnier-tp05-ex01-bastion-sg"
            },
            "tags_all": {
              "Name": "ymontagnier-tp05-ex01-bastion-sg",
              "Owner": "ymontagnier"
            },
            "timeouts": null,
            "vpc_id": "vpc-05102ca63332501b4"
          },
          "sensitive_attributes": [],
          "private": "eyJlMmJmYjczMC1lY2FhLTExZTYtOGY4OC0zNDM2M2JjN2M0YzAiOnsiY3JlYXRlIjo2MDAwMDAwMDAwMDAsImRlbGV0ZSI6OTAwMDAwMDAwMDAwfSwic2NoZW1hX3ZlcnNpb24iOiIxIn0=",
          "dependencies": [
            "aws_vpc.main"
          ]
        }
      ]
    },
    {
      "mode": "managed",
      "type": "aws_security_group",
      "name": "nextcloud_sg",
      "provider": "provider[\"registry.terraform.io/hashicorp/aws\"]",
      "instances": [
        {
          "schema_version": 1,
          "attributes": {
            "arn": "arn:aws:ec2:eu-north-1:134400125759:security-group/sg-0f4571d7a5d84d8ab",
            "description": "Allow SSH inbound traffic from bastion and all outbound traffic",
            "egress": [],
            "id": "sg-0f4571d7a5d84d8ab",
            "ingress": [],
            "name": "ymontagnier-tp05-ex01-nextcloud-sg",
            "name_prefix": "",
            "owner_id": "134400125759",
            "revoke_rules_on_delete": false,
            "tags": {
              "Name": "ymontagnier-tp05-ex01-nextcloud-sg"
            },
            "tags_all": {
              "Name": "ymontagnier-tp05-ex01-nextcloud-sg",
              "Owner": "ymontagnier"
            },
            "timeouts": null,
            "vpc_id": "vpc-05102ca63332501b4"
          },
          "sensitive_attributes": [],
          "private": "eyJlMmJmYjczMC1lY2FhLTExZTYtOGY4OC0zNDM2M2JjN2M0YzAiOnsiY3JlYXRlIjo2MDAwMDAwMDAwMDAsImRlbGV0ZSI6OTAwMDAwMDAwMDAwfSwic2NoZW1hX3ZlcnNpb24iOiIxIn0=",
          "dependencies": [
            "aws_vpc.main"
          ]
        }
      ]
    },
    {
      "mode": "managed",
      "type": "aws_subnet",
      "name": "private",
      "provider": "provider[\"registry.terraform.io/hashicorp/aws\"]",
      "instances": [
        {
          "index_key": "0",
          "schema_version": 1,
          "attributes": {
            "arn": "arn:aws:ec2:eu-north-1:134400125759:subnet/subnet-0a640ad991ea4362b",
            "assign_ipv6_address_on_creation": false,
            "availability_zone": "eu-north-1a",
            "availability_zone_id": "eun1-az1",
            "cidr_block": "10.0.4.0/24",
            "customer_owned_ipv4_pool": "",
            "enable_dns64": false,
            "enable_lni_at_device_index": 0,
            "enable_resource_name_dns_a_record_on_launch": false,
            "enable_resource_name_dns_aaaa_record_on_launch": false,
            "id": "subnet-0a640ad991ea4362b",
            "ipv6_cidr_block": "",
            "ipv6_cidr_block_association_id": "",
            "ipv6_native": false,
            "map_customer_owned_ip_on_launch": false,
            "map_public_ip_on_launch": false,
            "outpost_arn": "",
            "owner_id": "134400125759",
            "private_dns_hostname_type_on_launch": "ip-name",
            "tags": {
              "Name": "ymontagnier-tp05-ex01-private-eu-north-1a"
            },
            "tags_all": {
              "Name": "ymontagnier-tp05-ex01-private-eu-north-1a",
              "Owner": "ymontagnier"
            },
            "timeouts": null,
            "vpc_id": "vpc-05102ca63332501b4"
          },
          "sensitive_attributes": [],
          "private": "eyJlMmJmYjczMC1lY2FhLTExZTYtOGY4OC0zNDM2M2JjN2M0YzAiOnsiY3JlYXRlIjo2MDAwMDAwMDAwMDAsImRlbGV0ZSI6MTIwMDAwMDAwMDAwMH0sInNjaGVtYV92ZXJzaW9uIjoiMSJ9",
          "dependencies": [
            "aws_vpc.main"
          ]
        },
        {
          "index_key": "1",
          "schema_version": 1,
          "attributes": {
            "arn": "arn:aws:ec2:eu-north-1:134400125759:subnet/subnet-0756457ca468b298f",
            "assign_ipv6_address_on_creation": false,
            "availability_zone": "eu-north-1b",
            "availability_zone_id": "eun1-az2",
            "cidr_block": "10.0.5.0/24",
            "customer_owned_ipv4_pool": "",
            "enable_dns64": false,
            "enable_lni_at_device_index": 0,
            "enable_resource_name_dns_a_record_on_launch": false,
            "enable_resource_name_dns_aaaa_record_on_launch": false,
            "id": "subnet-0756457ca468b298f",
            "ipv6_cidr_block": "",
            "ipv6_cidr_block_association_id": "",
            "ipv6_native": false,
            "map_customer_owned_ip_on_launch": false,
            "map_public_ip_on_launch": false,
            "outpost_arn": "",
            "owner_id": "134400125759",
            "private_dns_hostname_type_on_launch": "ip-name",
            "tags": {
              "Name": "ymontagnier-tp05-ex01-private-eu-north-1b"
            },
            "tags_all": {
              "Name": "ymontagnier-tp05-ex01-private-eu-north-1b",
              "Owner": "ymontagnier"
            },
            "timeouts": null,
            "vpc_id": "vpc-05102ca63332501b4"
          },
          "sensitive_attributes": [],
          "private": "eyJlMmJmYjczMC1lY2FhLTExZTYtOGY4OC0zNDM2M2JjN2M0YzAiOnsiY3JlYXRlIjo2MDAwMDAwMDAwMDAsImRlbGV0ZSI6MTIwMDAwMDAwMDAwMH0sInNjaGVtYV92ZXJzaW9uIjoiMSJ9",
          "dependencies": [
            "aws_vpc.main"
          ]
        },
        {
          "index_key": "2",
          "schema_version": 1,
          "attributes": {
            "arn": "arn:aws:ec2:eu-north-1:134400125759:subnet/subnet-09b85c91d41a8fec1",
            "assign_ipv6_address_on_creation": false,
            "availability_zone": "eu-north-1c",
            "availability_zone_id": "eun1-az3",
            "cidr_block": "10.0.6.0/24",
            "customer_owned_ipv4_pool": "",
            "enable_dns64": false,
            "enable_lni_at_device_index": 0,
            "enable_resource_name_dns_a_record_on_launch": false,
            "enable_resource_name_dns_aaaa_record_on_launch": false,
            "id": "subnet-09b85c91d41a8fec1",
            "ipv6_cidr_block": "",
            "ipv6_cidr_block_association_id": "",
            "ipv6_native": false,
            "map_customer_owned_ip_on_launch": false,
            "map_public_ip_on_launch": false,
            "outpost_arn": "",
            "owner_id": "134400125759",
            "private_dns_hostname_type_on_launch": "ip-name",
            "tags": {
              "Name": "ymontagnier-tp05-ex01-private-eu-north-1c"
            },
            "tags_all": {
              "Name": "ymontagnier-tp05-ex01-private-eu-north-1c",
              "Owner": "ymontagnier"
            },
            "timeouts": null,
            "vpc_id": "vpc-05102ca63332501b4"
          },
          "sensitive_attributes": [],
          "private": "eyJlMmJmYjczMC1lY2FhLTExZTYtOGY4OC0zNDM2M2JjN2M0YzAiOnsiY3JlYXRlIjo2MDAwMDAwMDAwMDAsImRlbGV0ZSI6MTIwMDAwMDAwMDAwMH0sInNjaGVtYV92ZXJzaW9uIjoiMSJ9",
          "dependencies": [
            "aws_vpc.main"
          ]
        }
      ]
    },
    {
      "mode": "managed",
      "type": "aws_subnet",
      "name": "public",
      "provider": "provider[\"registry.terraform.io/hashicorp/aws\"]",
      "instances": [
        {
          "index_key": "0",
          "schema_version": 1,
          "attributes": {
            "arn": "arn:aws:ec2:eu-north-1:134400125759:subnet/subnet-08ae9ca8c20f1a371",
            "assign_ipv6_address_on_creation": false,
            "availability_zone": "eu-north-1a",
            "availability_zone_id": "eun1-az1",
            "cidr_block": "10.0.1.0/24",
            "customer_owned_ipv4_pool": "",
            "enable_dns64": false,
            "enable_lni_at_device_index": 0,
            "enable_resource_name_dns_a_record_on_launch": false,
            "enable_resource_name_dns_aaaa_record_on_launch": false,
            "id": "subnet-08ae9ca8c20f1a371",
            "ipv6_cidr_block": "",
            "ipv6_cidr_block_association_id": "",
            "ipv6_native": false,
            "map_customer_owned_ip_on_launch": false,
            "map_public_ip_on_launch": true,
            "outpost_arn": "",
            "owner_id": "134400125759",
            "private_dns_hostname_type_on_launch": "ip-name",
            "tags": {
              "Name": "ymontagnier-tp05-ex01-public-eu-north-1a"
            },
            "tags_all": {
              "Name": "ymontagnier-tp05-ex01-public-eu-north-1a",
              "Owner": "ymontagnier"
            },
            "timeouts": null,
            "vpc_id": "vpc-05102ca63332501b4"
          },
          "sensitive_attributes": [],
          "private": "eyJlMmJmYjczMC1lY2FhLTExZTYtOGY4OC0zNDM2M2JjN2M0YzAiOnsiY3JlYXRlIjo2MDAwMDAwMDAwMDAsImRlbGV0ZSI6MTIwMDAwMDAwMDAwMH0sInNjaGVtYV92ZXJzaW9uIjoiMSJ9",
          "dependencies": [
            "aws_vpc.main"
          ]
        },
        {
          "index_key": "1",
          "schema_version": 1,
          "attributes": {
            "arn": "arn:aws:ec2:eu-north-1:134400125759:subnet/subnet-05ad85f63135d0106",
            "assign_ipv6_address_on_creation": false,
            "availability_zone": "eu-north-1b",
            "availability_zone_id": "eun1-az2",
            "cidr_block": "10.0.2.0/24",
            "customer_owned_ipv4_pool": "",
            "enable_dns64": false,
            "enable_lni_at_device_index": 0,
            "enable_resource_name_dns_a_record_on_launch": false,
            "enable_resource_name_dns_aaaa_record_on_launch": false,
            "id": "subnet-05ad85f63135d0106",
            "ipv6_cidr_block": "",
            "ipv6_cidr_block_association_id": "",
            "ipv6_native": false,
            "map_customer_owned_ip_on_launch": false,
            "map_public_ip_on_launch": true,
            "outpost_arn": "",
            "owner_id": "134400125759",
            "private_dns_hostname_type_on_launch": "ip-name",
            "tags": {
              "Name": "ymontagnier-tp05-ex01-public-eu-north-1b"
            },
            "tags_all": {
              "Name": "ymontagnier-tp05-ex01-public-eu-north-1b",
              "Owner": "ymontagnier"
            },
            "timeouts": null,
            "vpc_id": "vpc-05102ca63332501b4"
          },
          "sensitive_attributes": [],
          "private": "eyJlMmJmYjczMC1lY2FhLTExZTYtOGY4OC0zNDM2M2JjN2M0YzAiOnsiY3JlYXRlIjo2MDAwMDAwMDAwMDAsImRlbGV0ZSI6MTIwMDAwMDAwMDAwMH0sInNjaGVtYV92ZXJzaW9uIjoiMSJ9",
          "dependencies": [
            "aws_vpc.main"
          ]
        },
        {
          "index_key": "2",
          "schema_version": 1,
          "attributes": {
            "arn": "arn:aws:ec2:eu-north-1:134400125759:subnet/subnet-0345a08abad1c803b",
            "assign_ipv6_address_on_creation": false,
            "availability_zone": "eu-north-1c",
            "availability_zone_id": "eun1-az3",
            "cidr_block": "10.0.3.0/24",
            "customer_owned_ipv4_pool": "",
            "enable_dns64": false,
            "enable_lni_at_device_index": 0,
            "enable_resource_name_dns_a_record_on_launch": false,
            "enable_resource_name_dns_aaaa_record_on_launch": false,
            "id": "subnet-0345a08abad1c803b",
            "ipv6_cidr_block": "",
            "ipv6_cidr_block_association_id": "",
            "ipv6_native": false,
            "map_customer_owned_ip_on_launch": false,
            "map_public_ip_on_launch": true,
            "outpost_arn": "",
            "owner_id": "134400125759",
            "private_dns_hostname_type_on_launch": "ip-name",
            "tags": {
              "Name": "ymontagnier-tp05-ex01-public-eu-north-1c"
            },
            "tags_all": {
              "Name": "ymontagnier-tp05-ex01-public-eu-north-1c",
              "Owner": "ymontagnier"
            },
            "timeouts": null,
            "vpc_id": "vpc-05102ca63332501b4"
          },
          "sensitive_attributes": [],
          "private": "eyJlMmJmYjczMC1lY2FhLTExZTYtOGY4OC0zNDM2M2JjN2M0YzAiOnsiY3JlYXRlIjo2MDAwMDAwMDAwMDAsImRlbGV0ZSI6MTIwMDAwMDAwMDAwMH0sInNjaGVtYV92ZXJzaW9uIjoiMSJ9",
          "dependencies": [
            "aws_vpc.main"
          ]
        }
      ]
    },
    {
      "mode": "managed",
      "type": "aws_vpc",
      "name": "main",
      "provider": "provider[\"registry.terraform.io/hashicorp/aws\"]",
      "instances": [
        {
          "schema_version": 1,
          "attributes": {
            "arn": "arn:aws:ec2:eu-north-1:134400125759:vpc/vpc-05102ca63332501b4",
            "assign_generated_ipv6_cidr_block": false,
            "cidr_block": "10.0.0.0/16",
            "default_network_acl_id": "acl-0f05ac6ded08ffa4e",
            "default_route_table_id": "rtb-05e27eca003895b90",
            "default_security_group_id": "sg-0d158a19261b7aa09",
            "dhcp_options_id": "dopt-84fa2ded",
            "enable_dns_hostnames": true,
            "enable_dns_support": true,
            "enable_network_address_usage_metrics": false,
            "id": "vpc-05102ca63332501b4",
            "instance_tenancy": "default",
            "ipv4_ipam_pool_id": null,
            "ipv4_netmask_length": null,
            "ipv6_association_id": "",
            "ipv6_cidr_block": "",
            "ipv6_cidr_block_network_border_group": "",
            "ipv6_ipam_pool_id": "",
            "ipv6_netmask_length": 0,
            "main_route_table_id": "rtb-05e27eca003895b90",
            "owner_id": "134400125759",
            "tags": {
              "Name": "ymontagnier-tp05-ex01-vpc"
            },
            "tags_all": {
              "Name": "ymontagnier-tp05-ex01-vpc",
              "Owner": "ymontagnier"
            }
          },
          "sensitive_attributes": [],
          "private": "eyJzY2hlbWFfdmVyc2lvbiI6IjEifQ=="
        }
      ]
    },
    {
      "mode": "managed",
      "type": "aws_vpc_security_group_egress_rule",
      "name": "allow_all_from_bastion",
      "provider": "provider[\"registry.terraform.io/hashicorp/aws\"]",
      "instances": [
        {
          "schema_version": 0,
          "attributes": {
            "arn": "arn:aws:ec2:eu-north-1:134400125759:security-group-rule/sgr-0a5073770d58e545d",
            "cidr_ipv4": "0.0.0.0/0",
            "cidr_ipv6": null,
            "description": null,
            "from_port": null,
            "id": "sgr-0a5073770d58e545d",
            "ip_protocol": "-1",
            "prefix_list_id": null,
            "referenced_security_group_id": null,
            "security_group_id": "sg-0fc35e5263735c906",
            "security_group_rule_id": "sgr-0a5073770d58e545d",
            "tags": null,
            "tags_all": {
              "Name": "ymontagnier-tp05-ex01",
              "Owner": "ymontagnier"
            },
            "to_port": null
          },
          "sensitive_attributes": [],
          "dependencies": [
            "aws_security_group.bastion_sg",
            "aws_vpc.main"
          ]
        }
      ]
    },
    {
      "mode": "managed",
      "type": "aws_vpc_security_group_egress_rule",
      "name": "allow_all_from_nextcloud",
      "provider": "provider[\"registry.terraform.io/hashicorp/aws\"]",
      "instances": [
        {
          "schema_version": 0,
          "attributes": {
            "arn": "arn:aws:ec2:eu-north-1:134400125759:security-group-rule/sgr-0841c07b7f14d2300",
            "cidr_ipv4": "0.0.0.0/0",
            "cidr_ipv6": null,
            "description": null,
            "from_port": null,
            "id": "sgr-0841c07b7f14d2300",
            "ip_protocol": "-1",
            "prefix_list_id": null,
            "referenced_security_group_id": null,
            "security_group_id": "sg-0f4571d7a5d84d8ab",
            "security_group_rule_id": "sgr-0841c07b7f14d2300",
            "tags": null,
            "tags_all": {
              "Name": "ymontagnier-tp05-ex01",
              "Owner": "ymontagnier"
            },
            "to_port": null
          },
          "sensitive_attributes": [],
          "dependencies": [
            "aws_security_group.nextcloud_sg",
            "aws_vpc.main"
          ]
        }
      ]
    },
    {
      "mode": "managed",
      "type": "aws_vpc_security_group_ingress_rule",
      "name": "allow_ECS",
      "provider": "provider[\"registry.terraform.io/hashicorp/aws\"]",
      "instances": [
        {
          "schema_version": 0,
          "attributes": {
            "arn": "arn:aws:ec2:eu-north-1:134400125759:security-group-rule/sgr-0ec52ceba4cadbb15",
            "cidr_ipv4": "0.0.0.0/0",
            "cidr_ipv6": null,
            "description": null,
            "from_port": 2049,
            "id": "sgr-0ec52ceba4cadbb15",
            "ip_protocol": "tcp",
            "prefix_list_id": null,
            "referenced_security_group_id": null,
            "security_group_id": "sg-0f4571d7a5d84d8ab",
            "security_group_rule_id": "sgr-0ec52ceba4cadbb15",
            "tags": {
              "Name": "Allow ECS"
            },
            "tags_all": {
              "Name": "Allow ECS",
              "Owner": "ymontagnier"
            },
            "to_port": 2049
          },
          "sensitive_attributes": [],
          "dependencies": [
            "aws_security_group.nextcloud_sg",
            "aws_vpc.main"
          ]
        }
      ]
    },
    {
      "mode": "managed",
      "type": "aws_vpc_security_group_ingress_rule",
      "name": "allow_ssh_from_bastion",
      "provider": "provider[\"registry.terraform.io/hashicorp/aws\"]",
      "instances": [
        {
          "schema_version": 0,
          "attributes": {
            "arn": "arn:aws:ec2:eu-north-1:134400125759:security-group-rule/sgr-093c689453c038fae",
            "cidr_ipv4": null,
            "cidr_ipv6": null,
            "description": null,
            "from_port": 22,
            "id": "sgr-093c689453c038fae",
            "ip_protocol": "tcp",
            "prefix_list_id": null,
            "referenced_security_group_id": "sg-0fc35e5263735c906",
            "security_group_id": "sg-0f4571d7a5d84d8ab",
            "security_group_rule_id": "sgr-093c689453c038fae",
            "tags": {
              "Name": "Allow SSH from Bastion"
            },
            "tags_all": {
              "Name": "Allow SSH from Bastion",
              "Owner": "ymontagnier"
            },
            "to_port": 22
          },
          "sensitive_attributes": [],
          "dependencies": [
            "aws_security_group.bastion_sg",
            "aws_security_group.nextcloud_sg",
            "aws_vpc.main"
          ]
        }
      ]
    },
    {
      "mode": "managed",
      "type": "aws_vpc_security_group_ingress_rule",
      "name": "allow_ssh_from_cloud9_to_bastion",
      "provider": "provider[\"registry.terraform.io/hashicorp/aws\"]",
      "instances": [
        {
          "schema_version": 0,
          "attributes": {
            "arn": "arn:aws:ec2:eu-north-1:134400125759:security-group-rule/sgr-02888162dacf4c2f0",
            "cidr_ipv4": "13.38.79.125/32",
            "cidr_ipv6": null,
            "description": null,
            "from_port": 22,
            "id": "sgr-02888162dacf4c2f0",
            "ip_protocol": "tcp",
            "prefix_list_id": null,
            "referenced_security_group_id": null,
            "security_group_id": "sg-0fc35e5263735c906",
            "security_group_rule_id": "sgr-02888162dacf4c2f0",
            "tags": {
              "Name": "Allow SSH from Cloud9"
            },
            "tags_all": {
              "Name": "Allow SSH from Cloud9",
              "Owner": "ymontagnier"
            },
            "to_port": 22
          },
          "sensitive_attributes": [],
          "dependencies": [
            "aws_security_group.bastion_sg",
            "aws_vpc.main"
          ]
        }
      ]
    },
    {
      "mode": "managed",
      "type": "aws_vpc_security_group_ingress_rule",
      "name": "allow_ssh_from_maison_to_bastion",
      "provider": "provider[\"registry.terraform.io/hashicorp/aws\"]",
      "instances": [
        {
          "schema_version": 0,
          "attributes": {
            "arn": "arn:aws:ec2:eu-north-1:134400125759:security-group-rule/sgr-0844afeca442f01c0",
            "cidr_ipv4": "176.138.11.81/32",
            "cidr_ipv6": null,
            "description": null,
            "from_port": 22,
            "id": "sgr-0844afeca442f01c0",
            "ip_protocol": "tcp",
            "prefix_list_id": null,
            "referenced_security_group_id": null,
            "security_group_id": "sg-0fc35e5263735c906",
            "security_group_rule_id": "sgr-0844afeca442f01c0",
            "tags": {
              "Name": "Allow SSH depuis ma maison"
            },
            "tags_all": {
              "Name": "Allow SSH depuis ma maison",
              "Owner": "ymontagnier"
            },
            "to_port": 22
          },
          "sensitive_attributes": [],
          "dependencies": [
            "aws_security_group.bastion_sg",
            "aws_vpc.main"
          ]
        }
      ]
    },
    {
      "mode": "managed",
      "type": "aws_vpc_security_group_ingress_rule",
      "name": "allow_ssh_from_ynov_to_bastion",
      "provider": "provider[\"registry.terraform.io/hashicorp/aws\"]",
      "instances": [
        {
          "schema_version": 0,
          "attributes": {
            "arn": "arn:aws:ec2:eu-north-1:134400125759:security-group-rule/sgr-07ecec446cd88b35c",
            "cidr_ipv4": "13.38.15.170/32",
            "cidr_ipv6": null,
            "description": null,
            "from_port": 22,
            "id": "sgr-07ecec446cd88b35c",
            "ip_protocol": "tcp",
            "prefix_list_id": null,
            "referenced_security_group_id": null,
            "security_group_id": "sg-0fc35e5263735c906",
            "security_group_rule_id": "sgr-07ecec446cd88b35c",
            "tags": {
              "Name": "Allow SSH from YNOV"
            },
            "tags_all": {
              "Name": "Allow SSH from YNOV",
              "Owner": "ymontagnier"
            },
            "to_port": 22
          },
          "sensitive_attributes": [],
          "dependencies": [
            "aws_security_group.bastion_sg",
            "aws_vpc.main"
          ]
        }
      ]
    }
  ],
  "check_results": null
}
